// !$*UTF8*$!
{
	archiveVersion = 1;
	classes = {
	};
	objectVersion = 48;
	objects = {

/* Begin PBXBuildFile section */
		8BE14A552014BDA700EF19AC /* AppDelegate.swift in Sources */ = {isa = PBXBuildFile; fileRef = 8BE14A542014BDA700EF19AC /* AppDelegate.swift */; };
		8BE14A572014BDA700EF19AC /* ViewController.swift in Sources */ = {isa = PBXBuildFile; fileRef = 8BE14A562014BDA700EF19AC /* ViewController.swift */; };
		8BE14A5A2014BDA700EF19AC /* Main.storyboard in Resources */ = {isa = PBXBuildFile; fileRef = 8BE14A582014BDA700EF19AC /* Main.storyboard */; };
		8BE14A5C2014BDA700EF19AC /* Assets.xcassets in Resources */ = {isa = PBXBuildFile; fileRef = 8BE14A5B2014BDA700EF19AC /* Assets.xcassets */; };
		8BE14A5F2014BDA700EF19AC /* LaunchScreen.storyboard in Resources */ = {isa = PBXBuildFile; fileRef = 8BE14A5D2014BDA700EF19AC /* LaunchScreen.storyboard */; };
		8BE14A6A2014BDA700EF19AC /* _3_2_View___Tests.swift in Sources */ = {isa = PBXBuildFile; fileRef = 8BE14A692014BDA700EF19AC /* _3_2_View___Tests.swift */; };
		8BE14A752014BDA700EF19AC /* _3_2_View___UITests.swift in Sources */ = {isa = PBXBuildFile; fileRef = 8BE14A742014BDA700EF19AC /* _3_2_View___UITests.swift */; };
		8BE14A832014EAF800EF19AC /* ViewController13-2.swift in Sources */ = {isa = PBXBuildFile; fileRef = 8BE14A822014EAF800EF19AC /* ViewController13-2.swift */; };
/* End PBXBuildFile section */

/* Begin PBXContainerItemProxy section */
		8BE14A662014BDA700EF19AC /* PBXContainerItemProxy */ = {
			isa = PBXContainerItemProxy;
			containerPortal = 8BE14A492014BDA600EF19AC /* Project object */;
			proxyType = 1;
			remoteGlobalIDString = 8BE14A502014BDA600EF19AC;
			remoteInfo = "13-2 Viewと画像";
		};
		8BE14A712014BDA700EF19AC /* PBXContainerItemProxy */ = {
			isa = PBXContainerItemProxy;
			containerPortal = 8BE14A492014BDA600EF19AC /* Project object */;
			proxyType = 1;
			remoteGlobalIDString = 8BE14A502014BDA600EF19AC;
			remoteInfo = "13-2 Viewと画像";
		};
/* End PBXContainerItemProxy section */

/* Begin PBXFileReference section */
		8BE14A512014BDA600EF19AC /* 13-2 Viewと画像.app */ = {isa = PBXFileReference; explicitFileType = wrapper.application; includeInIndex = 0; path = "13-2 Viewと画像.app"; sourceTree = BUILT_PRODUCTS_DIR; };
		8BE14A542014BDA700EF19AC /* AppDelegate.swift */ = {isa = PBXFileReference; lastKnownFileType = sourcecode.swift; path = AppDelegate.swift; sourceTree = "<group>"; };
		8BE14A562014BDA700EF19AC /* ViewController.swift */ = {isa = PBXFileReference; lastKnownFileType = sourcecode.swift; path = ViewController.swift; sourceTree = "<group>"; };
		8BE14A592014BDA700EF19AC /* Base */ = {isa = PBXFileReference; lastKnownFileType = file.storyboard; name = Base; path = Base.lproj/Main.storyboard; sourceTree = "<group>"; };
		8BE14A5B2014BDA700EF19AC /* Assets.xcassets */ = {isa = PBXFileReference; lastKnownFileType = folder.assetcatalog; path = Assets.xcassets; sourceTree = "<group>"; };
		8BE14A5E2014BDA700EF19AC /* Base */ = {isa = PBXFileReference; lastKnownFileType = file.storyboard; name = Base; path = Base.lproj/LaunchScreen.storyboard; sourceTree = "<group>"; };
		8BE14A602014BDA700EF19AC /* Info.plist */ = {isa = PBXFileReference; lastKnownFileType = text.plist.xml; path = Info.plist; sourceTree = "<group>"; };
		8BE14A652014BDA700EF19AC /* 13-2 Viewと画像Tests.xctest */ = {isa = PBXFileReference; explicitFileType = wrapper.cfbundle; includeInIndex = 0; path = "13-2 Viewと画像Tests.xctest"; sourceTree = BUILT_PRODUCTS_DIR; };
		8BE14A692014BDA700EF19AC /* _3_2_View___Tests.swift */ = {isa = PBXFileReference; lastKnownFileType = sourcecode.swift; path = "_3_2_View___Tests.swift"; sourceTree = "<group>"; };
		8BE14A6B2014BDA700EF19AC /* Info.plist */ = {isa = PBXFileReference; lastKnownFileType = text.plist.xml; path = Info.plist; sourceTree = "<group>"; };
		8BE14A702014BDA700EF19AC /* 13-2 Viewと画像UITests.xctest */ = {isa = PBXFileReference; explicitFileType = wrapper.cfbundle; includeInIndex = 0; path = "13-2 Viewと画像UITests.xctest"; sourceTree = BUILT_PRODUCTS_DIR; };
		8BE14A742014BDA700EF19AC /* _3_2_View___UITests.swift */ = {isa = PBXFileReference; lastKnownFileType = sourcecode.swift; path = "_3_2_View___UITests.swift"; sourceTree = "<group>"; };
		8BE14A762014BDA700EF19AC /* Info.plist */ = {isa = PBXFileReference; lastKnownFileType = text.plist.xml; path = Info.plist; sourceTree = "<group>"; };
		8BE14A822014EAF800EF19AC /* ViewController13-2.swift */ = {isa = PBXFileReference; lastKnownFileType = sourcecode.swift; path = "ViewController13-2.swift"; sourceTree = SOURCE_ROOT; };
/* End PBXFileReference section */

/* Begin PBXFrameworksBuildPhase section */
		8BE14A4E2014BDA600EF19AC /* Frameworks */ = {
			isa = PBXFrameworksBuildPhase;
			buildActionMask = 2147483647;
			files = (
			);
			runOnlyForDeploymentPostprocessing = 0;
		};
		8BE14A622014BDA700EF19AC /* Frameworks */ = {
			isa = PBXFrameworksBuildPhase;
			buildActionMask = 2147483647;
			files = (
			);
			runOnlyForDeploymentPostprocessing = 0;
		};
		8BE14A6D2014BDA700EF19AC /* Frameworks */ = {
			isa = PBXFrameworksBuildPhase;
			buildActionMask = 2147483647;
			files = (
			);
			runOnlyForDeploymentPostprocessing = 0;
		};
/* End PBXFrameworksBuildPhase section */

/* Begin PBXGroup section */
		8BE14A482014BDA600EF19AC = {
			isa = PBXGroup;
			children = (
				8BE14A532014BDA700EF19AC /* 13-2 Viewと画像 */,
				8BE14A682014BDA700EF19AC /* 13-2 Viewと画像Tests */,
				8BE14A732014BDA700EF19AC /* 13-2 Viewと画像UITests */,
				8BE14A522014BDA700EF19AC /* Products */,
			);
			sourceTree = "<group>";
		};
		8BE14A522014BDA700EF19AC /* Products */ = {
			isa = PBXGroup;
			children = (
				8BE14A512014BDA600EF19AC /* 13-2 Viewと画像.app */,
				8BE14A652014BDA700EF19AC /* 13-2 Viewと画像Tests.xctest */,
				8BE14A702014BDA700EF19AC /* 13-2 Viewと画像UITests.xctest */,
			);
			name = Products;
			sourceTree = "<group>";
		};
		8BE14A532014BDA700EF19AC /* 13-2 Viewと画像 */ = {
			isa = PBXGroup;
			children = (
				8BE14A542014BDA700EF19AC /* AppDelegate.swift */,
				8BE14A562014BDA700EF19AC /* ViewController.swift */,
				8BE14A822014EAF800EF19AC /* ViewController13-2.swift */,
				8BE14A582014BDA700EF19AC /* Main.storyboard */,
				8BE14A5B2014BDA700EF19AC /* Assets.xcassets */,
				8BE14A5D2014BDA700EF19AC /* LaunchScreen.storyboard */,
				8BE14A602014BDA700EF19AC /* Info.plist */,
			);
			path = "13-2 Viewと画像";
			sourceTree = "<group>";
		};
		8BE14A682014BDA700EF19AC /* 13-2 Viewと画像Tests */ = {
			isa = PBXGroup;
			children = (
				8BE14A692014BDA700EF19AC /* _3_2_View___Tests.swift */,
				8BE14A6B2014BDA700EF19AC /* Info.plist */,
			);
			path = "13-2 Viewと画像Tests";
			sourceTree = "<group>";
		};
		8BE14A732014BDA700EF19AC /* 13-2 Viewと画像UITests */ = {
			isa = PBXGroup;
			children = (
				8BE14A742014BDA700EF19AC /* _3_2_View___UITests.swift */,
				8BE14A762014BDA700EF19AC /* Info.plist */,
			);
			path = "13-2 Viewと画像UITests";
			sourceTree = "<group>";
		};
/* End PBXGroup section */

/* Begin PBXNativeTarget section */
		8BE14A502014BDA600EF19AC /* 13-2 Viewと画像 */ = {
			isa = PBXNativeTarget;
			buildConfigurationList = 8BE14A792014BDA700EF19AC /* Build configuration list for PBXNativeTarget "13-2 Viewと画像" */;
			buildPhases = (
				8BE14A4D2014BDA600EF19AC /* Sources */,
				8BE14A4E2014BDA600EF19AC /* Frameworks */,
				8BE14A4F2014BDA600EF19AC /* Resources */,
			);
			buildRules = (
			);
			dependencies = (
			);
			name = "13-2 Viewと画像";
			productName = "13-2 Viewと画像";
			productReference = 8BE14A512014BDA600EF19AC /* 13-2 Viewと画像.app */;
			productType = "com.apple.product-type.application";
		};
		8BE14A642014BDA700EF19AC /* 13-2 Viewと画像Tests */ = {
			isa = PBXNativeTarget;
			buildConfigurationList = 8BE14A7C2014BDA700EF19AC /* Build configuration list for PBXNativeTarget "13-2 Viewと画像Tests" */;
			buildPhases = (
				8BE14A612014BDA700EF19AC /* Sources */,
				8BE14A622014BDA700EF19AC /* Frameworks */,
				8BE14A632014BDA700EF19AC /* Resources */,
			);
			buildRules = (
			);
			dependencies = (
				8BE14A672014BDA700EF19AC /* PBXTargetDependency */,
			);
			name = "13-2 Viewと画像Tests";
			productName = "13-2 Viewと画像Tests";
			productReference = 8BE14A652014BDA700EF19AC /* 13-2 Viewと画像Tests.xctest */;
			productType = "com.apple.product-type.bundle.unit-test";
		};
		8BE14A6F2014BDA700EF19AC /* 13-2 Viewと画像UITests */ = {
			isa = PBXNativeTarget;
			buildConfigurationList = 8BE14A7F2014BDA700EF19AC /* Build configuration list for PBXNativeTarget "13-2 Viewと画像UITests" */;
			buildPhases = (
				8BE14A6C2014BDA700EF19AC /* Sources */,
				8BE14A6D2014BDA700EF19AC /* Frameworks */,
				8BE14A6E2014BDA700EF19AC /* Resources */,
			);
			buildRules = (
			);
			dependencies = (
				8BE14A722014BDA700EF19AC /* PBXTargetDependency */,
			);
			name = "13-2 Viewと画像UITests";
			productName = "13-2 Viewと画像UITests";
			productReference = 8BE14A702014BDA700EF19AC /* 13-2 Viewと画像UITests.xctest */;
			productType = "com.apple.product-type.bundle.ui-testing";
		};
/* End PBXNativeTarget section */

/* Begin PBXProject section */
		8BE14A492014BDA600EF19AC /* Project object */ = {
			isa = PBXProject;
			attributes = {
				LastSwiftUpdateCheck = 0920;
				LastUpgradeCheck = 0920;
				ORGANIZATIONNAME = syuu;
				TargetAttributes = {
					8BE14A502014BDA600EF19AC = {
						CreatedOnToolsVersion = 9.2;
						ProvisioningStyle = Automatic;
					};
					8BE14A642014BDA700EF19AC = {
						CreatedOnToolsVersion = 9.2;
						ProvisioningStyle = Automatic;
						TestTargetID = 8BE14A502014BDA600EF19AC;
					};
					8BE14A6F2014BDA700EF19AC = {
						CreatedOnToolsVersion = 9.2;
						ProvisioningStyle = Automatic;
						TestTargetID = 8BE14A502014BDA600EF19AC;
					};
				};
			};
			buildConfigurationList = 8BE14A4C2014BDA600EF19AC /* Build configuration list for PBXProject "13-2 Viewと画像" */;
			compatibilityVersion = "Xcode 8.0";
			developmentRegion = en;
			hasScannedForEncodings = 0;
			knownRegions = (
				en,
				Base,
			);
			mainGroup = 8BE14A482014BDA600EF19AC;
			productRefGroup = 8BE14A522014BDA700EF19AC /* Products */;
			projectDirPath = "";
			projectRoot = "";
			targets = (
				8BE14A502014BDA600EF19AC /* 13-2 Viewと画像 */,
				8BE14A642014BDA700EF19AC /* 13-2 Viewと画像Tests */,
				8BE14A6F2014BDA700EF19AC /* 13-2 Viewと画像UITests */,
			);
		};
/* End PBXProject section */

/* Begin PBXResourcesBuildPhase section */
		8BE14A4F2014BDA600EF19AC /* Resources */ = {
			isa = PBXResourcesBuildPhase;
			buildActionMask = 2147483647;
			files = (
				8BE14A5F2014BDA700EF19AC /* LaunchScreen.storyboard in Resources */,
				8BE14A5C2014BDA700EF19AC /* Assets.xcassets in Resources */,
				8BE14A5A2014BDA700EF19AC /* Main.storyboard in Resources */,
			);
			runOnlyForDeploymentPostprocessing = 0;
		};
		8BE14A632014BDA700EF19AC /* Resources */ = {
			isa = PBXResourcesBuildPhase;
			buildActionMask = 2147483647;
			files = (
			);
			runOnlyForDeploymentPostprocessing = 0;
		};
		8BE14A6E2014BDA700EF19AC /* Resources */ = {
			isa = PBXResourcesBuildPhase;
			buildActionMask = 2147483647;
			files = (
			);
			runOnlyForDeploymentPostprocessing = 0;
		};
/* End PBXResourcesBuildPhase section */

/* Begin PBXSourcesBuildPhase section */
		8BE14A4D2014BDA600EF19AC /* Sources */ = {
			isa = PBXSourcesBuildPhase;
			buildActionMask = 2147483647;
			files = (
				8BE14A572014BDA700EF19AC /* ViewController.swift in Sources */,
				8BE14A552014BDA700EF19AC /* AppDelegate.swift in Sources */,
				8BE14A832014EAF800EF19AC /* ViewController13-2.swift in Sources */,
			);
			runOnlyForDeploymentPostprocessing = 0;
		};
		8BE14A612014BDA700EF19AC /* Sources */ = {
			isa = PBXSourcesBuildPhase;
			buildActionMask = 2147483647;
			files = (
				8BE14A6A2014BDA700EF19AC /* _3_2_View___Tests.swift in Sources */,
			);
			runOnlyForDeploymentPostprocessing = 0;
		};
		8BE14A6C2014BDA700EF19AC /* Sources */ = {
			isa = PBXSourcesBuildPhase;
			buildActionMask = 2147483647;
			files = (
				8BE14A752014BDA700EF19AC /* _3_2_View___UITests.swift in Sources */,
			);
			runOnlyForDeploymentPostprocessing = 0;
		};
/* End PBXSourcesBuildPhase section */

/* Begin PBXTargetDependency section */
		8BE14A672014BDA700EF19AC /* PBXTargetDependency */ = {
			isa = PBXTargetDependency;
			target = 8BE14A502014BDA600EF19AC /* 13-2 Viewと画像 */;
			targetProxy = 8BE14A662014BDA700EF19AC /* PBXContainerItemProxy */;
		};
		8BE14A722014BDA700EF19AC /* PBXTargetDependency */ = {
			isa = PBXTargetDependency;
			target = 8BE14A502014BDA600EF19AC /* 13-2 Viewと画像 */;
			targetProxy = 8BE14A712014BDA700EF19AC /* PBXContainerItemProxy */;
		};
/* End PBXTargetDependency section */

/* Begin PBXVariantGroup section */
		8BE14A582014BDA700EF19AC /* Main.storyboard */ = {
			isa = PBXVariantGroup;
			children = (
				8BE14A592014BDA700EF19AC /* Base */,
			);
			name = Main.storyboard;
			sourceTree = "<group>";
		};
		8BE14A5D2014BDA700EF19AC /* LaunchScreen.storyboard */ = {
			isa = PBXVariantGroup;
			children = (
				8BE14A5E2014BDA700EF19AC /* Base */,
			);
			name = LaunchScreen.storyboard;
			sourceTree = "<group>";
		};
/* End PBXVariantGroup section */

/* Begin XCBuildConfiguration section */
		8BE14A772014BDA700EF19AC /* Debug */ = {
			isa = XCBuildConfiguration;
			buildSettings = {
				ALWAYS_SEARCH_USER_PATHS = NO;
				CLANG_ANALYZER_NONNULL = YES;
				CLANG_ANALYZER_NUMBER_OBJECT_CONVERSION = YES_AGGRESSIVE;
				CLANG_CXX_LANGUAGE_STANDARD = "gnu++14";
				CLANG_CXX_LIBRARY = "libc++";
				CLANG_ENABLE_MODULES = YES;
				CLANG_ENABLE_OBJC_ARC = YES;
				CLANG_WARN_BLOCK_CAPTURE_AUTORELEASING = YES;
				CLANG_WARN_BOOL_CONVERSION = YES;
				CLANG_WARN_COMMA = YES;
				CLANG_WARN_CONSTANT_CONVERSION = YES;
				CLANG_WARN_DIRECT_OBJC_ISA_USAGE = YES_ERROR;
				CLANG_WARN_DOCUMENTATION_COMMENTS = YES;
				CLANG_WARN_EMPTY_BODY = YES;
				CLANG_WARN_ENUM_CONVERSION = YES;
				CLANG_WARN_INFINITE_RECURSION = YES;
				CLANG_WARN_INT_CONVERSION = YES;
				CLANG_WARN_NON_LITERAL_NULL_CONVERSION = YES;
				CLANG_WARN_OBJC_LITERAL_CONVERSION = YES;
				CLANG_WARN_OBJC_ROOT_CLASS = YES_ERROR;
				CLANG_WARN_RANGE_LOOP_ANALYSIS = YES;
				CLANG_WARN_STRICT_PROTOTYPES = YES;
				CLANG_WARN_SUSPICIOUS_MOVE = YES;
				CLANG_WARN_UNGUARDED_AVAILABILITY = YES_AGGRESSIVE;
				CLANG_WARN_UNREACHABLE_CODE = YES;
				CLANG_WARN__DUPLICATE_METHOD_MATCH = YES;
				CODE_SIGN_IDENTITY = "iPhone Developer";
				COPY_PHASE_STRIP = NO;
				DEBUG_INFORMATION_FORMAT = dwarf;
				ENABLE_STRICT_OBJC_MSGSEND = YES;
				ENABLE_TESTABILITY = YES;
				GCC_C_LANGUAGE_STANDARD = gnu11;
				GCC_DYNAMIC_NO_PIC = NO;
				GCC_NO_COMMON_BLOCKS = YES;
				GCC_OPTIMIZATION_LEVEL = 0;
				GCC_PREPROCESSOR_DEFINITIONS = (
					"DEBUG=1",
					"$(inherited)",
				);
				GCC_WARN_64_TO_32_BIT_CONVERSION = YES;
				GCC_WARN_ABOUT_RETURN_TYPE = YES_ERROR;
				GCC_WARN_UNDECLARED_SELECTOR = YES;
				GCC_WARN_UNINITIALIZED_AUTOS = YES_AGGRESSIVE;
				GCC_WARN_UNUSED_FUNCTION = YES;
				GCC_WARN_UNUSED_VARIABLE = YES;
				IPHONEOS_DEPLOYMENT_TARGET = 11.2;
				MTL_ENABLE_DEBUG_INFO = YES;
				ONLY_ACTIVE_ARCH = YES;
				SDKROOT = iphoneos;
				SWIFT_ACTIVE_COMPILATION_CONDITIONS = DEBUG;
				SWIFT_OPTIMIZATION_LEVEL = "-Onone";
			};
			name = Debug;
		};
		8BE14A782014BDA700EF19AC /* Release */ = {
			isa = XCBuildConfiguration;
			buildSettings = {
				ALWAYS_SEARCH_USER_PATHS = NO;
				CLANG_ANALYZER_NONNULL = YES;
				CLANG_ANALYZER_NUMBER_OBJECT_CONVERSION = YES_AGGRESSIVE;
				CLANG_CXX_LANGUAGE_STANDARD = "gnu++14";
				CLANG_CXX_LIBRARY = "libc++";
				CLANG_ENABLE_MODULES = YES;
				CLANG_ENABLE_OBJC_ARC = YES;
				CLANG_WARN_BLOCK_CAPTURE_AUTORELEASING = YES;
				CLANG_WARN_BOOL_CONVERSION = YES;
				CLANG_WARN_COMMA = YES;
				CLANG_WARN_CONSTANT_CONVERSION = YES;
				CLANG_WARN_DIRECT_OBJC_ISA_USAGE = YES_ERROR;
				CLANG_WARN_DOCUMENTATION_COMMENTS = YES;
				CLANG_WARN_EMPTY_BODY = YES;
				CLANG_WARN_ENUM_CONVERSION = YES;
				CLANG_WARN_INFINITE_RECURSION = YES;
				CLANG_WARN_INT_CONVERSION = YES;
				CLANG_WARN_NON_LITERAL_NULL_CONVERSION = YES;
				CLANG_WARN_OBJC_LITERAL_CONVERSION = YES;
				CLANG_WARN_OBJC_ROOT_CLASS = YES_ERROR;
				CLANG_WARN_RANGE_LOOP_ANALYSIS = YES;
				CLANG_WARN_STRICT_PROTOTYPES = YES;
				CLANG_WARN_SUSPICIOUS_MOVE = YES;
				CLANG_WARN_UNGUARDED_AVAILABILITY = YES_AGGRESSIVE;
				CLANG_WARN_UNREACHABLE_CODE = YES;
				CLANG_WARN__DUPLICATE_METHOD_MATCH = YES;
				CODE_SIGN_IDENTITY = "iPhone Developer";
				COPY_PHASE_STRIP = NO;
				DEBUG_INFORMATION_FORMAT = "dwarf-with-dsym";
				ENABLE_NS_ASSERTIONS = NO;
				ENABLE_STRICT_OBJC_MSGSEND = YES;
				GCC_C_LANGUAGE_STANDARD = gnu11;
				GCC_NO_COMMON_BLOCKS = YES;
				GCC_WARN_64_TO_32_BIT_CONVERSION = YES;
				GCC_WARN_ABOUT_RETURN_TYPE = YES_ERROR;
				GCC_WARN_UNDECLARED_SELECTOR = YES;
				GCC_WARN_UNINITIALIZED_AUTOS = YES_AGGRESSIVE;
				GCC_WARN_UNUSED_FUNCTION = YES;
				GCC_WARN_UNUSED_VARIABLE = YES;
				IPHONEOS_DEPLOYMENT_TARGET = 11.2;
				MTL_ENABLE_DEBUG_INFO = NO;
				SDKROOT = iphoneos;
				SWIFT_OPTIMIZATION_LEVEL = "-Owholemodule";
				VALIDATE_PRODUCT = YES;
			};
			name = Release;
		};
		8BE14A7A2014BDA700EF19AC /* Debug */ = {
			isa = XCBuildConfiguration;
			buildSettings = {
				ASSETCATALOG_COMPILER_APPICON_NAME = AppIcon;
				CODE_SIGN_STYLE = Automatic;
				DEVELOPMENT_TEAM = UBZS5QM339;
				INFOPLIST_FILE = "13-2 Viewと画像/Info.plist";
				LD_RUNPATH_SEARCH_PATHS = "$(inherited) @executable_path/Frameworks";
				PRODUCT_BUNDLE_IDENTIFIER = "com.example.-3-2-View---";
				PRODUCT_NAME = "$(TARGET_NAME)";
				SWIFT_VERSION = 4.0;
				TARGETED_DEVICE_FAMILY = "1,2";
			};
			name = Debug;
		};
		8BE14A7B2014BDA700EF19AC /* Release */ = {
			isa = XCBuildConfiguration;
			buildSettings = {
				ASSETCATALOG_COMPILER_APPICON_NAME = AppIcon;
				CODE_SIGN_STYLE = Automatic;
				DEVELOPMENT_TEAM = UBZS5QM339;
				INFOPLIST_FILE = "13-2 Viewと画像/Info.plist";
				LD_RUNPATH_SEARCH_PATHS = "$(inherited) @executable_path/Frameworks";
				PRODUCT_BUNDLE_IDENTIFIER = "com.example.-3-2-View---";
				PRODUCT_NAME = "$(TARGET_NAME)";
				SWIFT_VERSION = 4.0;
				TARGETED_DEVICE_FAMILY = "1,2";
			};
			name = Release;
		};
		8BE14A7D2014BDA700EF19AC /* Debug */ = {
			isa = XCBuildConfiguration;
			buildSettings = {
				ALWAYS_EMBED_SWIFT_STANDARD_LIBRARIES = YES;
				BUNDLE_LOADER = "$(TEST_HOST)";
				CODE_SIGN_STYLE = Automatic;
				DEVELOPMENT_TEAM = UBZS5QM339;
				INFOPLIST_FILE = "13-2 Viewと画像Tests/Info.plist";
				LD_RUNPATH_SEARCH_PATHS = "$(inherited) @executable_path/Frameworks @loader_path/Frameworks";
				PRODUCT_BUNDLE_IDENTIFIER = "com.example.-3-2-View---Tests";
				PRODUCT_NAME = "$(TARGET_NAME)";
				SWIFT_VERSION = 4.0;
				TARGETED_DEVICE_FAMILY = "1,2";
				TEST_HOST = "$(BUILT_PRODUCTS_DIR)/13-2 Viewと画像.app/13-2 Viewと画像";
			};
			name = Debug;
		};
		8BE14A7E2014BDA700EF19AC /* Release */ = {
			isa = XCBuildConfiguration;
			buildSettings = {
				ALWAYS_EMBED_SWIFT_STANDARD_LIBRARIES = YES;
				BUNDLE_LOADER = "$(TEST_HOST)";
				CODE_SIGN_STYLE = Automatic;
				DEVELOPMENT_TEAM = UBZS5QM339;
				INFOPLIST_FILE = "13-2 Viewと画像Tests/Info.plist";
				LD_RUNPATH_SEARCH_PATHS = "$(inherited) @executable_path/Frameworks @loader_path/Frameworks";
				PRODUCT_BUNDLE_IDENTIFIER = "com.example.-3-2-View---Tests";
				PRODUCT_NAME = "$(TARGET_NAME)";
				SWIFT_VERSION = 4.0;
				TARGETED_DEVICE_FAMILY = "1,2";
				TEST_HOST = "$(BUILT_PRODUCTS_DIR)/13-2 Viewと画像.app/13-2 Viewと画像";
			};
			name = Release;
		};
		8BE14A802014BDA700EF19AC /* Debug */ = {
			isa = XCBuildConfiguration;
			buildSettings = {
				ALWAYS_EMBED_SWIFT_STANDARD_LIBRARIES = YES;
				CODE_SIGN_STYLE = Automatic;
				DEVELOPMENT_TEAM = UBZS5QM339;
				INFOPLIST_FILE = "13-2 Viewと画像UITests/Info.plist";
				LD_RUNPATH_SEARCH_PATHS = "$(inherited) @executable_path/Frameworks @loader_path/Frameworks";
				PRODUCT_BUNDLE_IDENTIFIER = "com.example.-3-2-View---UITests";
				PRODUCT_NAME = "$(TARGET_NAME)";
				SWIFT_VERSION = 4.0;
				TARGETED_DEVICE_FAMILY = "1,2";
				TEST_TARGET_NAME = "13-2 Viewと画像";
			};
			name = Debug;
		};
		8BE14A812014BDA700EF19AC /* Release */ = {
			isa = XCBuildConfiguration;
			buildSettings = {
				ALWAYS_EMBED_SWIFT_STANDARD_LIBRARIES = YES;
				CODE_SIGN_STYLE = Automatic;
				DEVELOPMENT_TEAM = UBZS5QM339;
				INFOPLIST_FILE = "13-2 Viewと画像UITests/Info.plist";
				LD_RUNPATH_SEARCH_PATHS = "$(inherited) @executable_path/Frameworks @loader_path/Frameworks";
				PRODUCT_BUNDLE_IDENTIFIER = "com.example.-3-2-View---UITests";
				PRODUCT_NAME = "$(TARGET_NAME)";
				SWIFT_VERSION = 4.0;
				TARGETED_DEVICE_FAMILY = "1,2";
				TEST_TARGET_NAME = "13-2 Viewと画像";
			};
			name = Release;
		};
/* End XCBuildConfiguration section */

/* Begin XCConfigurationList section */
		8BE14A4C2014BDA600EF19AC /* Build configuration list for PBXProject "13-2 Viewと画像" */ = {
			isa = XCConfigurationList;
			buildConfigurations = (
				8BE14A772014BDA700EF19AC /* Debug */,
				8BE14A782014BDA700EF19AC /* Release */,
			);
			defaultConfigurationIsVisible = 0;
			defaultConfigurationName = Release;
		};
		8BE14A792014BDA700EF19AC /* Build configuration list for PBXNativeTarget "13-2 Viewと画像" */ = {
			isa = XCConfigurationList;
			buildConfigurations = (
				8BE14A7A2014BDA700EF19AC /* Debug */,
				8BE14A7B2014BDA700EF19AC /* Release */,
			);
			defaultConfigurationIsVisible = 0;
			defaultConfigurationName = Release;
		};
		8BE14A7C2014BDA700EF19AC /* Build configuration list for PBXNativeTarget "13-2 Viewと画像Tests" */ = {
			isa = XCConfigurationList;
			buildConfigurations = (
				8BE14A7D2014BDA700EF19AC /* Debug */,
				8BE14A7E2014BDA700EF19AC /* Release */,
			);
			defaultConfigurationIsVisible = 0;
			defaultConfigurationName = Release;
		};
		8BE14A7F2014BDA700EF19AC /* Build configuration list for PBXNativeTarget "13-2 Viewと画像UITests" */ = {
			isa = XCConfigurationList;
			buildConfigurations = (
				8BE14A802014BDA700EF19AC /* Debug */,
				8BE14A812014BDA700EF19AC /* Release */,
			);
			defaultConfigurationIsVisible = 0;
			defaultConfigurationName = Release;
		};
/* End XCConfigurationList section */
	};
	rootObject = 8BE14A492014BDA600EF19AC /* Project object */;
}
