// !$*UTF8*$!
{
	archiveVersion = 1;
	classes = {
	};
	objectVersion = 48;
	objects = {

/* Begin PBXBuildFile section */
		8BDA692420175CB30083BB0E /* AppDelegate.swift in Sources */ = {isa = PBXBuildFile; fileRef = 8BDA692320175CB30083BB0E /* AppDelegate.swift */; };
		8BDA692620175CB30083BB0E /* ViewController.swift in Sources */ = {isa = PBXBuildFile; fileRef = 8BDA692520175CB30083BB0E /* ViewController.swift */; };
		8BDA692920175CB30083BB0E /* Main.storyboard in Resources */ = {isa = PBXBuildFile; fileRef = 8BDA692720175CB30083BB0E /* Main.storyboard */; };
		8BDA692B20175CB30083BB0E /* Assets.xcassets in Resources */ = {isa = PBXBuildFile; fileRef = 8BDA692A20175CB30083BB0E /* Assets.xcassets */; };
		8BDA692E20175CB30083BB0E /* LaunchScreen.storyboard in Resources */ = {isa = PBXBuildFile; fileRef = 8BDA692C20175CB30083BB0E /* LaunchScreen.storyboard */; };
		8BDA693920175CB30083BB0E /* _3_3__________Tests.swift in Sources */ = {isa = PBXBuildFile; fileRef = 8BDA693820175CB30083BB0E /* _3_3__________Tests.swift */; };
		8BDA694420175CB30083BB0E /* _3_3__________UITests.swift in Sources */ = {isa = PBXBuildFile; fileRef = 8BDA694320175CB30083BB0E /* _3_3__________UITests.swift */; };
/* End PBXBuildFile section */

/* Begin PBXContainerItemProxy section */
		8BDA693520175CB30083BB0E /* PBXContainerItemProxy */ = {
			isa = PBXContainerItemProxy;
			containerPortal = 8BDA691820175CB30083BB0E /* Project object */;
			proxyType = 1;
			remoteGlobalIDString = 8BDA691F20175CB30083BB0E;
			remoteInfo = "13-3ビューの座標と領域";
		};
		8BDA694020175CB30083BB0E /* PBXContainerItemProxy */ = {
			isa = PBXContainerItemProxy;
			containerPortal = 8BDA691820175CB30083BB0E /* Project object */;
			proxyType = 1;
			remoteGlobalIDString = 8BDA691F20175CB30083BB0E;
			remoteInfo = "13-3ビューの座標と領域";
		};
/* End PBXContainerItemProxy section */

/* Begin PBXFileReference section */
		8BDA692020175CB30083BB0E /* 13-3ビューの座標と領域.app */ = {isa = PBXFileReference; explicitFileType = wrapper.application; includeInIndex = 0; path = "13-3ビューの座標と領域.app"; sourceTree = BUILT_PRODUCTS_DIR; };
		8BDA692320175CB30083BB0E /* AppDelegate.swift */ = {isa = PBXFileReference; lastKnownFileType = sourcecode.swift; path = AppDelegate.swift; sourceTree = "<group>"; };
		8BDA692520175CB30083BB0E /* ViewController.swift */ = {isa = PBXFileReference; lastKnownFileType = sourcecode.swift; path = ViewController.swift; sourceTree = "<group>"; };
		8BDA692820175CB30083BB0E /* Base */ = {isa = PBXFileReference; lastKnownFileType = file.storyboard; name = Base; path = Base.lproj/Main.storyboard; sourceTree = "<group>"; };
		8BDA692A20175CB30083BB0E /* Assets.xcassets */ = {isa = PBXFileReference; lastKnownFileType = folder.assetcatalog; path = Assets.xcassets; sourceTree = "<group>"; };
		8BDA692D20175CB30083BB0E /* Base */ = {isa = PBXFileReference; lastKnownFileType = file.storyboard; name = Base; path = Base.lproj/LaunchScreen.storyboard; sourceTree = "<group>"; };
		8BDA692F20175CB30083BB0E /* Info.plist */ = {isa = PBXFileReference; lastKnownFileType = text.plist.xml; path = Info.plist; sourceTree = "<group>"; };
		8BDA693420175CB30083BB0E /* 13-3ビューの座標と領域Tests.xctest */ = {isa = PBXFileReference; explicitFileType = wrapper.cfbundle; includeInIndex = 0; path = "13-3ビューの座標と領域Tests.xctest"; sourceTree = BUILT_PRODUCTS_DIR; };
		8BDA693820175CB30083BB0E /* _3_3__________Tests.swift */ = {isa = PBXFileReference; lastKnownFileType = sourcecode.swift; path = "_3_3__________Tests.swift"; sourceTree = "<group>"; };
		8BDA693A20175CB30083BB0E /* Info.plist */ = {isa = PBXFileReference; lastKnownFileType = text.plist.xml; path = Info.plist; sourceTree = "<group>"; };
		8BDA693F20175CB30083BB0E /* 13-3ビューの座標と領域UITests.xctest */ = {isa = PBXFileReference; explicitFileType = wrapper.cfbundle; includeInIndex = 0; path = "13-3ビューの座標と領域UITests.xctest"; sourceTree = BUILT_PRODUCTS_DIR; };
		8BDA694320175CB30083BB0E /* _3_3__________UITests.swift */ = {isa = PBXFileReference; lastKnownFileType = sourcecode.swift; path = "_3_3__________UITests.swift"; sourceTree = "<group>"; };
		8BDA694520175CB30083BB0E /* Info.plist */ = {isa = PBXFileReference; lastKnownFileType = text.plist.xml; path = Info.plist; sourceTree = "<group>"; };
/* End PBXFileReference section */

/* Begin PBXFrameworksBuildPhase section */
		8BDA691D20175CB30083BB0E /* Frameworks */ = {
			isa = PBXFrameworksBuildPhase;
			buildActionMask = 2147483647;
			files = (
			);
			runOnlyForDeploymentPostprocessing = 0;
		};
		8BDA693120175CB30083BB0E /* Frameworks */ = {
			isa = PBXFrameworksBuildPhase;
			buildActionMask = 2147483647;
			files = (
			);
			runOnlyForDeploymentPostprocessing = 0;
		};
		8BDA693C20175CB30083BB0E /* Frameworks */ = {
			isa = PBXFrameworksBuildPhase;
			buildActionMask = 2147483647;
			files = (
			);
			runOnlyForDeploymentPostprocessing = 0;
		};
/* End PBXFrameworksBuildPhase section */

/* Begin PBXGroup section */
		8BDA691720175CB30083BB0E = {
			isa = PBXGroup;
			children = (
				8BDA692220175CB30083BB0E /* 13-3ビューの座標と領域 */,
				8BDA693720175CB30083BB0E /* 13-3ビューの座標と領域Tests */,
				8BDA694220175CB30083BB0E /* 13-3ビューの座標と領域UITests */,
				8BDA692120175CB30083BB0E /* Products */,
			);
			sourceTree = "<group>";
		};
		8BDA692120175CB30083BB0E /* Products */ = {
			isa = PBXGroup;
			children = (
				8BDA692020175CB30083BB0E /* 13-3ビューの座標と領域.app */,
				8BDA693420175CB30083BB0E /* 13-3ビューの座標と領域Tests.xctest */,
				8BDA693F20175CB30083BB0E /* 13-3ビューの座標と領域UITests.xctest */,
			);
			name = Products;
			sourceTree = "<group>";
		};
		8BDA692220175CB30083BB0E /* 13-3ビューの座標と領域 */ = {
			isa = PBXGroup;
			children = (
				8BDA692320175CB30083BB0E /* AppDelegate.swift */,
				8BDA692520175CB30083BB0E /* ViewController.swift */,
				8BDA692720175CB30083BB0E /* Main.storyboard */,
				8BDA692A20175CB30083BB0E /* Assets.xcassets */,
				8BDA692C20175CB30083BB0E /* LaunchScreen.storyboard */,
				8BDA692F20175CB30083BB0E /* Info.plist */,
			);
			path = "13-3ビューの座標と領域";
			sourceTree = "<group>";
		};
		8BDA693720175CB30083BB0E /* 13-3ビューの座標と領域Tests */ = {
			isa = PBXGroup;
			children = (
				8BDA693820175CB30083BB0E /* _3_3__________Tests.swift */,
				8BDA693A20175CB30083BB0E /* Info.plist */,
			);
			path = "13-3ビューの座標と領域Tests";
			sourceTree = "<group>";
		};
		8BDA694220175CB30083BB0E /* 13-3ビューの座標と領域UITests */ = {
			isa = PBXGroup;
			children = (
				8BDA694320175CB30083BB0E /* _3_3__________UITests.swift */,
				8BDA694520175CB30083BB0E /* Info.plist */,
			);
			path = "13-3ビューの座標と領域UITests";
			sourceTree = "<group>";
		};
/* End PBXGroup section */

/* Begin PBXNativeTarget section */
		8BDA691F20175CB30083BB0E /* 13-3ビューの座標と領域 */ = {
			isa = PBXNativeTarget;
			buildConfigurationList = 8BDA694820175CB30083BB0E /* Build configuration list for PBXNativeTarget "13-3ビューの座標と領域" */;
			buildPhases = (
				8BDA691C20175CB30083BB0E /* Sources */,
				8BDA691D20175CB30083BB0E /* Frameworks */,
				8BDA691E20175CB30083BB0E /* Resources */,
			);
			buildRules = (
			);
			dependencies = (
			);
			name = "13-3ビューの座標と領域";
			productName = "13-3ビューの座標と領域";
			productReference = 8BDA692020175CB30083BB0E /* 13-3ビューの座標と領域.app */;
			productType = "com.apple.product-type.application";
		};
		8BDA693320175CB30083BB0E /* 13-3ビューの座標と領域Tests */ = {
			isa = PBXNativeTarget;
			buildConfigurationList = 8BDA694B20175CB30083BB0E /* Build configuration list for PBXNativeTarget "13-3ビューの座標と領域Tests" */;
			buildPhases = (
				8BDA693020175CB30083BB0E /* Sources */,
				8BDA693120175CB30083BB0E /* Frameworks */,
				8BDA693220175CB30083BB0E /* Resources */,
			);
			buildRules = (
			);
			dependencies = (
				8BDA693620175CB30083BB0E /* PBXTargetDependency */,
			);
			name = "13-3ビューの座標と領域Tests";
			productName = "13-3ビューの座標と領域Tests";
			productReference = 8BDA693420175CB30083BB0E /* 13-3ビューの座標と領域Tests.xctest */;
			productType = "com.apple.product-type.bundle.unit-test";
		};
		8BDA693E20175CB30083BB0E /* 13-3ビューの座標と領域UITests */ = {
			isa = PBXNativeTarget;
			buildConfigurationList = 8BDA694E20175CB30083BB0E /* Build configuration list for PBXNativeTarget "13-3ビューの座標と領域UITests" */;
			buildPhases = (
				8BDA693B20175CB30083BB0E /* Sources */,
				8BDA693C20175CB30083BB0E /* Frameworks */,
				8BDA693D20175CB30083BB0E /* Resources */,
			);
			buildRules = (
			);
			dependencies = (
				8BDA694120175CB30083BB0E /* PBXTargetDependency */,
			);
			name = "13-3ビューの座標と領域UITests";
			productName = "13-3ビューの座標と領域UITests";
			productReference = 8BDA693F20175CB30083BB0E /* 13-3ビューの座標と領域UITests.xctest */;
			productType = "com.apple.product-type.bundle.ui-testing";
		};
/* End PBXNativeTarget section */

/* Begin PBXProject section */
		8BDA691820175CB30083BB0E /* Project object */ = {
			isa = PBXProject;
			attributes = {
				LastSwiftUpdateCheck = 0920;
				LastUpgradeCheck = 0920;
				ORGANIZATIONNAME = syuu;
				TargetAttributes = {
					8BDA691F20175CB30083BB0E = {
						CreatedOnToolsVersion = 9.2;
						ProvisioningStyle = Automatic;
					};
					8BDA693320175CB30083BB0E = {
						CreatedOnToolsVersion = 9.2;
						ProvisioningStyle = Automatic;
						TestTargetID = 8BDA691F20175CB30083BB0E;
					};
					8BDA693E20175CB30083BB0E = {
						CreatedOnToolsVersion = 9.2;
						ProvisioningStyle = Automatic;
						TestTargetID = 8BDA691F20175CB30083BB0E;
					};
				};
			};
			buildConfigurationList = 8BDA691B20175CB30083BB0E /* Build configuration list for PBXProject "13-3ビューの座標と領域" */;
			compatibilityVersion = "Xcode 8.0";
			developmentRegion = en;
			hasScannedForEncodings = 0;
			knownRegions = (
				en,
				Base,
			);
			mainGroup = 8BDA691720175CB30083BB0E;
			productRefGroup = 8BDA692120175CB30083BB0E /* Products */;
			projectDirPath = "";
			projectRoot = "";
			targets = (
				8BDA691F20175CB30083BB0E /* 13-3ビューの座標と領域 */,
				8BDA693320175CB30083BB0E /* 13-3ビューの座標と領域Tests */,
				8BDA693E20175CB30083BB0E /* 13-3ビューの座標と領域UITests */,
			);
		};
/* End PBXProject section */

/* Begin PBXResourcesBuildPhase section */
		8BDA691E20175CB30083BB0E /* Resources */ = {
			isa = PBXResourcesBuildPhase;
			buildActionMask = 2147483647;
			files = (
				8BDA692E20175CB30083BB0E /* LaunchScreen.storyboard in Resources */,
				8BDA692B20175CB30083BB0E /* Assets.xcassets in Resources */,
				8BDA692920175CB30083BB0E /* Main.storyboard in Resources */,
			);
			runOnlyForDeploymentPostprocessing = 0;
		};
		8BDA693220175CB30083BB0E /* Resources */ = {
			isa = PBXResourcesBuildPhase;
			buildActionMask = 2147483647;
			files = (
			);
			runOnlyForDeploymentPostprocessing = 0;
		};
		8BDA693D20175CB30083BB0E /* Resources */ = {
			isa = PBXResourcesBuildPhase;
			buildActionMask = 2147483647;
			files = (
			);
			runOnlyForDeploymentPostprocessing = 0;
		};
/* End PBXResourcesBuildPhase section */

/* Begin PBXSourcesBuildPhase section */
		8BDA691C20175CB30083BB0E /* Sources */ = {
			isa = PBXSourcesBuildPhase;
			buildActionMask = 2147483647;
			files = (
				8BDA692620175CB30083BB0E /* ViewController.swift in Sources */,
				8BDA692420175CB30083BB0E /* AppDelegate.swift in Sources */,
			);
			runOnlyForDeploymentPostprocessing = 0;
		};
		8BDA693020175CB30083BB0E /* Sources */ = {
			isa = PBXSourcesBuildPhase;
			buildActionMask = 2147483647;
			files = (
				8BDA693920175CB30083BB0E /* _3_3__________Tests.swift in Sources */,
			);
			runOnlyForDeploymentPostprocessing = 0;
		};
		8BDA693B20175CB30083BB0E /* Sources */ = {
			isa = PBXSourcesBuildPhase;
			buildActionMask = 2147483647;
			files = (
				8BDA694420175CB30083BB0E /* _3_3__________UITests.swift in Sources */,
			);
			runOnlyForDeploymentPostprocessing = 0;
		};
/* End PBXSourcesBuildPhase section */

/* Begin PBXTargetDependency section */
		8BDA693620175CB30083BB0E /* PBXTargetDependency */ = {
			isa = PBXTargetDependency;
			target = 8BDA691F20175CB30083BB0E /* 13-3ビューの座標と領域 */;
			targetProxy = 8BDA693520175CB30083BB0E /* PBXContainerItemProxy */;
		};
		8BDA694120175CB30083BB0E /* PBXTargetDependency */ = {
			isa = PBXTargetDependency;
			target = 8BDA691F20175CB30083BB0E /* 13-3ビューの座標と領域 */;
			targetProxy = 8BDA694020175CB30083BB0E /* PBXContainerItemProxy */;
		};
/* End PBXTargetDependency section */

/* Begin PBXVariantGroup section */
		8BDA692720175CB30083BB0E /* Main.storyboard */ = {
			isa = PBXVariantGroup;
			children = (
				8BDA692820175CB30083BB0E /* Base */,
			);
			name = Main.storyboard;
			sourceTree = "<group>";
		};
		8BDA692C20175CB30083BB0E /* LaunchScreen.storyboard */ = {
			isa = PBXVariantGroup;
			children = (
				8BDA692D20175CB30083BB0E /* Base */,
			);
			name = LaunchScreen.storyboard;
			sourceTree = "<group>";
		};
/* End PBXVariantGroup section */

/* Begin XCBuildConfiguration section */
		8BDA694620175CB30083BB0E /* Debug */ = {
			isa = XCBuildConfiguration;
			buildSettings = {
				ALWAYS_SEARCH_USER_PATHS = NO;
				CLANG_ANALYZER_NONNULL = YES;
				CLANG_ANALYZER_NUMBER_OBJECT_CONVERSION = YES_AGGRESSIVE;
				CLANG_CXX_LANGUAGE_STANDARD = "gnu++14";
				CLANG_CXX_LIBRARY = "libc++";
				CLANG_ENABLE_MODULES = YES;
				CLANG_ENABLE_OBJC_ARC = YES;
				CLANG_WARN_BLOCK_CAPTURE_AUTORELEASING = YES;
				CLANG_WARN_BOOL_CONVERSION = YES;
				CLANG_WARN_COMMA = YES;
				CLANG_WARN_CONSTANT_CONVERSION = YES;
				CLANG_WARN_DIRECT_OBJC_ISA_USAGE = YES_ERROR;
				CLANG_WARN_DOCUMENTATION_COMMENTS = YES;
				CLANG_WARN_EMPTY_BODY = YES;
				CLANG_WARN_ENUM_CONVERSION = YES;
				CLANG_WARN_INFINITE_RECURSION = YES;
				CLANG_WARN_INT_CONVERSION = YES;
				CLANG_WARN_NON_LITERAL_NULL_CONVERSION = YES;
				CLANG_WARN_OBJC_LITERAL_CONVERSION = YES;
				CLANG_WARN_OBJC_ROOT_CLASS = YES_ERROR;
				CLANG_WARN_RANGE_LOOP_ANALYSIS = YES;
				CLANG_WARN_STRICT_PROTOTYPES = YES;
				CLANG_WARN_SUSPICIOUS_MOVE = YES;
				CLANG_WARN_UNGUARDED_AVAILABILITY = YES_AGGRESSIVE;
				CLANG_WARN_UNREACHABLE_CODE = YES;
				CLANG_WARN__DUPLICATE_METHOD_MATCH = YES;
				CODE_SIGN_IDENTITY = "iPhone Developer";
				COPY_PHASE_STRIP = NO;
				DEBUG_INFORMATION_FORMAT = dwarf;
				ENABLE_STRICT_OBJC_MSGSEND = YES;
				ENABLE_TESTABILITY = YES;
				GCC_C_LANGUAGE_STANDARD = gnu11;
				GCC_DYNAMIC_NO_PIC = NO;
				GCC_NO_COMMON_BLOCKS = YES;
				GCC_OPTIMIZATION_LEVEL = 0;
				GCC_PREPROCESSOR_DEFINITIONS = (
					"DEBUG=1",
					"$(inherited)",
				);
				GCC_WARN_64_TO_32_BIT_CONVERSION = YES;
				GCC_WARN_ABOUT_RETURN_TYPE = YES_ERROR;
				GCC_WARN_UNDECLARED_SELECTOR = YES;
				GCC_WARN_UNINITIALIZED_AUTOS = YES_AGGRESSIVE;
				GCC_WARN_UNUSED_FUNCTION = YES;
				GCC_WARN_UNUSED_VARIABLE = YES;
				IPHONEOS_DEPLOYMENT_TARGET = 11.2;
				MTL_ENABLE_DEBUG_INFO = YES;
				ONLY_ACTIVE_ARCH = YES;
				SDKROOT = iphoneos;
				SWIFT_ACTIVE_COMPILATION_CONDITIONS = DEBUG;
				SWIFT_OPTIMIZATION_LEVEL = "-Onone";
			};
			name = Debug;
		};
		8BDA694720175CB30083BB0E /* Release */ = {
			isa = XCBuildConfiguration;
			buildSettings = {
				ALWAYS_SEARCH_USER_PATHS = NO;
				CLANG_ANALYZER_NONNULL = YES;
				CLANG_ANALYZER_NUMBER_OBJECT_CONVERSION = YES_AGGRESSIVE;
				CLANG_CXX_LANGUAGE_STANDARD = "gnu++14";
				CLANG_CXX_LIBRARY = "libc++";
				CLANG_ENABLE_MODULES = YES;
				CLANG_ENABLE_OBJC_ARC = YES;
				CLANG_WARN_BLOCK_CAPTURE_AUTORELEASING = YES;
				CLANG_WARN_BOOL_CONVERSION = YES;
				CLANG_WARN_COMMA = YES;
				CLANG_WARN_CONSTANT_CONVERSION = YES;
				CLANG_WARN_DIRECT_OBJC_ISA_USAGE = YES_ERROR;
				CLANG_WARN_DOCUMENTATION_COMMENTS = YES;
				CLANG_WARN_EMPTY_BODY = YES;
				CLANG_WARN_ENUM_CONVERSION = YES;
				CLANG_WARN_INFINITE_RECURSION = YES;
				CLANG_WARN_INT_CONVERSION = YES;
				CLANG_WARN_NON_LITERAL_NULL_CONVERSION = YES;
				CLANG_WARN_OBJC_LITERAL_CONVERSION = YES;
				CLANG_WARN_OBJC_ROOT_CLASS = YES_ERROR;
				CLANG_WARN_RANGE_LOOP_ANALYSIS = YES;
				CLANG_WARN_STRICT_PROTOTYPES = YES;
				CLANG_WARN_SUSPICIOUS_MOVE = YES;
				CLANG_WARN_UNGUARDED_AVAILABILITY = YES_AGGRESSIVE;
				CLANG_WARN_UNREACHABLE_CODE = YES;
				CLANG_WARN__DUPLICATE_METHOD_MATCH = YES;
				CODE_SIGN_IDENTITY = "iPhone Developer";
				COPY_PHASE_STRIP = NO;
				DEBUG_INFORMATION_FORMAT = "dwarf-with-dsym";
				ENABLE_NS_ASSERTIONS = NO;
				ENABLE_STRICT_OBJC_MSGSEND = YES;
				GCC_C_LANGUAGE_STANDARD = gnu11;
				GCC_NO_COMMON_BLOCKS = YES;
				GCC_WARN_64_TO_32_BIT_CONVERSION = YES;
				GCC_WARN_ABOUT_RETURN_TYPE = YES_ERROR;
				GCC_WARN_UNDECLARED_SELECTOR = YES;
				GCC_WARN_UNINITIALIZED_AUTOS = YES_AGGRESSIVE;
				GCC_WARN_UNUSED_FUNCTION = YES;
				GCC_WARN_UNUSED_VARIABLE = YES;
				IPHONEOS_DEPLOYMENT_TARGET = 11.2;
				MTL_ENABLE_DEBUG_INFO = NO;
				SDKROOT = iphoneos;
				SWIFT_OPTIMIZATION_LEVEL = "-Owholemodule";
				VALIDATE_PRODUCT = YES;
			};
			name = Release;
		};
		8BDA694920175CB30083BB0E /* Debug */ = {
			isa = XCBuildConfiguration;
			buildSettings = {
				ASSETCATALOG_COMPILER_APPICON_NAME = AppIcon;
				CODE_SIGN_STYLE = Automatic;
				DEVELOPMENT_TEAM = UBZS5QM339;
				INFOPLIST_FILE = "13-3ビューの座標と領域/Info.plist";
				LD_RUNPATH_SEARCH_PATHS = "$(inherited) @executable_path/Frameworks";
				PRODUCT_BUNDLE_IDENTIFIER = "com.example.-3-3----------";
				PRODUCT_NAME = "$(TARGET_NAME)";
				SWIFT_VERSION = 4.0;
				TARGETED_DEVICE_FAMILY = "1,2";
			};
			name = Debug;
		};
		8BDA694A20175CB30083BB0E /* Release */ = {
			isa = XCBuildConfiguration;
			buildSettings = {
				ASSETCATALOG_COMPILER_APPICON_NAME = AppIcon;
				CODE_SIGN_STYLE = Automatic;
				DEVELOPMENT_TEAM = UBZS5QM339;
				INFOPLIST_FILE = "13-3ビューの座標と領域/Info.plist";
				LD_RUNPATH_SEARCH_PATHS = "$(inherited) @executable_path/Frameworks";
				PRODUCT_BUNDLE_IDENTIFIER = "com.example.-3-3----------";
				PRODUCT_NAME = "$(TARGET_NAME)";
				SWIFT_VERSION = 4.0;
				TARGETED_DEVICE_FAMILY = "1,2";
			};
			name = Release;
		};
		8BDA694C20175CB30083BB0E /* Debug */ = {
			isa = XCBuildConfiguration;
			buildSettings = {
				ALWAYS_EMBED_SWIFT_STANDARD_LIBRARIES = YES;
				BUNDLE_LOADER = "$(TEST_HOST)";
				CODE_SIGN_STYLE = Automatic;
				DEVELOPMENT_TEAM = UBZS5QM339;
				INFOPLIST_FILE = "13-3ビューの座標と領域Tests/Info.plist";
				LD_RUNPATH_SEARCH_PATHS = "$(inherited) @executable_path/Frameworks @loader_path/Frameworks";
				PRODUCT_BUNDLE_IDENTIFIER = "com.example.-3-3----------Tests";
				PRODUCT_NAME = "$(TARGET_NAME)";
				SWIFT_VERSION = 4.0;
				TARGETED_DEVICE_FAMILY = "1,2";
				TEST_HOST = "$(BUILT_PRODUCTS_DIR)/13-3ビューの座標と領域.app/13-3ビューの座標と領域";
			};
			name = Debug;
		};
		8BDA694D20175CB30083BB0E /* Release */ = {
			isa = XCBuildConfiguration;
			buildSettings = {
				ALWAYS_EMBED_SWIFT_STANDARD_LIBRARIES = YES;
				BUNDLE_LOADER = "$(TEST_HOST)";
				CODE_SIGN_STYLE = Automatic;
				DEVELOPMENT_TEAM = UBZS5QM339;
				INFOPLIST_FILE = "13-3ビューの座標と領域Tests/Info.plist";
				LD_RUNPATH_SEARCH_PATHS = "$(inherited) @executable_path/Frameworks @loader_path/Frameworks";
				PRODUCT_BUNDLE_IDENTIFIER = "com.example.-3-3----------Tests";
				PRODUCT_NAME = "$(TARGET_NAME)";
				SWIFT_VERSION = 4.0;
				TARGETED_DEVICE_FAMILY = "1,2";
				TEST_HOST = "$(BUILT_PRODUCTS_DIR)/13-3ビューの座標と領域.app/13-3ビューの座標と領域";
			};
			name = Release;
		};
		8BDA694F20175CB30083BB0E /* Debug */ = {
			isa = XCBuildConfiguration;
			buildSettings = {
				ALWAYS_EMBED_SWIFT_STANDARD_LIBRARIES = YES;
				CODE_SIGN_STYLE = Automatic;
				DEVELOPMENT_TEAM = UBZS5QM339;
				INFOPLIST_FILE = "13-3ビューの座標と領域UITests/Info.plist";
				LD_RUNPATH_SEARCH_PATHS = "$(inherited) @executable_path/Frameworks @loader_path/Frameworks";
				PRODUCT_BUNDLE_IDENTIFIER = "com.example.-3-3----------UITests";
				PRODUCT_NAME = "$(TARGET_NAME)";
				SWIFT_VERSION = 4.0;
				TARGETED_DEVICE_FAMILY = "1,2";
				TEST_TARGET_NAME = "13-3ビューの座標と領域";
			};
			name = Debug;
		};
		8BDA695020175CB30083BB0E /* Release */ = {
			isa = XCBuildConfiguration;
			buildSettings = {
				ALWAYS_EMBED_SWIFT_STANDARD_LIBRARIES = YES;
				CODE_SIGN_STYLE = Automatic;
				DEVELOPMENT_TEAM = UBZS5QM339;
				INFOPLIST_FILE = "13-3ビューの座標と領域UITests/Info.plist";
				LD_RUNPATH_SEARCH_PATHS = "$(inherited) @executable_path/Frameworks @loader_path/Frameworks";
				PRODUCT_BUNDLE_IDENTIFIER = "com.example.-3-3----------UITests";
				PRODUCT_NAME = "$(TARGET_NAME)";
				SWIFT_VERSION = 4.0;
				TARGETED_DEVICE_FAMILY = "1,2";
				TEST_TARGET_NAME = "13-3ビューの座標と領域";
			};
			name = Release;
		};
/* End XCBuildConfiguration section */

/* Begin XCConfigurationList section */
		8BDA691B20175CB30083BB0E /* Build configuration list for PBXProject "13-3ビューの座標と領域" */ = {
			isa = XCConfigurationList;
			buildConfigurations = (
				8BDA694620175CB30083BB0E /* Debug */,
				8BDA694720175CB30083BB0E /* Release */,
			);
			defaultConfigurationIsVisible = 0;
			defaultConfigurationName = Release;
		};
		8BDA694820175CB30083BB0E /* Build configuration list for PBXNativeTarget "13-3ビューの座標と領域" */ = {
			isa = XCConfigurationList;
			buildConfigurations = (
				8BDA694920175CB30083BB0E /* Debug */,
				8BDA694A20175CB30083BB0E /* Release */,
			);
			defaultConfigurationIsVisible = 0;
			defaultConfigurationName = Release;
		};
		8BDA694B20175CB30083BB0E /* Build configuration list for PBXNativeTarget "13-3ビューの座標と領域Tests" */ = {
			isa = XCConfigurationList;
			buildConfigurations = (
				8BDA694C20175CB30083BB0E /* Debug */,
				8BDA694D20175CB30083BB0E /* Release */,
			);
			defaultConfigurationIsVisible = 0;
			defaultConfigurationName = Release;
		};
		8BDA694E20175CB30083BB0E /* Build configuration list for PBXNativeTarget "13-3ビューの座標と領域UITests" */ = {
			isa = XCConfigurationList;
			buildConfigurations = (
				8BDA694F20175CB30083BB0E /* Debug */,
				8BDA695020175CB30083BB0E /* Release */,
			);
			defaultConfigurationIsVisible = 0;
			defaultConfigurationName = Release;
		};
/* End XCConfigurationList section */
	};
	rootObject = 8BDA691820175CB30083BB0E /* Project object */;
}
