// !$*UTF8*$!
{
	archiveVersion = 1;
	classes = {
	};
	objectVersion = 48;
	objects = {

/* Begin PBXBuildFile section */
		8BDA6998201784D60083BB0E /* AppDelegate.swift in Sources */ = {isa = PBXBuildFile; fileRef = 8BDA6997201784D60083BB0E /* AppDelegate.swift */; };
		8BDA699A201784D60083BB0E /* ViewController.swift in Sources */ = {isa = PBXBuildFile; fileRef = 8BDA6999201784D60083BB0E /* ViewController.swift */; };
		8BDA699D201784D70083BB0E /* Main.storyboard in Resources */ = {isa = PBXBuildFile; fileRef = 8BDA699B201784D70083BB0E /* Main.storyboard */; };
		8BDA699F201784D70083BB0E /* Assets.xcassets in Resources */ = {isa = PBXBuildFile; fileRef = 8BDA699E201784D70083BB0E /* Assets.xcassets */; };
		8BDA69A2201784D70083BB0E /* LaunchScreen.storyboard in Resources */ = {isa = PBXBuildFile; fileRef = 8BDA69A0201784D70083BB0E /* LaunchScreen.storyboard */; };
		8BDA69AD201784D70083BB0E /* _________Tests.swift in Sources */ = {isa = PBXBuildFile; fileRef = 8BDA69AC201784D70083BB0E /* _________Tests.swift */; };
		8BDA69B8201784D70083BB0E /* _________UITests.swift in Sources */ = {isa = PBXBuildFile; fileRef = 8BDA69B7201784D70083BB0E /* _________UITests.swift */; };
/* End PBXBuildFile section */

/* Begin PBXContainerItemProxy section */
		8BDA69A9201784D70083BB0E /* PBXContainerItemProxy */ = {
			isa = PBXContainerItemProxy;
			containerPortal = 8BDA698C201784D60083BB0E /* Project object */;
			proxyType = 1;
			remoteGlobalIDString = 8BDA6993201784D60083BB0E;
			remoteInfo = "テーブルビュー";
		};
		8BDA69B4201784D70083BB0E /* PBXContainerItemProxy */ = {
			isa = PBXContainerItemProxy;
			containerPortal = 8BDA698C201784D60083BB0E /* Project object */;
			proxyType = 1;
			remoteGlobalIDString = 8BDA6993201784D60083BB0E;
			remoteInfo = "テーブルビュー";
		};
/* End PBXContainerItemProxy section */

/* Begin PBXFileReference section */
		8BDA6994201784D60083BB0E /* テーブルビュー.app */ = {isa = PBXFileReference; explicitFileType = wrapper.application; includeInIndex = 0; path = "テーブルビュー.app"; sourceTree = BUILT_PRODUCTS_DIR; };
		8BDA6997201784D60083BB0E /* AppDelegate.swift */ = {isa = PBXFileReference; lastKnownFileType = sourcecode.swift; path = AppDelegate.swift; sourceTree = "<group>"; };
		8BDA6999201784D60083BB0E /* ViewController.swift */ = {isa = PBXFileReference; lastKnownFileType = sourcecode.swift; path = ViewController.swift; sourceTree = "<group>"; };
		8BDA699C201784D70083BB0E /* Base */ = {isa = PBXFileReference; lastKnownFileType = file.storyboard; name = Base; path = Base.lproj/Main.storyboard; sourceTree = "<group>"; };
		8BDA699E201784D70083BB0E /* Assets.xcassets */ = {isa = PBXFileReference; lastKnownFileType = folder.assetcatalog; path = Assets.xcassets; sourceTree = "<group>"; };
		8BDA69A1201784D70083BB0E /* Base */ = {isa = PBXFileReference; lastKnownFileType = file.storyboard; name = Base; path = Base.lproj/LaunchScreen.storyboard; sourceTree = "<group>"; };
		8BDA69A3201784D70083BB0E /* Info.plist */ = {isa = PBXFileReference; lastKnownFileType = text.plist.xml; path = Info.plist; sourceTree = "<group>"; };
		8BDA69A8201784D70083BB0E /* テーブルビューTests.xctest */ = {isa = PBXFileReference; explicitFileType = wrapper.cfbundle; includeInIndex = 0; path = "テーブルビューTests.xctest"; sourceTree = BUILT_PRODUCTS_DIR; };
		8BDA69AC201784D70083BB0E /* _________Tests.swift */ = {isa = PBXFileReference; lastKnownFileType = sourcecode.swift; path = "_________Tests.swift"; sourceTree = "<group>"; };
		8BDA69AE201784D70083BB0E /* Info.plist */ = {isa = PBXFileReference; lastKnownFileType = text.plist.xml; path = Info.plist; sourceTree = "<group>"; };
		8BDA69B3201784D70083BB0E /* テーブルビューUITests.xctest */ = {isa = PBXFileReference; explicitFileType = wrapper.cfbundle; includeInIndex = 0; path = "テーブルビューUITests.xctest"; sourceTree = BUILT_PRODUCTS_DIR; };
		8BDA69B7201784D70083BB0E /* _________UITests.swift */ = {isa = PBXFileReference; lastKnownFileType = sourcecode.swift; path = "_________UITests.swift"; sourceTree = "<group>"; };
		8BDA69B9201784D70083BB0E /* Info.plist */ = {isa = PBXFileReference; lastKnownFileType = text.plist.xml; path = Info.plist; sourceTree = "<group>"; };
/* End PBXFileReference section */

/* Begin PBXFrameworksBuildPhase section */
		8BDA6991201784D60083BB0E /* Frameworks */ = {
			isa = PBXFrameworksBuildPhase;
			buildActionMask = 2147483647;
			files = (
			);
			runOnlyForDeploymentPostprocessing = 0;
		};
		8BDA69A5201784D70083BB0E /* Frameworks */ = {
			isa = PBXFrameworksBuildPhase;
			buildActionMask = 2147483647;
			files = (
			);
			runOnlyForDeploymentPostprocessing = 0;
		};
		8BDA69B0201784D70083BB0E /* Frameworks */ = {
			isa = PBXFrameworksBuildPhase;
			buildActionMask = 2147483647;
			files = (
			);
			runOnlyForDeploymentPostprocessing = 0;
		};
/* End PBXFrameworksBuildPhase section */

/* Begin PBXGroup section */
		8BDA698B201784D60083BB0E = {
			isa = PBXGroup;
			children = (
				8BDA6996201784D60083BB0E /* テーブルビュー */,
				8BDA69AB201784D70083BB0E /* テーブルビューTests */,
				8BDA69B6201784D70083BB0E /* テーブルビューUITests */,
				8BDA6995201784D60083BB0E /* Products */,
			);
			sourceTree = "<group>";
		};
		8BDA6995201784D60083BB0E /* Products */ = {
			isa = PBXGroup;
			children = (
				8BDA6994201784D60083BB0E /* テーブルビュー.app */,
				8BDA69A8201784D70083BB0E /* テーブルビューTests.xctest */,
				8BDA69B3201784D70083BB0E /* テーブルビューUITests.xctest */,
			);
			name = Products;
			sourceTree = "<group>";
		};
		8BDA6996201784D60083BB0E /* テーブルビュー */ = {
			isa = PBXGroup;
			children = (
				8BDA6997201784D60083BB0E /* AppDelegate.swift */,
				8BDA6999201784D60083BB0E /* ViewController.swift */,
				8BDA699B201784D70083BB0E /* Main.storyboard */,
				8BDA699E201784D70083BB0E /* Assets.xcassets */,
				8BDA69A0201784D70083BB0E /* LaunchScreen.storyboard */,
				8BDA69A3201784D70083BB0E /* Info.plist */,
			);
			path = "テーブルビュー";
			sourceTree = "<group>";
		};
		8BDA69AB201784D70083BB0E /* テーブルビューTests */ = {
			isa = PBXGroup;
			children = (
				8BDA69AC201784D70083BB0E /* _________Tests.swift */,
				8BDA69AE201784D70083BB0E /* Info.plist */,
			);
			path = "テーブルビューTests";
			sourceTree = "<group>";
		};
		8BDA69B6201784D70083BB0E /* テーブルビューUITests */ = {
			isa = PBXGroup;
			children = (
				8BDA69B7201784D70083BB0E /* _________UITests.swift */,
				8BDA69B9201784D70083BB0E /* Info.plist */,
			);
			path = "テーブルビューUITests";
			sourceTree = "<group>";
		};
/* End PBXGroup section */

/* Begin PBXNativeTarget section */
		8BDA6993201784D60083BB0E /* テーブルビュー */ = {
			isa = PBXNativeTarget;
			buildConfigurationList = 8BDA69BC201784D70083BB0E /* Build configuration list for PBXNativeTarget "テーブルビュー" */;
			buildPhases = (
				8BDA6990201784D60083BB0E /* Sources */,
				8BDA6991201784D60083BB0E /* Frameworks */,
				8BDA6992201784D60083BB0E /* Resources */,
			);
			buildRules = (
			);
			dependencies = (
			);
			name = "テーブルビュー";
			productName = "テーブルビュー";
			productReference = 8BDA6994201784D60083BB0E /* テーブルビュー.app */;
			productType = "com.apple.product-type.application";
		};
		8BDA69A7201784D70083BB0E /* テーブルビューTests */ = {
			isa = PBXNativeTarget;
			buildConfigurationList = 8BDA69BF201784D70083BB0E /* Build configuration list for PBXNativeTarget "テーブルビューTests" */;
			buildPhases = (
				8BDA69A4201784D70083BB0E /* Sources */,
				8BDA69A5201784D70083BB0E /* Frameworks */,
				8BDA69A6201784D70083BB0E /* Resources */,
			);
			buildRules = (
			);
			dependencies = (
				8BDA69AA201784D70083BB0E /* PBXTargetDependency */,
			);
			name = "テーブルビューTests";
			productName = "テーブルビューTests";
			productReference = 8BDA69A8201784D70083BB0E /* テーブルビューTests.xctest */;
			productType = "com.apple.product-type.bundle.unit-test";
		};
		8BDA69B2201784D70083BB0E /* テーブルビューUITests */ = {
			isa = PBXNativeTarget;
			buildConfigurationList = 8BDA69C2201784D70083BB0E /* Build configuration list for PBXNativeTarget "テーブルビューUITests" */;
			buildPhases = (
				8BDA69AF201784D70083BB0E /* Sources */,
				8BDA69B0201784D70083BB0E /* Frameworks */,
				8BDA69B1201784D70083BB0E /* Resources */,
			);
			buildRules = (
			);
			dependencies = (
				8BDA69B5201784D70083BB0E /* PBXTargetDependency */,
			);
			name = "テーブルビューUITests";
			productName = "テーブルビューUITests";
			productReference = 8BDA69B3201784D70083BB0E /* テーブルビューUITests.xctest */;
			productType = "com.apple.product-type.bundle.ui-testing";
		};
/* End PBXNativeTarget section */

/* Begin PBXProject section */
		8BDA698C201784D60083BB0E /* Project object */ = {
			isa = PBXProject;
			attributes = {
				LastSwiftUpdateCheck = 0920;
				LastUpgradeCheck = 0920;
				ORGANIZATIONNAME = syuu;
				TargetAttributes = {
					8BDA6993201784D60083BB0E = {
						CreatedOnToolsVersion = 9.2;
						ProvisioningStyle = Automatic;
					};
					8BDA69A7201784D70083BB0E = {
						CreatedOnToolsVersion = 9.2;
						ProvisioningStyle = Automatic;
						TestTargetID = 8BDA6993201784D60083BB0E;
					};
					8BDA69B2201784D70083BB0E = {
						CreatedOnToolsVersion = 9.2;
						ProvisioningStyle = Automatic;
						TestTargetID = 8BDA6993201784D60083BB0E;
					};
				};
			};
			buildConfigurationList = 8BDA698F201784D60083BB0E /* Build configuration list for PBXProject "テーブルビュー" */;
			compatibilityVersion = "Xcode 8.0";
			developmentRegion = en;
			hasScannedForEncodings = 0;
			knownRegions = (
				en,
				Base,
			);
			mainGroup = 8BDA698B201784D60083BB0E;
			productRefGroup = 8BDA6995201784D60083BB0E /* Products */;
			projectDirPath = "";
			projectRoot = "";
			targets = (
				8BDA6993201784D60083BB0E /* テーブルビュー */,
				8BDA69A7201784D70083BB0E /* テーブルビューTests */,
				8BDA69B2201784D70083BB0E /* テーブルビューUITests */,
			);
		};
/* End PBXProject section */

/* Begin PBXResourcesBuildPhase section */
		8BDA6992201784D60083BB0E /* Resources */ = {
			isa = PBXResourcesBuildPhase;
			buildActionMask = 2147483647;
			files = (
				8BDA69A2201784D70083BB0E /* LaunchScreen.storyboard in Resources */,
				8BDA699F201784D70083BB0E /* Assets.xcassets in Resources */,
				8BDA699D201784D70083BB0E /* Main.storyboard in Resources */,
			);
			runOnlyForDeploymentPostprocessing = 0;
		};
		8BDA69A6201784D70083BB0E /* Resources */ = {
			isa = PBXResourcesBuildPhase;
			buildActionMask = 2147483647;
			files = (
			);
			runOnlyForDeploymentPostprocessing = 0;
		};
		8BDA69B1201784D70083BB0E /* Resources */ = {
			isa = PBXResourcesBuildPhase;
			buildActionMask = 2147483647;
			files = (
			);
			runOnlyForDeploymentPostprocessing = 0;
		};
/* End PBXResourcesBuildPhase section */

/* Begin PBXSourcesBuildPhase section */
		8BDA6990201784D60083BB0E /* Sources */ = {
			isa = PBXSourcesBuildPhase;
			buildActionMask = 2147483647;
			files = (
				8BDA699A201784D60083BB0E /* ViewController.swift in Sources */,
				8BDA6998201784D60083BB0E /* AppDelegate.swift in Sources */,
			);
			runOnlyForDeploymentPostprocessing = 0;
		};
		8BDA69A4201784D70083BB0E /* Sources */ = {
			isa = PBXSourcesBuildPhase;
			buildActionMask = 2147483647;
			files = (
				8BDA69AD201784D70083BB0E /* _________Tests.swift in Sources */,
			);
			runOnlyForDeploymentPostprocessing = 0;
		};
		8BDA69AF201784D70083BB0E /* Sources */ = {
			isa = PBXSourcesBuildPhase;
			buildActionMask = 2147483647;
			files = (
				8BDA69B8201784D70083BB0E /* _________UITests.swift in Sources */,
			);
			runOnlyForDeploymentPostprocessing = 0;
		};
/* End PBXSourcesBuildPhase section */

/* Begin PBXTargetDependency section */
		8BDA69AA201784D70083BB0E /* PBXTargetDependency */ = {
			isa = PBXTargetDependency;
			target = 8BDA6993201784D60083BB0E /* テーブルビュー */;
			targetProxy = 8BDA69A9201784D70083BB0E /* PBXContainerItemProxy */;
		};
		8BDA69B5201784D70083BB0E /* PBXTargetDependency */ = {
			isa = PBXTargetDependency;
			target = 8BDA6993201784D60083BB0E /* テーブルビュー */;
			targetProxy = 8BDA69B4201784D70083BB0E /* PBXContainerItemProxy */;
		};
/* End PBXTargetDependency section */

/* Begin PBXVariantGroup section */
		8BDA699B201784D70083BB0E /* Main.storyboard */ = {
			isa = PBXVariantGroup;
			children = (
				8BDA699C201784D70083BB0E /* Base */,
			);
			name = Main.storyboard;
			sourceTree = "<group>";
		};
		8BDA69A0201784D70083BB0E /* LaunchScreen.storyboard */ = {
			isa = PBXVariantGroup;
			children = (
				8BDA69A1201784D70083BB0E /* Base */,
			);
			name = LaunchScreen.storyboard;
			sourceTree = "<group>";
		};
/* End PBXVariantGroup section */

/* Begin XCBuildConfiguration section */
		8BDA69BA201784D70083BB0E /* Debug */ = {
			isa = XCBuildConfiguration;
			buildSettings = {
				ALWAYS_SEARCH_USER_PATHS = NO;
				CLANG_ANALYZER_NONNULL = YES;
				CLANG_ANALYZER_NUMBER_OBJECT_CONVERSION = YES_AGGRESSIVE;
				CLANG_CXX_LANGUAGE_STANDARD = "gnu++14";
				CLANG_CXX_LIBRARY = "libc++";
				CLANG_ENABLE_MODULES = YES;
				CLANG_ENABLE_OBJC_ARC = YES;
				CLANG_WARN_BLOCK_CAPTURE_AUTORELEASING = YES;
				CLANG_WARN_BOOL_CONVERSION = YES;
				CLANG_WARN_COMMA = YES;
				CLANG_WARN_CONSTANT_CONVERSION = YES;
				CLANG_WARN_DIRECT_OBJC_ISA_USAGE = YES_ERROR;
				CLANG_WARN_DOCUMENTATION_COMMENTS = YES;
				CLANG_WARN_EMPTY_BODY = YES;
				CLANG_WARN_ENUM_CONVERSION = YES;
				CLANG_WARN_INFINITE_RECURSION = YES;
				CLANG_WARN_INT_CONVERSION = YES;
				CLANG_WARN_NON_LITERAL_NULL_CONVERSION = YES;
				CLANG_WARN_OBJC_LITERAL_CONVERSION = YES;
				CLANG_WARN_OBJC_ROOT_CLASS = YES_ERROR;
				CLANG_WARN_RANGE_LOOP_ANALYSIS = YES;
				CLANG_WARN_STRICT_PROTOTYPES = YES;
				CLANG_WARN_SUSPICIOUS_MOVE = YES;
				CLANG_WARN_UNGUARDED_AVAILABILITY = YES_AGGRESSIVE;
				CLANG_WARN_UNREACHABLE_CODE = YES;
				CLANG_WARN__DUPLICATE_METHOD_MATCH = YES;
				CODE_SIGN_IDENTITY = "iPhone Developer";
				COPY_PHASE_STRIP = NO;
				DEBUG_INFORMATION_FORMAT = dwarf;
				ENABLE_STRICT_OBJC_MSGSEND = YES;
				ENABLE_TESTABILITY = YES;
				GCC_C_LANGUAGE_STANDARD = gnu11;
				GCC_DYNAMIC_NO_PIC = NO;
				GCC_NO_COMMON_BLOCKS = YES;
				GCC_OPTIMIZATION_LEVEL = 0;
				GCC_PREPROCESSOR_DEFINITIONS = (
					"DEBUG=1",
					"$(inherited)",
				);
				GCC_WARN_64_TO_32_BIT_CONVERSION = YES;
				GCC_WARN_ABOUT_RETURN_TYPE = YES_ERROR;
				GCC_WARN_UNDECLARED_SELECTOR = YES;
				GCC_WARN_UNINITIALIZED_AUTOS = YES_AGGRESSIVE;
				GCC_WARN_UNUSED_FUNCTION = YES;
				GCC_WARN_UNUSED_VARIABLE = YES;
				IPHONEOS_DEPLOYMENT_TARGET = 11.2;
				MTL_ENABLE_DEBUG_INFO = YES;
				ONLY_ACTIVE_ARCH = YES;
				SDKROOT = iphoneos;
				SWIFT_ACTIVE_COMPILATION_CONDITIONS = DEBUG;
				SWIFT_OPTIMIZATION_LEVEL = "-Onone";
			};
			name = Debug;
		};
		8BDA69BB201784D70083BB0E /* Release */ = {
			isa = XCBuildConfiguration;
			buildSettings = {
				ALWAYS_SEARCH_USER_PATHS = NO;
				CLANG_ANALYZER_NONNULL = YES;
				CLANG_ANALYZER_NUMBER_OBJECT_CONVERSION = YES_AGGRESSIVE;
				CLANG_CXX_LANGUAGE_STANDARD = "gnu++14";
				CLANG_CXX_LIBRARY = "libc++";
				CLANG_ENABLE_MODULES = YES;
				CLANG_ENABLE_OBJC_ARC = YES;
				CLANG_WARN_BLOCK_CAPTURE_AUTORELEASING = YES;
				CLANG_WARN_BOOL_CONVERSION = YES;
				CLANG_WARN_COMMA = YES;
				CLANG_WARN_CONSTANT_CONVERSION = YES;
				CLANG_WARN_DIRECT_OBJC_ISA_USAGE = YES_ERROR;
				CLANG_WARN_DOCUMENTATION_COMMENTS = YES;
				CLANG_WARN_EMPTY_BODY = YES;
				CLANG_WARN_ENUM_CONVERSION = YES;
				CLANG_WARN_INFINITE_RECURSION = YES;
				CLANG_WARN_INT_CONVERSION = YES;
				CLANG_WARN_NON_LITERAL_NULL_CONVERSION = YES;
				CLANG_WARN_OBJC_LITERAL_CONVERSION = YES;
				CLANG_WARN_OBJC_ROOT_CLASS = YES_ERROR;
				CLANG_WARN_RANGE_LOOP_ANALYSIS = YES;
				CLANG_WARN_STRICT_PROTOTYPES = YES;
				CLANG_WARN_SUSPICIOUS_MOVE = YES;
				CLANG_WARN_UNGUARDED_AVAILABILITY = YES_AGGRESSIVE;
				CLANG_WARN_UNREACHABLE_CODE = YES;
				CLANG_WARN__DUPLICATE_METHOD_MATCH = YES;
				CODE_SIGN_IDENTITY = "iPhone Developer";
				COPY_PHASE_STRIP = NO;
				DEBUG_INFORMATION_FORMAT = "dwarf-with-dsym";
				ENABLE_NS_ASSERTIONS = NO;
				ENABLE_STRICT_OBJC_MSGSEND = YES;
				GCC_C_LANGUAGE_STANDARD = gnu11;
				GCC_NO_COMMON_BLOCKS = YES;
				GCC_WARN_64_TO_32_BIT_CONVERSION = YES;
				GCC_WARN_ABOUT_RETURN_TYPE = YES_ERROR;
				GCC_WARN_UNDECLARED_SELECTOR = YES;
				GCC_WARN_UNINITIALIZED_AUTOS = YES_AGGRESSIVE;
				GCC_WARN_UNUSED_FUNCTION = YES;
				GCC_WARN_UNUSED_VARIABLE = YES;
				IPHONEOS_DEPLOYMENT_TARGET = 11.2;
				MTL_ENABLE_DEBUG_INFO = NO;
				SDKROOT = iphoneos;
				SWIFT_OPTIMIZATION_LEVEL = "-Owholemodule";
				VALIDATE_PRODUCT = YES;
			};
			name = Release;
		};
		8BDA69BD201784D70083BB0E /* Debug */ = {
			isa = XCBuildConfiguration;
			buildSettings = {
				ASSETCATALOG_COMPILER_APPICON_NAME = AppIcon;
				CODE_SIGN_STYLE = Automatic;
				DEVELOPMENT_TEAM = UBZS5QM339;
				INFOPLIST_FILE = "テーブルビュー/Info.plist";
				LD_RUNPATH_SEARCH_PATHS = "$(inherited) @executable_path/Frameworks";
				PRODUCT_BUNDLE_IDENTIFIER = "com.example.---------";
				PRODUCT_NAME = "$(TARGET_NAME)";
				SWIFT_VERSION = 4.0;
				TARGETED_DEVICE_FAMILY = "1,2";
			};
			name = Debug;
		};
		8BDA69BE201784D70083BB0E /* Release */ = {
			isa = XCBuildConfiguration;
			buildSettings = {
				ASSETCATALOG_COMPILER_APPICON_NAME = AppIcon;
				CODE_SIGN_STYLE = Automatic;
				DEVELOPMENT_TEAM = UBZS5QM339;
				INFOPLIST_FILE = "テーブルビュー/Info.plist";
				LD_RUNPATH_SEARCH_PATHS = "$(inherited) @executable_path/Frameworks";
				PRODUCT_BUNDLE_IDENTIFIER = "com.example.---------";
				PRODUCT_NAME = "$(TARGET_NAME)";
				SWIFT_VERSION = 4.0;
				TARGETED_DEVICE_FAMILY = "1,2";
			};
			name = Release;
		};
		8BDA69C0201784D70083BB0E /* Debug */ = {
			isa = XCBuildConfiguration;
			buildSettings = {
				ALWAYS_EMBED_SWIFT_STANDARD_LIBRARIES = YES;
				BUNDLE_LOADER = "$(TEST_HOST)";
				CODE_SIGN_STYLE = Automatic;
				DEVELOPMENT_TEAM = UBZS5QM339;
				INFOPLIST_FILE = "テーブルビューTests/Info.plist";
				LD_RUNPATH_SEARCH_PATHS = "$(inherited) @executable_path/Frameworks @loader_path/Frameworks";
				PRODUCT_BUNDLE_IDENTIFIER = "com.example.---------Tests";
				PRODUCT_NAME = "$(TARGET_NAME)";
				SWIFT_VERSION = 4.0;
				TARGETED_DEVICE_FAMILY = "1,2";
				TEST_HOST = "$(BUILT_PRODUCTS_DIR)/テーブルビュー.app/テーブルビュー";
			};
			name = Debug;
		};
		8BDA69C1201784D70083BB0E /* Release */ = {
			isa = XCBuildConfiguration;
			buildSettings = {
				ALWAYS_EMBED_SWIFT_STANDARD_LIBRARIES = YES;
				BUNDLE_LOADER = "$(TEST_HOST)";
				CODE_SIGN_STYLE = Automatic;
				DEVELOPMENT_TEAM = UBZS5QM339;
				INFOPLIST_FILE = "テーブルビューTests/Info.plist";
				LD_RUNPATH_SEARCH_PATHS = "$(inherited) @executable_path/Frameworks @loader_path/Frameworks";
				PRODUCT_BUNDLE_IDENTIFIER = "com.example.---------Tests";
				PRODUCT_NAME = "$(TARGET_NAME)";
				SWIFT_VERSION = 4.0;
				TARGETED_DEVICE_FAMILY = "1,2";
				TEST_HOST = "$(BUILT_PRODUCTS_DIR)/テーブルビュー.app/テーブルビュー";
			};
			name = Release;
		};
		8BDA69C3201784D70083BB0E /* Debug */ = {
			isa = XCBuildConfiguration;
			buildSettings = {
				ALWAYS_EMBED_SWIFT_STANDARD_LIBRARIES = YES;
				CODE_SIGN_STYLE = Automatic;
				DEVELOPMENT_TEAM = UBZS5QM339;
				INFOPLIST_FILE = "テーブルビューUITests/Info.plist";
				LD_RUNPATH_SEARCH_PATHS = "$(inherited) @executable_path/Frameworks @loader_path/Frameworks";
				PRODUCT_BUNDLE_IDENTIFIER = "com.example.---------UITests";
				PRODUCT_NAME = "$(TARGET_NAME)";
				SWIFT_VERSION = 4.0;
				TARGETED_DEVICE_FAMILY = "1,2";
				TEST_TARGET_NAME = "テーブルビュー";
			};
			name = Debug;
		};
		8BDA69C4201784D70083BB0E /* Release */ = {
			isa = XCBuildConfiguration;
			buildSettings = {
				ALWAYS_EMBED_SWIFT_STANDARD_LIBRARIES = YES;
				CODE_SIGN_STYLE = Automatic;
				DEVELOPMENT_TEAM = UBZS5QM339;
				INFOPLIST_FILE = "テーブルビューUITests/Info.plist";
				LD_RUNPATH_SEARCH_PATHS = "$(inherited) @executable_path/Frameworks @loader_path/Frameworks";
				PRODUCT_BUNDLE_IDENTIFIER = "com.example.---------UITests";
				PRODUCT_NAME = "$(TARGET_NAME)";
				SWIFT_VERSION = 4.0;
				TARGETED_DEVICE_FAMILY = "1,2";
				TEST_TARGET_NAME = "テーブルビュー";
			};
			name = Release;
		};
/* End XCBuildConfiguration section */

/* Begin XCConfigurationList section */
		8BDA698F201784D60083BB0E /* Build configuration list for PBXProject "テーブルビュー" */ = {
			isa = XCConfigurationList;
			buildConfigurations = (
				8BDA69BA201784D70083BB0E /* Debug */,
				8BDA69BB201784D70083BB0E /* Release */,
			);
			defaultConfigurationIsVisible = 0;
			defaultConfigurationName = Release;
		};
		8BDA69BC201784D70083BB0E /* Build configuration list for PBXNativeTarget "テーブルビュー" */ = {
			isa = XCConfigurationList;
			buildConfigurations = (
				8BDA69BD201784D70083BB0E /* Debug */,
				8BDA69BE201784D70083BB0E /* Release */,
			);
			defaultConfigurationIsVisible = 0;
			defaultConfigurationName = Release;
		};
		8BDA69BF201784D70083BB0E /* Build configuration list for PBXNativeTarget "テーブルビューTests" */ = {
			isa = XCConfigurationList;
			buildConfigurations = (
				8BDA69C0201784D70083BB0E /* Debug */,
				8BDA69C1201784D70083BB0E /* Release */,
			);
			defaultConfigurationIsVisible = 0;
			defaultConfigurationName = Release;
		};
		8BDA69C2201784D70083BB0E /* Build configuration list for PBXNativeTarget "テーブルビューUITests" */ = {
			isa = XCConfigurationList;
			buildConfigurations = (
				8BDA69C3201784D70083BB0E /* Debug */,
				8BDA69C4201784D70083BB0E /* Release */,
			);
			defaultConfigurationIsVisible = 0;
			defaultConfigurationName = Release;
		};
/* End XCConfigurationList section */
	};
	rootObject = 8BDA698C201784D60083BB0E /* Project object */;
}
