// !$*UTF8*$!
{
	archiveVersion = 1;
	classes = {
	};
	objectVersion = 48;
	objects = {

/* Begin PBXBuildFile section */
		8BBE259D2022A998009E7945 /* AppDelegate.swift in Sources */ = {isa = PBXBuildFile; fileRef = 8BBE259C2022A998009E7945 /* AppDelegate.swift */; };
		8BBE259F2022A998009E7945 /* ViewController.swift in Sources */ = {isa = PBXBuildFile; fileRef = 8BBE259E2022A998009E7945 /* ViewController.swift */; };
		8BBE25A22022A998009E7945 /* Main.storyboard in Resources */ = {isa = PBXBuildFile; fileRef = 8BBE25A02022A998009E7945 /* Main.storyboard */; };
		8BBE25A42022A998009E7945 /* Assets.xcassets in Resources */ = {isa = PBXBuildFile; fileRef = 8BBE25A32022A998009E7945 /* Assets.xcassets */; };
		8BBE25A72022A998009E7945 /* LaunchScreen.storyboard in Resources */ = {isa = PBXBuildFile; fileRef = 8BBE25A52022A998009E7945 /* LaunchScreen.storyboard */; };
		8BBE25B22022A998009E7945 /* _4_6Tests.swift in Sources */ = {isa = PBXBuildFile; fileRef = 8BBE25B12022A998009E7945 /* _4_6Tests.swift */; };
		8BBE25BD2022A998009E7945 /* _4_6UITests.swift in Sources */ = {isa = PBXBuildFile; fileRef = 8BBE25BC2022A998009E7945 /* _4_6UITests.swift */; };
/* End PBXBuildFile section */

/* Begin PBXContainerItemProxy section */
		8BBE25AE2022A998009E7945 /* PBXContainerItemProxy */ = {
			isa = PBXContainerItemProxy;
			containerPortal = 8BBE25912022A998009E7945 /* Project object */;
			proxyType = 1;
			remoteGlobalIDString = 8BBE25982022A998009E7945;
			remoteInfo = "14-6";
		};
		8BBE25B92022A998009E7945 /* PBXContainerItemProxy */ = {
			isa = PBXContainerItemProxy;
			containerPortal = 8BBE25912022A998009E7945 /* Project object */;
			proxyType = 1;
			remoteGlobalIDString = 8BBE25982022A998009E7945;
			remoteInfo = "14-6";
		};
/* End PBXContainerItemProxy section */

/* Begin PBXFileReference section */
		8BBE25992022A998009E7945 /* 14-6.app */ = {isa = PBXFileReference; explicitFileType = wrapper.application; includeInIndex = 0; path = "14-6.app"; sourceTree = BUILT_PRODUCTS_DIR; };
		8BBE259C2022A998009E7945 /* AppDelegate.swift */ = {isa = PBXFileReference; lastKnownFileType = sourcecode.swift; path = AppDelegate.swift; sourceTree = "<group>"; };
		8BBE259E2022A998009E7945 /* ViewController.swift */ = {isa = PBXFileReference; lastKnownFileType = sourcecode.swift; path = ViewController.swift; sourceTree = "<group>"; };
		8BBE25A12022A998009E7945 /* Base */ = {isa = PBXFileReference; lastKnownFileType = file.storyboard; name = Base; path = Base.lproj/Main.storyboard; sourceTree = "<group>"; };
		8BBE25A32022A998009E7945 /* Assets.xcassets */ = {isa = PBXFileReference; lastKnownFileType = folder.assetcatalog; path = Assets.xcassets; sourceTree = "<group>"; };
		8BBE25A62022A998009E7945 /* Base */ = {isa = PBXFileReference; lastKnownFileType = file.storyboard; name = Base; path = Base.lproj/LaunchScreen.storyboard; sourceTree = "<group>"; };
		8BBE25A82022A998009E7945 /* Info.plist */ = {isa = PBXFileReference; lastKnownFileType = text.plist.xml; path = Info.plist; sourceTree = "<group>"; };
		8BBE25AD2022A998009E7945 /* 14-6Tests.xctest */ = {isa = PBXFileReference; explicitFileType = wrapper.cfbundle; includeInIndex = 0; path = "14-6Tests.xctest"; sourceTree = BUILT_PRODUCTS_DIR; };
		8BBE25B12022A998009E7945 /* _4_6Tests.swift */ = {isa = PBXFileReference; lastKnownFileType = sourcecode.swift; path = _4_6Tests.swift; sourceTree = "<group>"; };
		8BBE25B32022A998009E7945 /* Info.plist */ = {isa = PBXFileReference; lastKnownFileType = text.plist.xml; path = Info.plist; sourceTree = "<group>"; };
		8BBE25B82022A998009E7945 /* 14-6UITests.xctest */ = {isa = PBXFileReference; explicitFileType = wrapper.cfbundle; includeInIndex = 0; path = "14-6UITests.xctest"; sourceTree = BUILT_PRODUCTS_DIR; };
		8BBE25BC2022A998009E7945 /* _4_6UITests.swift */ = {isa = PBXFileReference; lastKnownFileType = sourcecode.swift; path = _4_6UITests.swift; sourceTree = "<group>"; };
		8BBE25BE2022A998009E7945 /* Info.plist */ = {isa = PBXFileReference; lastKnownFileType = text.plist.xml; path = Info.plist; sourceTree = "<group>"; };
/* End PBXFileReference section */

/* Begin PBXFrameworksBuildPhase section */
		8BBE25962022A998009E7945 /* Frameworks */ = {
			isa = PBXFrameworksBuildPhase;
			buildActionMask = 2147483647;
			files = (
			);
			runOnlyForDeploymentPostprocessing = 0;
		};
		8BBE25AA2022A998009E7945 /* Frameworks */ = {
			isa = PBXFrameworksBuildPhase;
			buildActionMask = 2147483647;
			files = (
			);
			runOnlyForDeploymentPostprocessing = 0;
		};
		8BBE25B52022A998009E7945 /* Frameworks */ = {
			isa = PBXFrameworksBuildPhase;
			buildActionMask = 2147483647;
			files = (
			);
			runOnlyForDeploymentPostprocessing = 0;
		};
/* End PBXFrameworksBuildPhase section */

/* Begin PBXGroup section */
		8BBE25902022A998009E7945 = {
			isa = PBXGroup;
			children = (
				8BBE259B2022A998009E7945 /* 14-6 */,
				8BBE25B02022A998009E7945 /* 14-6Tests */,
				8BBE25BB2022A998009E7945 /* 14-6UITests */,
				8BBE259A2022A998009E7945 /* Products */,
			);
			sourceTree = "<group>";
		};
		8BBE259A2022A998009E7945 /* Products */ = {
			isa = PBXGroup;
			children = (
				8BBE25992022A998009E7945 /* 14-6.app */,
				8BBE25AD2022A998009E7945 /* 14-6Tests.xctest */,
				8BBE25B82022A998009E7945 /* 14-6UITests.xctest */,
			);
			name = Products;
			sourceTree = "<group>";
		};
		8BBE259B2022A998009E7945 /* 14-6 */ = {
			isa = PBXGroup;
			children = (
				8BBE259C2022A998009E7945 /* AppDelegate.swift */,
				8BBE259E2022A998009E7945 /* ViewController.swift */,
				8BBE25A02022A998009E7945 /* Main.storyboard */,
				8BBE25A32022A998009E7945 /* Assets.xcassets */,
				8BBE25A52022A998009E7945 /* LaunchScreen.storyboard */,
				8BBE25A82022A998009E7945 /* Info.plist */,
			);
			path = "14-6";
			sourceTree = "<group>";
		};
		8BBE25B02022A998009E7945 /* 14-6Tests */ = {
			isa = PBXGroup;
			children = (
				8BBE25B12022A998009E7945 /* _4_6Tests.swift */,
				8BBE25B32022A998009E7945 /* Info.plist */,
			);
			path = "14-6Tests";
			sourceTree = "<group>";
		};
		8BBE25BB2022A998009E7945 /* 14-6UITests */ = {
			isa = PBXGroup;
			children = (
				8BBE25BC2022A998009E7945 /* _4_6UITests.swift */,
				8BBE25BE2022A998009E7945 /* Info.plist */,
			);
			path = "14-6UITests";
			sourceTree = "<group>";
		};
/* End PBXGroup section */

/* Begin PBXNativeTarget section */
		8BBE25982022A998009E7945 /* 14-6 */ = {
			isa = PBXNativeTarget;
			buildConfigurationList = 8BBE25C12022A998009E7945 /* Build configuration list for PBXNativeTarget "14-6" */;
			buildPhases = (
				8BBE25952022A998009E7945 /* Sources */,
				8BBE25962022A998009E7945 /* Frameworks */,
				8BBE25972022A998009E7945 /* Resources */,
			);
			buildRules = (
			);
			dependencies = (
			);
			name = "14-6";
			productName = "14-6";
			productReference = 8BBE25992022A998009E7945 /* 14-6.app */;
			productType = "com.apple.product-type.application";
		};
		8BBE25AC2022A998009E7945 /* 14-6Tests */ = {
			isa = PBXNativeTarget;
			buildConfigurationList = 8BBE25C42022A998009E7945 /* Build configuration list for PBXNativeTarget "14-6Tests" */;
			buildPhases = (
				8BBE25A92022A998009E7945 /* Sources */,
				8BBE25AA2022A998009E7945 /* Frameworks */,
				8BBE25AB2022A998009E7945 /* Resources */,
			);
			buildRules = (
			);
			dependencies = (
				8BBE25AF2022A998009E7945 /* PBXTargetDependency */,
			);
			name = "14-6Tests";
			productName = "14-6Tests";
			productReference = 8BBE25AD2022A998009E7945 /* 14-6Tests.xctest */;
			productType = "com.apple.product-type.bundle.unit-test";
		};
		8BBE25B72022A998009E7945 /* 14-6UITests */ = {
			isa = PBXNativeTarget;
			buildConfigurationList = 8BBE25C72022A998009E7945 /* Build configuration list for PBXNativeTarget "14-6UITests" */;
			buildPhases = (
				8BBE25B42022A998009E7945 /* Sources */,
				8BBE25B52022A998009E7945 /* Frameworks */,
				8BBE25B62022A998009E7945 /* Resources */,
			);
			buildRules = (
			);
			dependencies = (
				8BBE25BA2022A998009E7945 /* PBXTargetDependency */,
			);
			name = "14-6UITests";
			productName = "14-6UITests";
			productReference = 8BBE25B82022A998009E7945 /* 14-6UITests.xctest */;
			productType = "com.apple.product-type.bundle.ui-testing";
		};
/* End PBXNativeTarget section */

/* Begin PBXProject section */
		8BBE25912022A998009E7945 /* Project object */ = {
			isa = PBXProject;
			attributes = {
				LastSwiftUpdateCheck = 0920;
				LastUpgradeCheck = 0920;
				ORGANIZATIONNAME = syuu;
				TargetAttributes = {
					8BBE25982022A998009E7945 = {
						CreatedOnToolsVersion = 9.2;
						ProvisioningStyle = Automatic;
					};
					8BBE25AC2022A998009E7945 = {
						CreatedOnToolsVersion = 9.2;
						ProvisioningStyle = Automatic;
						TestTargetID = 8BBE25982022A998009E7945;
					};
					8BBE25B72022A998009E7945 = {
						CreatedOnToolsVersion = 9.2;
						ProvisioningStyle = Automatic;
						TestTargetID = 8BBE25982022A998009E7945;
					};
				};
			};
			buildConfigurationList = 8BBE25942022A998009E7945 /* Build configuration list for PBXProject "14-6" */;
			compatibilityVersion = "Xcode 8.0";
			developmentRegion = en;
			hasScannedForEncodings = 0;
			knownRegions = (
				en,
				Base,
			);
			mainGroup = 8BBE25902022A998009E7945;
			productRefGroup = 8BBE259A2022A998009E7945 /* Products */;
			projectDirPath = "";
			projectRoot = "";
			targets = (
				8BBE25982022A998009E7945 /* 14-6 */,
				8BBE25AC2022A998009E7945 /* 14-6Tests */,
				8BBE25B72022A998009E7945 /* 14-6UITests */,
			);
		};
/* End PBXProject section */

/* Begin PBXResourcesBuildPhase section */
		8BBE25972022A998009E7945 /* Resources */ = {
			isa = PBXResourcesBuildPhase;
			buildActionMask = 2147483647;
			files = (
				8BBE25A72022A998009E7945 /* LaunchScreen.storyboard in Resources */,
				8BBE25A42022A998009E7945 /* Assets.xcassets in Resources */,
				8BBE25A22022A998009E7945 /* Main.storyboard in Resources */,
			);
			runOnlyForDeploymentPostprocessing = 0;
		};
		8BBE25AB2022A998009E7945 /* Resources */ = {
			isa = PBXResourcesBuildPhase;
			buildActionMask = 2147483647;
			files = (
			);
			runOnlyForDeploymentPostprocessing = 0;
		};
		8BBE25B62022A998009E7945 /* Resources */ = {
			isa = PBXResourcesBuildPhase;
			buildActionMask = 2147483647;
			files = (
			);
			runOnlyForDeploymentPostprocessing = 0;
		};
/* End PBXResourcesBuildPhase section */

/* Begin PBXSourcesBuildPhase section */
		8BBE25952022A998009E7945 /* Sources */ = {
			isa = PBXSourcesBuildPhase;
			buildActionMask = 2147483647;
			files = (
				8BBE259F2022A998009E7945 /* ViewController.swift in Sources */,
				8BBE259D2022A998009E7945 /* AppDelegate.swift in Sources */,
			);
			runOnlyForDeploymentPostprocessing = 0;
		};
		8BBE25A92022A998009E7945 /* Sources */ = {
			isa = PBXSourcesBuildPhase;
			buildActionMask = 2147483647;
			files = (
				8BBE25B22022A998009E7945 /* _4_6Tests.swift in Sources */,
			);
			runOnlyForDeploymentPostprocessing = 0;
		};
		8BBE25B42022A998009E7945 /* Sources */ = {
			isa = PBXSourcesBuildPhase;
			buildActionMask = 2147483647;
			files = (
				8BBE25BD2022A998009E7945 /* _4_6UITests.swift in Sources */,
			);
			runOnlyForDeploymentPostprocessing = 0;
		};
/* End PBXSourcesBuildPhase section */

/* Begin PBXTargetDependency section */
		8BBE25AF2022A998009E7945 /* PBXTargetDependency */ = {
			isa = PBXTargetDependency;
			target = 8BBE25982022A998009E7945 /* 14-6 */;
			targetProxy = 8BBE25AE2022A998009E7945 /* PBXContainerItemProxy */;
		};
		8BBE25BA2022A998009E7945 /* PBXTargetDependency */ = {
			isa = PBXTargetDependency;
			target = 8BBE25982022A998009E7945 /* 14-6 */;
			targetProxy = 8BBE25B92022A998009E7945 /* PBXContainerItemProxy */;
		};
/* End PBXTargetDependency section */

/* Begin PBXVariantGroup section */
		8BBE25A02022A998009E7945 /* Main.storyboard */ = {
			isa = PBXVariantGroup;
			children = (
				8BBE25A12022A998009E7945 /* Base */,
			);
			name = Main.storyboard;
			sourceTree = "<group>";
		};
		8BBE25A52022A998009E7945 /* LaunchScreen.storyboard */ = {
			isa = PBXVariantGroup;
			children = (
				8BBE25A62022A998009E7945 /* Base */,
			);
			name = LaunchScreen.storyboard;
			sourceTree = "<group>";
		};
/* End PBXVariantGroup section */

/* Begin XCBuildConfiguration section */
		8BBE25BF2022A998009E7945 /* Debug */ = {
			isa = XCBuildConfiguration;
			buildSettings = {
				ALWAYS_SEARCH_USER_PATHS = NO;
				CLANG_ANALYZER_NONNULL = YES;
				CLANG_ANALYZER_NUMBER_OBJECT_CONVERSION = YES_AGGRESSIVE;
				CLANG_CXX_LANGUAGE_STANDARD = "gnu++14";
				CLANG_CXX_LIBRARY = "libc++";
				CLANG_ENABLE_MODULES = YES;
				CLANG_ENABLE_OBJC_ARC = YES;
				CLANG_WARN_BLOCK_CAPTURE_AUTORELEASING = YES;
				CLANG_WARN_BOOL_CONVERSION = YES;
				CLANG_WARN_COMMA = YES;
				CLANG_WARN_CONSTANT_CONVERSION = YES;
				CLANG_WARN_DIRECT_OBJC_ISA_USAGE = YES_ERROR;
				CLANG_WARN_DOCUMENTATION_COMMENTS = YES;
				CLANG_WARN_EMPTY_BODY = YES;
				CLANG_WARN_ENUM_CONVERSION = YES;
				CLANG_WARN_INFINITE_RECURSION = YES;
				CLANG_WARN_INT_CONVERSION = YES;
				CLANG_WARN_NON_LITERAL_NULL_CONVERSION = YES;
				CLANG_WARN_OBJC_LITERAL_CONVERSION = YES;
				CLANG_WARN_OBJC_ROOT_CLASS = YES_ERROR;
				CLANG_WARN_RANGE_LOOP_ANALYSIS = YES;
				CLANG_WARN_STRICT_PROTOTYPES = YES;
				CLANG_WARN_SUSPICIOUS_MOVE = YES;
				CLANG_WARN_UNGUARDED_AVAILABILITY = YES_AGGRESSIVE;
				CLANG_WARN_UNREACHABLE_CODE = YES;
				CLANG_WARN__DUPLICATE_METHOD_MATCH = YES;
				CODE_SIGN_IDENTITY = "iPhone Developer";
				COPY_PHASE_STRIP = NO;
				DEBUG_INFORMATION_FORMAT = dwarf;
				ENABLE_STRICT_OBJC_MSGSEND = YES;
				ENABLE_TESTABILITY = YES;
				GCC_C_LANGUAGE_STANDARD = gnu11;
				GCC_DYNAMIC_NO_PIC = NO;
				GCC_NO_COMMON_BLOCKS = YES;
				GCC_OPTIMIZATION_LEVEL = 0;
				GCC_PREPROCESSOR_DEFINITIONS = (
					"DEBUG=1",
					"$(inherited)",
				);
				GCC_WARN_64_TO_32_BIT_CONVERSION = YES;
				GCC_WARN_ABOUT_RETURN_TYPE = YES_ERROR;
				GCC_WARN_UNDECLARED_SELECTOR = YES;
				GCC_WARN_UNINITIALIZED_AUTOS = YES_AGGRESSIVE;
				GCC_WARN_UNUSED_FUNCTION = YES;
				GCC_WARN_UNUSED_VARIABLE = YES;
				IPHONEOS_DEPLOYMENT_TARGET = 11.2;
				MTL_ENABLE_DEBUG_INFO = YES;
				ONLY_ACTIVE_ARCH = YES;
				SDKROOT = iphoneos;
				SWIFT_ACTIVE_COMPILATION_CONDITIONS = DEBUG;
				SWIFT_OPTIMIZATION_LEVEL = "-Onone";
			};
			name = Debug;
		};
		8BBE25C02022A998009E7945 /* Release */ = {
			isa = XCBuildConfiguration;
			buildSettings = {
				ALWAYS_SEARCH_USER_PATHS = NO;
				CLANG_ANALYZER_NONNULL = YES;
				CLANG_ANALYZER_NUMBER_OBJECT_CONVERSION = YES_AGGRESSIVE;
				CLANG_CXX_LANGUAGE_STANDARD = "gnu++14";
				CLANG_CXX_LIBRARY = "libc++";
				CLANG_ENABLE_MODULES = YES;
				CLANG_ENABLE_OBJC_ARC = YES;
				CLANG_WARN_BLOCK_CAPTURE_AUTORELEASING = YES;
				CLANG_WARN_BOOL_CONVERSION = YES;
				CLANG_WARN_COMMA = YES;
				CLANG_WARN_CONSTANT_CONVERSION = YES;
				CLANG_WARN_DIRECT_OBJC_ISA_USAGE = YES_ERROR;
				CLANG_WARN_DOCUMENTATION_COMMENTS = YES;
				CLANG_WARN_EMPTY_BODY = YES;
				CLANG_WARN_ENUM_CONVERSION = YES;
				CLANG_WARN_INFINITE_RECURSION = YES;
				CLANG_WARN_INT_CONVERSION = YES;
				CLANG_WARN_NON_LITERAL_NULL_CONVERSION = YES;
				CLANG_WARN_OBJC_LITERAL_CONVERSION = YES;
				CLANG_WARN_OBJC_ROOT_CLASS = YES_ERROR;
				CLANG_WARN_RANGE_LOOP_ANALYSIS = YES;
				CLANG_WARN_STRICT_PROTOTYPES = YES;
				CLANG_WARN_SUSPICIOUS_MOVE = YES;
				CLANG_WARN_UNGUARDED_AVAILABILITY = YES_AGGRESSIVE;
				CLANG_WARN_UNREACHABLE_CODE = YES;
				CLANG_WARN__DUPLICATE_METHOD_MATCH = YES;
				CODE_SIGN_IDENTITY = "iPhone Developer";
				COPY_PHASE_STRIP = NO;
				DEBUG_INFORMATION_FORMAT = "dwarf-with-dsym";
				ENABLE_NS_ASSERTIONS = NO;
				ENABLE_STRICT_OBJC_MSGSEND = YES;
				GCC_C_LANGUAGE_STANDARD = gnu11;
				GCC_NO_COMMON_BLOCKS = YES;
				GCC_WARN_64_TO_32_BIT_CONVERSION = YES;
				GCC_WARN_ABOUT_RETURN_TYPE = YES_ERROR;
				GCC_WARN_UNDECLARED_SELECTOR = YES;
				GCC_WARN_UNINITIALIZED_AUTOS = YES_AGGRESSIVE;
				GCC_WARN_UNUSED_FUNCTION = YES;
				GCC_WARN_UNUSED_VARIABLE = YES;
				IPHONEOS_DEPLOYMENT_TARGET = 11.2;
				MTL_ENABLE_DEBUG_INFO = NO;
				SDKROOT = iphoneos;
				SWIFT_OPTIMIZATION_LEVEL = "-Owholemodule";
				VALIDATE_PRODUCT = YES;
			};
			name = Release;
		};
		8BBE25C22022A998009E7945 /* Debug */ = {
			isa = XCBuildConfiguration;
			buildSettings = {
				ASSETCATALOG_COMPILER_APPICON_NAME = AppIcon;
				CODE_SIGN_STYLE = Automatic;
				DEVELOPMENT_TEAM = UBZS5QM339;
				INFOPLIST_FILE = "14-6/Info.plist";
				LD_RUNPATH_SEARCH_PATHS = "$(inherited) @executable_path/Frameworks";
				PRODUCT_BUNDLE_IDENTIFIER = "com.example.-4-6";
				PRODUCT_NAME = "$(TARGET_NAME)";
				SWIFT_VERSION = 4.0;
				TARGETED_DEVICE_FAMILY = "1,2";
			};
			name = Debug;
		};
		8BBE25C32022A998009E7945 /* Release */ = {
			isa = XCBuildConfiguration;
			buildSettings = {
				ASSETCATALOG_COMPILER_APPICON_NAME = AppIcon;
				CODE_SIGN_STYLE = Automatic;
				DEVELOPMENT_TEAM = UBZS5QM339;
				INFOPLIST_FILE = "14-6/Info.plist";
				LD_RUNPATH_SEARCH_PATHS = "$(inherited) @executable_path/Frameworks";
				PRODUCT_BUNDLE_IDENTIFIER = "com.example.-4-6";
				PRODUCT_NAME = "$(TARGET_NAME)";
				SWIFT_VERSION = 4.0;
				TARGETED_DEVICE_FAMILY = "1,2";
			};
			name = Release;
		};
		8BBE25C52022A998009E7945 /* Debug */ = {
			isa = XCBuildConfiguration;
			buildSettings = {
				ALWAYS_EMBED_SWIFT_STANDARD_LIBRARIES = YES;
				BUNDLE_LOADER = "$(TEST_HOST)";
				CODE_SIGN_STYLE = Automatic;
				DEVELOPMENT_TEAM = UBZS5QM339;
				INFOPLIST_FILE = "14-6Tests/Info.plist";
				LD_RUNPATH_SEARCH_PATHS = "$(inherited) @executable_path/Frameworks @loader_path/Frameworks";
				PRODUCT_BUNDLE_IDENTIFIER = "com.example.-4-6Tests";
				PRODUCT_NAME = "$(TARGET_NAME)";
				SWIFT_VERSION = 4.0;
				TARGETED_DEVICE_FAMILY = "1,2";
				TEST_HOST = "$(BUILT_PRODUCTS_DIR)/14-6.app/14-6";
			};
			name = Debug;
		};
		8BBE25C62022A998009E7945 /* Release */ = {
			isa = XCBuildConfiguration;
			buildSettings = {
				ALWAYS_EMBED_SWIFT_STANDARD_LIBRARIES = YES;
				BUNDLE_LOADER = "$(TEST_HOST)";
				CODE_SIGN_STYLE = Automatic;
				DEVELOPMENT_TEAM = UBZS5QM339;
				INFOPLIST_FILE = "14-6Tests/Info.plist";
				LD_RUNPATH_SEARCH_PATHS = "$(inherited) @executable_path/Frameworks @loader_path/Frameworks";
				PRODUCT_BUNDLE_IDENTIFIER = "com.example.-4-6Tests";
				PRODUCT_NAME = "$(TARGET_NAME)";
				SWIFT_VERSION = 4.0;
				TARGETED_DEVICE_FAMILY = "1,2";
				TEST_HOST = "$(BUILT_PRODUCTS_DIR)/14-6.app/14-6";
			};
			name = Release;
		};
		8BBE25C82022A998009E7945 /* Debug */ = {
			isa = XCBuildConfiguration;
			buildSettings = {
				ALWAYS_EMBED_SWIFT_STANDARD_LIBRARIES = YES;
				CODE_SIGN_STYLE = Automatic;
				DEVELOPMENT_TEAM = UBZS5QM339;
				INFOPLIST_FILE = "14-6UITests/Info.plist";
				LD_RUNPATH_SEARCH_PATHS = "$(inherited) @executable_path/Frameworks @loader_path/Frameworks";
				PRODUCT_BUNDLE_IDENTIFIER = "com.example.-4-6UITests";
				PRODUCT_NAME = "$(TARGET_NAME)";
				SWIFT_VERSION = 4.0;
				TARGETED_DEVICE_FAMILY = "1,2";
				TEST_TARGET_NAME = "14-6";
			};
			name = Debug;
		};
		8BBE25C92022A998009E7945 /* Release */ = {
			isa = XCBuildConfiguration;
			buildSettings = {
				ALWAYS_EMBED_SWIFT_STANDARD_LIBRARIES = YES;
				CODE_SIGN_STYLE = Automatic;
				DEVELOPMENT_TEAM = UBZS5QM339;
				INFOPLIST_FILE = "14-6UITests/Info.plist";
				LD_RUNPATH_SEARCH_PATHS = "$(inherited) @executable_path/Frameworks @loader_path/Frameworks";
				PRODUCT_BUNDLE_IDENTIFIER = "com.example.-4-6UITests";
				PRODUCT_NAME = "$(TARGET_NAME)";
				SWIFT_VERSION = 4.0;
				TARGETED_DEVICE_FAMILY = "1,2";
				TEST_TARGET_NAME = "14-6";
			};
			name = Release;
		};
/* End XCBuildConfiguration section */

/* Begin XCConfigurationList section */
		8BBE25942022A998009E7945 /* Build configuration list for PBXProject "14-6" */ = {
			isa = XCConfigurationList;
			buildConfigurations = (
				8BBE25BF2022A998009E7945 /* Debug */,
				8BBE25C02022A998009E7945 /* Release */,
			);
			defaultConfigurationIsVisible = 0;
			defaultConfigurationName = Release;
		};
		8BBE25C12022A998009E7945 /* Build configuration list for PBXNativeTarget "14-6" */ = {
			isa = XCConfigurationList;
			buildConfigurations = (
				8BBE25C22022A998009E7945 /* Debug */,
				8BBE25C32022A998009E7945 /* Release */,
			);
			defaultConfigurationIsVisible = 0;
			defaultConfigurationName = Release;
		};
		8BBE25C42022A998009E7945 /* Build configuration list for PBXNativeTarget "14-6Tests" */ = {
			isa = XCConfigurationList;
			buildConfigurations = (
				8BBE25C52022A998009E7945 /* Debug */,
				8BBE25C62022A998009E7945 /* Release */,
			);
			defaultConfigurationIsVisible = 0;
			defaultConfigurationName = Release;
		};
		8BBE25C72022A998009E7945 /* Build configuration list for PBXNativeTarget "14-6UITests" */ = {
			isa = XCConfigurationList;
			buildConfigurations = (
				8BBE25C82022A998009E7945 /* Debug */,
				8BBE25C92022A998009E7945 /* Release */,
			);
			defaultConfigurationIsVisible = 0;
			defaultConfigurationName = Release;
		};
/* End XCConfigurationList section */
	};
	rootObject = 8BBE25912022A998009E7945 /* Project object */;
}
