// !$*UTF8*$!
{
	archiveVersion = 1;
	classes = {
	};
	objectVersion = 48;
	objects = {

/* Begin PBXBuildFile section */
		8B4E84EC200BA978002F410D /* AppDelegate.swift in Sources */ = {isa = PBXBuildFile; fileRef = 8B4E84EB200BA978002F410D /* AppDelegate.swift */; };
		8B4E84EE200BA978002F410D /* ViewController.swift in Sources */ = {isa = PBXBuildFile; fileRef = 8B4E84ED200BA978002F410D /* ViewController.swift */; };
		8B4E84F1200BA978002F410D /* Main.storyboard in Resources */ = {isa = PBXBuildFile; fileRef = 8B4E84EF200BA978002F410D /* Main.storyboard */; };
		8B4E84F3200BA978002F410D /* Assets.xcassets in Resources */ = {isa = PBXBuildFile; fileRef = 8B4E84F2200BA978002F410D /* Assets.xcassets */; };
		8B4E84F6200BA978002F410D /* LaunchScreen.storyboard in Resources */ = {isa = PBXBuildFile; fileRef = 8B4E84F4200BA978002F410D /* LaunchScreen.storyboard */; };
		8B4E8501200BA979002F410D /* UIswitch___12_5Tests.swift in Sources */ = {isa = PBXBuildFile; fileRef = 8B4E8500200BA979002F410D /* UIswitch___12_5Tests.swift */; };
		8B4E850C200BA979002F410D /* UIswitch___12_5UITests.swift in Sources */ = {isa = PBXBuildFile; fileRef = 8B4E850B200BA979002F410D /* UIswitch___12_5UITests.swift */; };
/* End PBXBuildFile section */

/* Begin PBXContainerItemProxy section */
		8B4E84FD200BA979002F410D /* PBXContainerItemProxy */ = {
			isa = PBXContainerItemProxy;
			containerPortal = 8B4E84E0200BA978002F410D /* Project object */;
			proxyType = 1;
			remoteGlobalIDString = 8B4E84E7200BA978002F410D;
			remoteInfo = "UIswitchクラス12-5";
		};
		8B4E8508200BA979002F410D /* PBXContainerItemProxy */ = {
			isa = PBXContainerItemProxy;
			containerPortal = 8B4E84E0200BA978002F410D /* Project object */;
			proxyType = 1;
			remoteGlobalIDString = 8B4E84E7200BA978002F410D;
			remoteInfo = "UIswitchクラス12-5";
		};
/* End PBXContainerItemProxy section */

/* Begin PBXFileReference section */
		8B4E84E8200BA978002F410D /* UIswitchクラス12-5.app */ = {isa = PBXFileReference; explicitFileType = wrapper.application; includeInIndex = 0; path = "UIswitchクラス12-5.app"; sourceTree = BUILT_PRODUCTS_DIR; };
		8B4E84EB200BA978002F410D /* AppDelegate.swift */ = {isa = PBXFileReference; lastKnownFileType = sourcecode.swift; path = AppDelegate.swift; sourceTree = "<group>"; };
		8B4E84ED200BA978002F410D /* ViewController.swift */ = {isa = PBXFileReference; lastKnownFileType = sourcecode.swift; path = ViewController.swift; sourceTree = "<group>"; };
		8B4E84F0200BA978002F410D /* Base */ = {isa = PBXFileReference; lastKnownFileType = file.storyboard; name = Base; path = Base.lproj/Main.storyboard; sourceTree = "<group>"; };
		8B4E84F2200BA978002F410D /* Assets.xcassets */ = {isa = PBXFileReference; lastKnownFileType = folder.assetcatalog; path = Assets.xcassets; sourceTree = "<group>"; };
		8B4E84F5200BA978002F410D /* Base */ = {isa = PBXFileReference; lastKnownFileType = file.storyboard; name = Base; path = Base.lproj/LaunchScreen.storyboard; sourceTree = "<group>"; };
		8B4E84F7200BA978002F410D /* Info.plist */ = {isa = PBXFileReference; lastKnownFileType = text.plist.xml; path = Info.plist; sourceTree = "<group>"; };
		8B4E84FC200BA979002F410D /* UIswitchクラス12-5Tests.xctest */ = {isa = PBXFileReference; explicitFileType = wrapper.cfbundle; includeInIndex = 0; path = "UIswitchクラス12-5Tests.xctest"; sourceTree = BUILT_PRODUCTS_DIR; };
		8B4E8500200BA979002F410D /* UIswitch___12_5Tests.swift */ = {isa = PBXFileReference; lastKnownFileType = sourcecode.swift; path = "UIswitch___12_5Tests.swift"; sourceTree = "<group>"; };
		8B4E8502200BA979002F410D /* Info.plist */ = {isa = PBXFileReference; lastKnownFileType = text.plist.xml; path = Info.plist; sourceTree = "<group>"; };
		8B4E8507200BA979002F410D /* UIswitchクラス12-5UITests.xctest */ = {isa = PBXFileReference; explicitFileType = wrapper.cfbundle; includeInIndex = 0; path = "UIswitchクラス12-5UITests.xctest"; sourceTree = BUILT_PRODUCTS_DIR; };
		8B4E850B200BA979002F410D /* UIswitch___12_5UITests.swift */ = {isa = PBXFileReference; lastKnownFileType = sourcecode.swift; path = "UIswitch___12_5UITests.swift"; sourceTree = "<group>"; };
		8B4E850D200BA979002F410D /* Info.plist */ = {isa = PBXFileReference; lastKnownFileType = text.plist.xml; path = Info.plist; sourceTree = "<group>"; };
/* End PBXFileReference section */

/* Begin PBXFrameworksBuildPhase section */
		8B4E84E5200BA978002F410D /* Frameworks */ = {
			isa = PBXFrameworksBuildPhase;
			buildActionMask = 2147483647;
			files = (
			);
			runOnlyForDeploymentPostprocessing = 0;
		};
		8B4E84F9200BA979002F410D /* Frameworks */ = {
			isa = PBXFrameworksBuildPhase;
			buildActionMask = 2147483647;
			files = (
			);
			runOnlyForDeploymentPostprocessing = 0;
		};
		8B4E8504200BA979002F410D /* Frameworks */ = {
			isa = PBXFrameworksBuildPhase;
			buildActionMask = 2147483647;
			files = (
			);
			runOnlyForDeploymentPostprocessing = 0;
		};
/* End PBXFrameworksBuildPhase section */

/* Begin PBXGroup section */
		8B4E84DF200BA978002F410D = {
			isa = PBXGroup;
			children = (
				8B4E84EA200BA978002F410D /* UIswitchクラス12-5 */,
				8B4E84FF200BA979002F410D /* UIswitchクラス12-5Tests */,
				8B4E850A200BA979002F410D /* UIswitchクラス12-5UITests */,
				8B4E84E9200BA978002F410D /* Products */,
			);
			sourceTree = "<group>";
		};
		8B4E84E9200BA978002F410D /* Products */ = {
			isa = PBXGroup;
			children = (
				8B4E84E8200BA978002F410D /* UIswitchクラス12-5.app */,
				8B4E84FC200BA979002F410D /* UIswitchクラス12-5Tests.xctest */,
				8B4E8507200BA979002F410D /* UIswitchクラス12-5UITests.xctest */,
			);
			name = Products;
			sourceTree = "<group>";
		};
		8B4E84EA200BA978002F410D /* UIswitchクラス12-5 */ = {
			isa = PBXGroup;
			children = (
				8B4E84EB200BA978002F410D /* AppDelegate.swift */,
				8B4E84ED200BA978002F410D /* ViewController.swift */,
				8B4E84EF200BA978002F410D /* Main.storyboard */,
				8B4E84F2200BA978002F410D /* Assets.xcassets */,
				8B4E84F4200BA978002F410D /* LaunchScreen.storyboard */,
				8B4E84F7200BA978002F410D /* Info.plist */,
			);
			path = "UIswitchクラス12-5";
			sourceTree = "<group>";
		};
		8B4E84FF200BA979002F410D /* UIswitchクラス12-5Tests */ = {
			isa = PBXGroup;
			children = (
				8B4E8500200BA979002F410D /* UIswitch___12_5Tests.swift */,
				8B4E8502200BA979002F410D /* Info.plist */,
			);
			path = "UIswitchクラス12-5Tests";
			sourceTree = "<group>";
		};
		8B4E850A200BA979002F410D /* UIswitchクラス12-5UITests */ = {
			isa = PBXGroup;
			children = (
				8B4E850B200BA979002F410D /* UIswitch___12_5UITests.swift */,
				8B4E850D200BA979002F410D /* Info.plist */,
			);
			path = "UIswitchクラス12-5UITests";
			sourceTree = "<group>";
		};
/* End PBXGroup section */

/* Begin PBXNativeTarget section */
		8B4E84E7200BA978002F410D /* UIswitchクラス12-5 */ = {
			isa = PBXNativeTarget;
			buildConfigurationList = 8B4E8510200BA979002F410D /* Build configuration list for PBXNativeTarget "UIswitchクラス12-5" */;
			buildPhases = (
				8B4E84E4200BA978002F410D /* Sources */,
				8B4E84E5200BA978002F410D /* Frameworks */,
				8B4E84E6200BA978002F410D /* Resources */,
			);
			buildRules = (
			);
			dependencies = (
			);
			name = "UIswitchクラス12-5";
			productName = "UIswitchクラス12-5";
			productReference = 8B4E84E8200BA978002F410D /* UIswitchクラス12-5.app */;
			productType = "com.apple.product-type.application";
		};
		8B4E84FB200BA979002F410D /* UIswitchクラス12-5Tests */ = {
			isa = PBXNativeTarget;
			buildConfigurationList = 8B4E8513200BA979002F410D /* Build configuration list for PBXNativeTarget "UIswitchクラス12-5Tests" */;
			buildPhases = (
				8B4E84F8200BA979002F410D /* Sources */,
				8B4E84F9200BA979002F410D /* Frameworks */,
				8B4E84FA200BA979002F410D /* Resources */,
			);
			buildRules = (
			);
			dependencies = (
				8B4E84FE200BA979002F410D /* PBXTargetDependency */,
			);
			name = "UIswitchクラス12-5Tests";
			productName = "UIswitchクラス12-5Tests";
			productReference = 8B4E84FC200BA979002F410D /* UIswitchクラス12-5Tests.xctest */;
			productType = "com.apple.product-type.bundle.unit-test";
		};
		8B4E8506200BA979002F410D /* UIswitchクラス12-5UITests */ = {
			isa = PBXNativeTarget;
			buildConfigurationList = 8B4E8516200BA979002F410D /* Build configuration list for PBXNativeTarget "UIswitchクラス12-5UITests" */;
			buildPhases = (
				8B4E8503200BA979002F410D /* Sources */,
				8B4E8504200BA979002F410D /* Frameworks */,
				8B4E8505200BA979002F410D /* Resources */,
			);
			buildRules = (
			);
			dependencies = (
				8B4E8509200BA979002F410D /* PBXTargetDependency */,
			);
			name = "UIswitchクラス12-5UITests";
			productName = "UIswitchクラス12-5UITests";
			productReference = 8B4E8507200BA979002F410D /* UIswitchクラス12-5UITests.xctest */;
			productType = "com.apple.product-type.bundle.ui-testing";
		};
/* End PBXNativeTarget section */

/* Begin PBXProject section */
		8B4E84E0200BA978002F410D /* Project object */ = {
			isa = PBXProject;
			attributes = {
				LastSwiftUpdateCheck = 0920;
				LastUpgradeCheck = 0920;
				ORGANIZATIONNAME = syuu;
				TargetAttributes = {
					8B4E84E7200BA978002F410D = {
						CreatedOnToolsVersion = 9.2;
						ProvisioningStyle = Automatic;
					};
					8B4E84FB200BA979002F410D = {
						CreatedOnToolsVersion = 9.2;
						ProvisioningStyle = Automatic;
						TestTargetID = 8B4E84E7200BA978002F410D;
					};
					8B4E8506200BA979002F410D = {
						CreatedOnToolsVersion = 9.2;
						ProvisioningStyle = Automatic;
						TestTargetID = 8B4E84E7200BA978002F410D;
					};
				};
			};
			buildConfigurationList = 8B4E84E3200BA978002F410D /* Build configuration list for PBXProject "UIswitchクラス12-5" */;
			compatibilityVersion = "Xcode 8.0";
			developmentRegion = en;
			hasScannedForEncodings = 0;
			knownRegions = (
				en,
				Base,
			);
			mainGroup = 8B4E84DF200BA978002F410D;
			productRefGroup = 8B4E84E9200BA978002F410D /* Products */;
			projectDirPath = "";
			projectRoot = "";
			targets = (
				8B4E84E7200BA978002F410D /* UIswitchクラス12-5 */,
				8B4E84FB200BA979002F410D /* UIswitchクラス12-5Tests */,
				8B4E8506200BA979002F410D /* UIswitchクラス12-5UITests */,
			);
		};
/* End PBXProject section */

/* Begin PBXResourcesBuildPhase section */
		8B4E84E6200BA978002F410D /* Resources */ = {
			isa = PBXResourcesBuildPhase;
			buildActionMask = 2147483647;
			files = (
				8B4E84F6200BA978002F410D /* LaunchScreen.storyboard in Resources */,
				8B4E84F3200BA978002F410D /* Assets.xcassets in Resources */,
				8B4E84F1200BA978002F410D /* Main.storyboard in Resources */,
			);
			runOnlyForDeploymentPostprocessing = 0;
		};
		8B4E84FA200BA979002F410D /* Resources */ = {
			isa = PBXResourcesBuildPhase;
			buildActionMask = 2147483647;
			files = (
			);
			runOnlyForDeploymentPostprocessing = 0;
		};
		8B4E8505200BA979002F410D /* Resources */ = {
			isa = PBXResourcesBuildPhase;
			buildActionMask = 2147483647;
			files = (
			);
			runOnlyForDeploymentPostprocessing = 0;
		};
/* End PBXResourcesBuildPhase section */

/* Begin PBXSourcesBuildPhase section */
		8B4E84E4200BA978002F410D /* Sources */ = {
			isa = PBXSourcesBuildPhase;
			buildActionMask = 2147483647;
			files = (
				8B4E84EE200BA978002F410D /* ViewController.swift in Sources */,
				8B4E84EC200BA978002F410D /* AppDelegate.swift in Sources */,
			);
			runOnlyForDeploymentPostprocessing = 0;
		};
		8B4E84F8200BA979002F410D /* Sources */ = {
			isa = PBXSourcesBuildPhase;
			buildActionMask = 2147483647;
			files = (
				8B4E8501200BA979002F410D /* UIswitch___12_5Tests.swift in Sources */,
			);
			runOnlyForDeploymentPostprocessing = 0;
		};
		8B4E8503200BA979002F410D /* Sources */ = {
			isa = PBXSourcesBuildPhase;
			buildActionMask = 2147483647;
			files = (
				8B4E850C200BA979002F410D /* UIswitch___12_5UITests.swift in Sources */,
			);
			runOnlyForDeploymentPostprocessing = 0;
		};
/* End PBXSourcesBuildPhase section */

/* Begin PBXTargetDependency section */
		8B4E84FE200BA979002F410D /* PBXTargetDependency */ = {
			isa = PBXTargetDependency;
			target = 8B4E84E7200BA978002F410D /* UIswitchクラス12-5 */;
			targetProxy = 8B4E84FD200BA979002F410D /* PBXContainerItemProxy */;
		};
		8B4E8509200BA979002F410D /* PBXTargetDependency */ = {
			isa = PBXTargetDependency;
			target = 8B4E84E7200BA978002F410D /* UIswitchクラス12-5 */;
			targetProxy = 8B4E8508200BA979002F410D /* PBXContainerItemProxy */;
		};
/* End PBXTargetDependency section */

/* Begin PBXVariantGroup section */
		8B4E84EF200BA978002F410D /* Main.storyboard */ = {
			isa = PBXVariantGroup;
			children = (
				8B4E84F0200BA978002F410D /* Base */,
			);
			name = Main.storyboard;
			sourceTree = "<group>";
		};
		8B4E84F4200BA978002F410D /* LaunchScreen.storyboard */ = {
			isa = PBXVariantGroup;
			children = (
				8B4E84F5200BA978002F410D /* Base */,
			);
			name = LaunchScreen.storyboard;
			sourceTree = "<group>";
		};
/* End PBXVariantGroup section */

/* Begin XCBuildConfiguration section */
		8B4E850E200BA979002F410D /* Debug */ = {
			isa = XCBuildConfiguration;
			buildSettings = {
				ALWAYS_SEARCH_USER_PATHS = NO;
				CLANG_ANALYZER_NONNULL = YES;
				CLANG_ANALYZER_NUMBER_OBJECT_CONVERSION = YES_AGGRESSIVE;
				CLANG_CXX_LANGUAGE_STANDARD = "gnu++14";
				CLANG_CXX_LIBRARY = "libc++";
				CLANG_ENABLE_MODULES = YES;
				CLANG_ENABLE_OBJC_ARC = YES;
				CLANG_WARN_BLOCK_CAPTURE_AUTORELEASING = YES;
				CLANG_WARN_BOOL_CONVERSION = YES;
				CLANG_WARN_COMMA = YES;
				CLANG_WARN_CONSTANT_CONVERSION = YES;
				CLANG_WARN_DIRECT_OBJC_ISA_USAGE = YES_ERROR;
				CLANG_WARN_DOCUMENTATION_COMMENTS = YES;
				CLANG_WARN_EMPTY_BODY = YES;
				CLANG_WARN_ENUM_CONVERSION = YES;
				CLANG_WARN_INFINITE_RECURSION = YES;
				CLANG_WARN_INT_CONVERSION = YES;
				CLANG_WARN_NON_LITERAL_NULL_CONVERSION = YES;
				CLANG_WARN_OBJC_LITERAL_CONVERSION = YES;
				CLANG_WARN_OBJC_ROOT_CLASS = YES_ERROR;
				CLANG_WARN_RANGE_LOOP_ANALYSIS = YES;
				CLANG_WARN_STRICT_PROTOTYPES = YES;
				CLANG_WARN_SUSPICIOUS_MOVE = YES;
				CLANG_WARN_UNGUARDED_AVAILABILITY = YES_AGGRESSIVE;
				CLANG_WARN_UNREACHABLE_CODE = YES;
				CLANG_WARN__DUPLICATE_METHOD_MATCH = YES;
				CODE_SIGN_IDENTITY = "iPhone Developer";
				COPY_PHASE_STRIP = NO;
				DEBUG_INFORMATION_FORMAT = dwarf;
				ENABLE_STRICT_OBJC_MSGSEND = YES;
				ENABLE_TESTABILITY = YES;
				GCC_C_LANGUAGE_STANDARD = gnu11;
				GCC_DYNAMIC_NO_PIC = NO;
				GCC_NO_COMMON_BLOCKS = YES;
				GCC_OPTIMIZATION_LEVEL = 0;
				GCC_PREPROCESSOR_DEFINITIONS = (
					"DEBUG=1",
					"$(inherited)",
				);
				GCC_WARN_64_TO_32_BIT_CONVERSION = YES;
				GCC_WARN_ABOUT_RETURN_TYPE = YES_ERROR;
				GCC_WARN_UNDECLARED_SELECTOR = YES;
				GCC_WARN_UNINITIALIZED_AUTOS = YES_AGGRESSIVE;
				GCC_WARN_UNUSED_FUNCTION = YES;
				GCC_WARN_UNUSED_VARIABLE = YES;
				IPHONEOS_DEPLOYMENT_TARGET = 11.2;
				MTL_ENABLE_DEBUG_INFO = YES;
				ONLY_ACTIVE_ARCH = YES;
				SDKROOT = iphoneos;
				SWIFT_ACTIVE_COMPILATION_CONDITIONS = DEBUG;
				SWIFT_OPTIMIZATION_LEVEL = "-Onone";
			};
			name = Debug;
		};
		8B4E850F200BA979002F410D /* Release */ = {
			isa = XCBuildConfiguration;
			buildSettings = {
				ALWAYS_SEARCH_USER_PATHS = NO;
				CLANG_ANALYZER_NONNULL = YES;
				CLANG_ANALYZER_NUMBER_OBJECT_CONVERSION = YES_AGGRESSIVE;
				CLANG_CXX_LANGUAGE_STANDARD = "gnu++14";
				CLANG_CXX_LIBRARY = "libc++";
				CLANG_ENABLE_MODULES = YES;
				CLANG_ENABLE_OBJC_ARC = YES;
				CLANG_WARN_BLOCK_CAPTURE_AUTORELEASING = YES;
				CLANG_WARN_BOOL_CONVERSION = YES;
				CLANG_WARN_COMMA = YES;
				CLANG_WARN_CONSTANT_CONVERSION = YES;
				CLANG_WARN_DIRECT_OBJC_ISA_USAGE = YES_ERROR;
				CLANG_WARN_DOCUMENTATION_COMMENTS = YES;
				CLANG_WARN_EMPTY_BODY = YES;
				CLANG_WARN_ENUM_CONVERSION = YES;
				CLANG_WARN_INFINITE_RECURSION = YES;
				CLANG_WARN_INT_CONVERSION = YES;
				CLANG_WARN_NON_LITERAL_NULL_CONVERSION = YES;
				CLANG_WARN_OBJC_LITERAL_CONVERSION = YES;
				CLANG_WARN_OBJC_ROOT_CLASS = YES_ERROR;
				CLANG_WARN_RANGE_LOOP_ANALYSIS = YES;
				CLANG_WARN_STRICT_PROTOTYPES = YES;
				CLANG_WARN_SUSPICIOUS_MOVE = YES;
				CLANG_WARN_UNGUARDED_AVAILABILITY = YES_AGGRESSIVE;
				CLANG_WARN_UNREACHABLE_CODE = YES;
				CLANG_WARN__DUPLICATE_METHOD_MATCH = YES;
				CODE_SIGN_IDENTITY = "iPhone Developer";
				COPY_PHASE_STRIP = NO;
				DEBUG_INFORMATION_FORMAT = "dwarf-with-dsym";
				ENABLE_NS_ASSERTIONS = NO;
				ENABLE_STRICT_OBJC_MSGSEND = YES;
				GCC_C_LANGUAGE_STANDARD = gnu11;
				GCC_NO_COMMON_BLOCKS = YES;
				GCC_WARN_64_TO_32_BIT_CONVERSION = YES;
				GCC_WARN_ABOUT_RETURN_TYPE = YES_ERROR;
				GCC_WARN_UNDECLARED_SELECTOR = YES;
				GCC_WARN_UNINITIALIZED_AUTOS = YES_AGGRESSIVE;
				GCC_WARN_UNUSED_FUNCTION = YES;
				GCC_WARN_UNUSED_VARIABLE = YES;
				IPHONEOS_DEPLOYMENT_TARGET = 11.2;
				MTL_ENABLE_DEBUG_INFO = NO;
				SDKROOT = iphoneos;
				SWIFT_OPTIMIZATION_LEVEL = "-Owholemodule";
				VALIDATE_PRODUCT = YES;
			};
			name = Release;
		};
		8B4E8511200BA979002F410D /* Debug */ = {
			isa = XCBuildConfiguration;
			buildSettings = {
				ASSETCATALOG_COMPILER_APPICON_NAME = AppIcon;
				CODE_SIGN_STYLE = Automatic;
				DEVELOPMENT_TEAM = 7AQC3S7NV6;
				INFOPLIST_FILE = "UIswitchクラス12-5/Info.plist";
				LD_RUNPATH_SEARCH_PATHS = "$(inherited) @executable_path/Frameworks";
				PRODUCT_BUNDLE_IDENTIFIER = "com.example.UIswitch---12-5";
				PRODUCT_NAME = "$(TARGET_NAME)";
				SWIFT_VERSION = 4.0;
				TARGETED_DEVICE_FAMILY = "1,2";
			};
			name = Debug;
		};
		8B4E8512200BA979002F410D /* Release */ = {
			isa = XCBuildConfiguration;
			buildSettings = {
				ASSETCATALOG_COMPILER_APPICON_NAME = AppIcon;
				CODE_SIGN_STYLE = Automatic;
				DEVELOPMENT_TEAM = 7AQC3S7NV6;
				INFOPLIST_FILE = "UIswitchクラス12-5/Info.plist";
				LD_RUNPATH_SEARCH_PATHS = "$(inherited) @executable_path/Frameworks";
				PRODUCT_BUNDLE_IDENTIFIER = "com.example.UIswitch---12-5";
				PRODUCT_NAME = "$(TARGET_NAME)";
				SWIFT_VERSION = 4.0;
				TARGETED_DEVICE_FAMILY = "1,2";
			};
			name = Release;
		};
		8B4E8514200BA979002F410D /* Debug */ = {
			isa = XCBuildConfiguration;
			buildSettings = {
				ALWAYS_EMBED_SWIFT_STANDARD_LIBRARIES = YES;
				BUNDLE_LOADER = "$(TEST_HOST)";
				CODE_SIGN_STYLE = Automatic;
				DEVELOPMENT_TEAM = 7AQC3S7NV6;
				INFOPLIST_FILE = "UIswitchクラス12-5Tests/Info.plist";
				LD_RUNPATH_SEARCH_PATHS = "$(inherited) @executable_path/Frameworks @loader_path/Frameworks";
				PRODUCT_BUNDLE_IDENTIFIER = "com.example.UIswitch---12-5Tests";
				PRODUCT_NAME = "$(TARGET_NAME)";
				SWIFT_VERSION = 4.0;
				TARGETED_DEVICE_FAMILY = "1,2";
				TEST_HOST = "$(BUILT_PRODUCTS_DIR)/UIswitchクラス12-5.app/UIswitchクラス12-5";
			};
			name = Debug;
		};
		8B4E8515200BA979002F410D /* Release */ = {
			isa = XCBuildConfiguration;
			buildSettings = {
				ALWAYS_EMBED_SWIFT_STANDARD_LIBRARIES = YES;
				BUNDLE_LOADER = "$(TEST_HOST)";
				CODE_SIGN_STYLE = Automatic;
				DEVELOPMENT_TEAM = 7AQC3S7NV6;
				INFOPLIST_FILE = "UIswitchクラス12-5Tests/Info.plist";
				LD_RUNPATH_SEARCH_PATHS = "$(inherited) @executable_path/Frameworks @loader_path/Frameworks";
				PRODUCT_BUNDLE_IDENTIFIER = "com.example.UIswitch---12-5Tests";
				PRODUCT_NAME = "$(TARGET_NAME)";
				SWIFT_VERSION = 4.0;
				TARGETED_DEVICE_FAMILY = "1,2";
				TEST_HOST = "$(BUILT_PRODUCTS_DIR)/UIswitchクラス12-5.app/UIswitchクラス12-5";
			};
			name = Release;
		};
		8B4E8517200BA979002F410D /* Debug */ = {
			isa = XCBuildConfiguration;
			buildSettings = {
				ALWAYS_EMBED_SWIFT_STANDARD_LIBRARIES = YES;
				CODE_SIGN_STYLE = Automatic;
				DEVELOPMENT_TEAM = 7AQC3S7NV6;
				INFOPLIST_FILE = "UIswitchクラス12-5UITests/Info.plist";
				LD_RUNPATH_SEARCH_PATHS = "$(inherited) @executable_path/Frameworks @loader_path/Frameworks";
				PRODUCT_BUNDLE_IDENTIFIER = "com.example.UIswitch---12-5UITests";
				PRODUCT_NAME = "$(TARGET_NAME)";
				SWIFT_VERSION = 4.0;
				TARGETED_DEVICE_FAMILY = "1,2";
				TEST_TARGET_NAME = "UIswitchクラス12-5";
			};
			name = Debug;
		};
		8B4E8518200BA979002F410D /* Release */ = {
			isa = XCBuildConfiguration;
			buildSettings = {
				ALWAYS_EMBED_SWIFT_STANDARD_LIBRARIES = YES;
				CODE_SIGN_STYLE = Automatic;
				DEVELOPMENT_TEAM = 7AQC3S7NV6;
				INFOPLIST_FILE = "UIswitchクラス12-5UITests/Info.plist";
				LD_RUNPATH_SEARCH_PATHS = "$(inherited) @executable_path/Frameworks @loader_path/Frameworks";
				PRODUCT_BUNDLE_IDENTIFIER = "com.example.UIswitch---12-5UITests";
				PRODUCT_NAME = "$(TARGET_NAME)";
				SWIFT_VERSION = 4.0;
				TARGETED_DEVICE_FAMILY = "1,2";
				TEST_TARGET_NAME = "UIswitchクラス12-5";
			};
			name = Release;
		};
/* End XCBuildConfiguration section */

/* Begin XCConfigurationList section */
		8B4E84E3200BA978002F410D /* Build configuration list for PBXProject "UIswitchクラス12-5" */ = {
			isa = XCConfigurationList;
			buildConfigurations = (
				8B4E850E200BA979002F410D /* Debug */,
				8B4E850F200BA979002F410D /* Release */,
			);
			defaultConfigurationIsVisible = 0;
			defaultConfigurationName = Release;
		};
		8B4E8510200BA979002F410D /* Build configuration list for PBXNativeTarget "UIswitchクラス12-5" */ = {
			isa = XCConfigurationList;
			buildConfigurations = (
				8B4E8511200BA979002F410D /* Debug */,
				8B4E8512200BA979002F410D /* Release */,
			);
			defaultConfigurationIsVisible = 0;
			defaultConfigurationName = Release;
		};
		8B4E8513200BA979002F410D /* Build configuration list for PBXNativeTarget "UIswitchクラス12-5Tests" */ = {
			isa = XCConfigurationList;
			buildConfigurations = (
				8B4E8514200BA979002F410D /* Debug */,
				8B4E8515200BA979002F410D /* Release */,
			);
			defaultConfigurationIsVisible = 0;
			defaultConfigurationName = Release;
		};
		8B4E8516200BA979002F410D /* Build configuration list for PBXNativeTarget "UIswitchクラス12-5UITests" */ = {
			isa = XCConfigurationList;
			buildConfigurations = (
				8B4E8517200BA979002F410D /* Debug */,
				8B4E8518200BA979002F410D /* Release */,
			);
			defaultConfigurationIsVisible = 0;
			defaultConfigurationName = Release;
		};
/* End XCConfigurationList section */
	};
	rootObject = 8B4E84E0200BA978002F410D /* Project object */;
}
