// !$*UTF8*$!
{
	archiveVersion = 1;
	classes = {
	};
	objectVersion = 48;
	objects = {

/* Begin PBXBuildFile section */
		8BDA69E22018DA530083BB0E /* AppDelegate.swift in Sources */ = {isa = PBXBuildFile; fileRef = 8BDA69E12018DA530083BB0E /* AppDelegate.swift */; };
		8BDA69E42018DA530083BB0E /* ViewController.swift in Sources */ = {isa = PBXBuildFile; fileRef = 8BDA69E32018DA530083BB0E /* ViewController.swift */; };
		8BDA69E72018DA540083BB0E /* Main.storyboard in Resources */ = {isa = PBXBuildFile; fileRef = 8BDA69E52018DA540083BB0E /* Main.storyboard */; };
		8BDA69E92018DA540083BB0E /* Assets.xcassets in Resources */ = {isa = PBXBuildFile; fileRef = 8BDA69E82018DA540083BB0E /* Assets.xcassets */; };
		8BDA69EC2018DA540083BB0E /* LaunchScreen.storyboard in Resources */ = {isa = PBXBuildFile; fileRef = 8BDA69EA2018DA540083BB0E /* LaunchScreen.storyboard */; };
		8BDA69F72018DA540083BB0E /* _3_5Tests.swift in Sources */ = {isa = PBXBuildFile; fileRef = 8BDA69F62018DA540083BB0E /* _3_5Tests.swift */; };
		8BDA6A022018DA540083BB0E /* _3_5UITests.swift in Sources */ = {isa = PBXBuildFile; fileRef = 8BDA6A012018DA540083BB0E /* _3_5UITests.swift */; };
/* End PBXBuildFile section */

/* Begin PBXContainerItemProxy section */
		8BDA69F32018DA540083BB0E /* PBXContainerItemProxy */ = {
			isa = PBXContainerItemProxy;
			containerPortal = 8BDA69D62018DA530083BB0E /* Project object */;
			proxyType = 1;
			remoteGlobalIDString = 8BDA69DD2018DA530083BB0E;
			remoteInfo = "13-5";
		};
		8BDA69FE2018DA540083BB0E /* PBXContainerItemProxy */ = {
			isa = PBXContainerItemProxy;
			containerPortal = 8BDA69D62018DA530083BB0E /* Project object */;
			proxyType = 1;
			remoteGlobalIDString = 8BDA69DD2018DA530083BB0E;
			remoteInfo = "13-5";
		};
/* End PBXContainerItemProxy section */

/* Begin PBXFileReference section */
		8BDA69DE2018DA530083BB0E /* 13-5.app */ = {isa = PBXFileReference; explicitFileType = wrapper.application; includeInIndex = 0; path = "13-5.app"; sourceTree = BUILT_PRODUCTS_DIR; };
		8BDA69E12018DA530083BB0E /* AppDelegate.swift */ = {isa = PBXFileReference; lastKnownFileType = sourcecode.swift; path = AppDelegate.swift; sourceTree = "<group>"; };
		8BDA69E32018DA530083BB0E /* ViewController.swift */ = {isa = PBXFileReference; lastKnownFileType = sourcecode.swift; path = ViewController.swift; sourceTree = "<group>"; };
		8BDA69E62018DA540083BB0E /* Base */ = {isa = PBXFileReference; lastKnownFileType = file.storyboard; name = Base; path = Base.lproj/Main.storyboard; sourceTree = "<group>"; };
		8BDA69E82018DA540083BB0E /* Assets.xcassets */ = {isa = PBXFileReference; lastKnownFileType = folder.assetcatalog; path = Assets.xcassets; sourceTree = "<group>"; };
		8BDA69EB2018DA540083BB0E /* Base */ = {isa = PBXFileReference; lastKnownFileType = file.storyboard; name = Base; path = Base.lproj/LaunchScreen.storyboard; sourceTree = "<group>"; };
		8BDA69ED2018DA540083BB0E /* Info.plist */ = {isa = PBXFileReference; lastKnownFileType = text.plist.xml; path = Info.plist; sourceTree = "<group>"; };
		8BDA69F22018DA540083BB0E /* 13-5Tests.xctest */ = {isa = PBXFileReference; explicitFileType = wrapper.cfbundle; includeInIndex = 0; path = "13-5Tests.xctest"; sourceTree = BUILT_PRODUCTS_DIR; };
		8BDA69F62018DA540083BB0E /* _3_5Tests.swift */ = {isa = PBXFileReference; lastKnownFileType = sourcecode.swift; path = _3_5Tests.swift; sourceTree = "<group>"; };
		8BDA69F82018DA540083BB0E /* Info.plist */ = {isa = PBXFileReference; lastKnownFileType = text.plist.xml; path = Info.plist; sourceTree = "<group>"; };
		8BDA69FD2018DA540083BB0E /* 13-5UITests.xctest */ = {isa = PBXFileReference; explicitFileType = wrapper.cfbundle; includeInIndex = 0; path = "13-5UITests.xctest"; sourceTree = BUILT_PRODUCTS_DIR; };
		8BDA6A012018DA540083BB0E /* _3_5UITests.swift */ = {isa = PBXFileReference; lastKnownFileType = sourcecode.swift; path = _3_5UITests.swift; sourceTree = "<group>"; };
		8BDA6A032018DA540083BB0E /* Info.plist */ = {isa = PBXFileReference; lastKnownFileType = text.plist.xml; path = Info.plist; sourceTree = "<group>"; };
/* End PBXFileReference section */

/* Begin PBXFrameworksBuildPhase section */
		8BDA69DB2018DA530083BB0E /* Frameworks */ = {
			isa = PBXFrameworksBuildPhase;
			buildActionMask = 2147483647;
			files = (
			);
			runOnlyForDeploymentPostprocessing = 0;
		};
		8BDA69EF2018DA540083BB0E /* Frameworks */ = {
			isa = PBXFrameworksBuildPhase;
			buildActionMask = 2147483647;
			files = (
			);
			runOnlyForDeploymentPostprocessing = 0;
		};
		8BDA69FA2018DA540083BB0E /* Frameworks */ = {
			isa = PBXFrameworksBuildPhase;
			buildActionMask = 2147483647;
			files = (
			);
			runOnlyForDeploymentPostprocessing = 0;
		};
/* End PBXFrameworksBuildPhase section */

/* Begin PBXGroup section */
		8BDA69D52018DA530083BB0E = {
			isa = PBXGroup;
			children = (
				8BDA69E02018DA530083BB0E /* 13-5 */,
				8BDA69F52018DA540083BB0E /* 13-5Tests */,
				8BDA6A002018DA540083BB0E /* 13-5UITests */,
				8BDA69DF2018DA530083BB0E /* Products */,
			);
			sourceTree = "<group>";
		};
		8BDA69DF2018DA530083BB0E /* Products */ = {
			isa = PBXGroup;
			children = (
				8BDA69DE2018DA530083BB0E /* 13-5.app */,
				8BDA69F22018DA540083BB0E /* 13-5Tests.xctest */,
				8BDA69FD2018DA540083BB0E /* 13-5UITests.xctest */,
			);
			name = Products;
			sourceTree = "<group>";
		};
		8BDA69E02018DA530083BB0E /* 13-5 */ = {
			isa = PBXGroup;
			children = (
				8BDA69E12018DA530083BB0E /* AppDelegate.swift */,
				8BDA69E32018DA530083BB0E /* ViewController.swift */,
				8BDA69E52018DA540083BB0E /* Main.storyboard */,
				8BDA69E82018DA540083BB0E /* Assets.xcassets */,
				8BDA69EA2018DA540083BB0E /* LaunchScreen.storyboard */,
				8BDA69ED2018DA540083BB0E /* Info.plist */,
			);
			path = "13-5";
			sourceTree = "<group>";
		};
		8BDA69F52018DA540083BB0E /* 13-5Tests */ = {
			isa = PBXGroup;
			children = (
				8BDA69F62018DA540083BB0E /* _3_5Tests.swift */,
				8BDA69F82018DA540083BB0E /* Info.plist */,
			);
			path = "13-5Tests";
			sourceTree = "<group>";
		};
		8BDA6A002018DA540083BB0E /* 13-5UITests */ = {
			isa = PBXGroup;
			children = (
				8BDA6A012018DA540083BB0E /* _3_5UITests.swift */,
				8BDA6A032018DA540083BB0E /* Info.plist */,
			);
			path = "13-5UITests";
			sourceTree = "<group>";
		};
/* End PBXGroup section */

/* Begin PBXNativeTarget section */
		8BDA69DD2018DA530083BB0E /* 13-5 */ = {
			isa = PBXNativeTarget;
			buildConfigurationList = 8BDA6A062018DA540083BB0E /* Build configuration list for PBXNativeTarget "13-5" */;
			buildPhases = (
				8BDA69DA2018DA530083BB0E /* Sources */,
				8BDA69DB2018DA530083BB0E /* Frameworks */,
				8BDA69DC2018DA530083BB0E /* Resources */,
			);
			buildRules = (
			);
			dependencies = (
			);
			name = "13-5";
			productName = "13-5";
			productReference = 8BDA69DE2018DA530083BB0E /* 13-5.app */;
			productType = "com.apple.product-type.application";
		};
		8BDA69F12018DA540083BB0E /* 13-5Tests */ = {
			isa = PBXNativeTarget;
			buildConfigurationList = 8BDA6A092018DA540083BB0E /* Build configuration list for PBXNativeTarget "13-5Tests" */;
			buildPhases = (
				8BDA69EE2018DA540083BB0E /* Sources */,
				8BDA69EF2018DA540083BB0E /* Frameworks */,
				8BDA69F02018DA540083BB0E /* Resources */,
			);
			buildRules = (
			);
			dependencies = (
				8BDA69F42018DA540083BB0E /* PBXTargetDependency */,
			);
			name = "13-5Tests";
			productName = "13-5Tests";
			productReference = 8BDA69F22018DA540083BB0E /* 13-5Tests.xctest */;
			productType = "com.apple.product-type.bundle.unit-test";
		};
		8BDA69FC2018DA540083BB0E /* 13-5UITests */ = {
			isa = PBXNativeTarget;
			buildConfigurationList = 8BDA6A0C2018DA540083BB0E /* Build configuration list for PBXNativeTarget "13-5UITests" */;
			buildPhases = (
				8BDA69F92018DA540083BB0E /* Sources */,
				8BDA69FA2018DA540083BB0E /* Frameworks */,
				8BDA69FB2018DA540083BB0E /* Resources */,
			);
			buildRules = (
			);
			dependencies = (
				8BDA69FF2018DA540083BB0E /* PBXTargetDependency */,
			);
			name = "13-5UITests";
			productName = "13-5UITests";
			productReference = 8BDA69FD2018DA540083BB0E /* 13-5UITests.xctest */;
			productType = "com.apple.product-type.bundle.ui-testing";
		};
/* End PBXNativeTarget section */

/* Begin PBXProject section */
		8BDA69D62018DA530083BB0E /* Project object */ = {
			isa = PBXProject;
			attributes = {
				LastSwiftUpdateCheck = 0920;
				LastUpgradeCheck = 0920;
				ORGANIZATIONNAME = syuu;
				TargetAttributes = {
					8BDA69DD2018DA530083BB0E = {
						CreatedOnToolsVersion = 9.2;
						ProvisioningStyle = Automatic;
					};
					8BDA69F12018DA540083BB0E = {
						CreatedOnToolsVersion = 9.2;
						ProvisioningStyle = Automatic;
						TestTargetID = 8BDA69DD2018DA530083BB0E;
					};
					8BDA69FC2018DA540083BB0E = {
						CreatedOnToolsVersion = 9.2;
						ProvisioningStyle = Automatic;
						TestTargetID = 8BDA69DD2018DA530083BB0E;
					};
				};
			};
			buildConfigurationList = 8BDA69D92018DA530083BB0E /* Build configuration list for PBXProject "13-5" */;
			compatibilityVersion = "Xcode 8.0";
			developmentRegion = en;
			hasScannedForEncodings = 0;
			knownRegions = (
				en,
				Base,
			);
			mainGroup = 8BDA69D52018DA530083BB0E;
			productRefGroup = 8BDA69DF2018DA530083BB0E /* Products */;
			projectDirPath = "";
			projectRoot = "";
			targets = (
				8BDA69DD2018DA530083BB0E /* 13-5 */,
				8BDA69F12018DA540083BB0E /* 13-5Tests */,
				8BDA69FC2018DA540083BB0E /* 13-5UITests */,
			);
		};
/* End PBXProject section */

/* Begin PBXResourcesBuildPhase section */
		8BDA69DC2018DA530083BB0E /* Resources */ = {
			isa = PBXResourcesBuildPhase;
			buildActionMask = 2147483647;
			files = (
				8BDA69EC2018DA540083BB0E /* LaunchScreen.storyboard in Resources */,
				8BDA69E92018DA540083BB0E /* Assets.xcassets in Resources */,
				8BDA69E72018DA540083BB0E /* Main.storyboard in Resources */,
			);
			runOnlyForDeploymentPostprocessing = 0;
		};
		8BDA69F02018DA540083BB0E /* Resources */ = {
			isa = PBXResourcesBuildPhase;
			buildActionMask = 2147483647;
			files = (
			);
			runOnlyForDeploymentPostprocessing = 0;
		};
		8BDA69FB2018DA540083BB0E /* Resources */ = {
			isa = PBXResourcesBuildPhase;
			buildActionMask = 2147483647;
			files = (
			);
			runOnlyForDeploymentPostprocessing = 0;
		};
/* End PBXResourcesBuildPhase section */

/* Begin PBXSourcesBuildPhase section */
		8BDA69DA2018DA530083BB0E /* Sources */ = {
			isa = PBXSourcesBuildPhase;
			buildActionMask = 2147483647;
			files = (
				8BDA69E42018DA530083BB0E /* ViewController.swift in Sources */,
				8BDA69E22018DA530083BB0E /* AppDelegate.swift in Sources */,
			);
			runOnlyForDeploymentPostprocessing = 0;
		};
		8BDA69EE2018DA540083BB0E /* Sources */ = {
			isa = PBXSourcesBuildPhase;
			buildActionMask = 2147483647;
			files = (
				8BDA69F72018DA540083BB0E /* _3_5Tests.swift in Sources */,
			);
			runOnlyForDeploymentPostprocessing = 0;
		};
		8BDA69F92018DA540083BB0E /* Sources */ = {
			isa = PBXSourcesBuildPhase;
			buildActionMask = 2147483647;
			files = (
				8BDA6A022018DA540083BB0E /* _3_5UITests.swift in Sources */,
			);
			runOnlyForDeploymentPostprocessing = 0;
		};
/* End PBXSourcesBuildPhase section */

/* Begin PBXTargetDependency section */
		8BDA69F42018DA540083BB0E /* PBXTargetDependency */ = {
			isa = PBXTargetDependency;
			target = 8BDA69DD2018DA530083BB0E /* 13-5 */;
			targetProxy = 8BDA69F32018DA540083BB0E /* PBXContainerItemProxy */;
		};
		8BDA69FF2018DA540083BB0E /* PBXTargetDependency */ = {
			isa = PBXTargetDependency;
			target = 8BDA69DD2018DA530083BB0E /* 13-5 */;
			targetProxy = 8BDA69FE2018DA540083BB0E /* PBXContainerItemProxy */;
		};
/* End PBXTargetDependency section */

/* Begin PBXVariantGroup section */
		8BDA69E52018DA540083BB0E /* Main.storyboard */ = {
			isa = PBXVariantGroup;
			children = (
				8BDA69E62018DA540083BB0E /* Base */,
			);
			name = Main.storyboard;
			sourceTree = "<group>";
		};
		8BDA69EA2018DA540083BB0E /* LaunchScreen.storyboard */ = {
			isa = PBXVariantGroup;
			children = (
				8BDA69EB2018DA540083BB0E /* Base */,
			);
			name = LaunchScreen.storyboard;
			sourceTree = "<group>";
		};
/* End PBXVariantGroup section */

/* Begin XCBuildConfiguration section */
		8BDA6A042018DA540083BB0E /* Debug */ = {
			isa = XCBuildConfiguration;
			buildSettings = {
				ALWAYS_SEARCH_USER_PATHS = NO;
				CLANG_ANALYZER_NONNULL = YES;
				CLANG_ANALYZER_NUMBER_OBJECT_CONVERSION = YES_AGGRESSIVE;
				CLANG_CXX_LANGUAGE_STANDARD = "gnu++14";
				CLANG_CXX_LIBRARY = "libc++";
				CLANG_ENABLE_MODULES = YES;
				CLANG_ENABLE_OBJC_ARC = YES;
				CLANG_WARN_BLOCK_CAPTURE_AUTORELEASING = YES;
				CLANG_WARN_BOOL_CONVERSION = YES;
				CLANG_WARN_COMMA = YES;
				CLANG_WARN_CONSTANT_CONVERSION = YES;
				CLANG_WARN_DIRECT_OBJC_ISA_USAGE = YES_ERROR;
				CLANG_WARN_DOCUMENTATION_COMMENTS = YES;
				CLANG_WARN_EMPTY_BODY = YES;
				CLANG_WARN_ENUM_CONVERSION = YES;
				CLANG_WARN_INFINITE_RECURSION = YES;
				CLANG_WARN_INT_CONVERSION = YES;
				CLANG_WARN_NON_LITERAL_NULL_CONVERSION = YES;
				CLANG_WARN_OBJC_LITERAL_CONVERSION = YES;
				CLANG_WARN_OBJC_ROOT_CLASS = YES_ERROR;
				CLANG_WARN_RANGE_LOOP_ANALYSIS = YES;
				CLANG_WARN_STRICT_PROTOTYPES = YES;
				CLANG_WARN_SUSPICIOUS_MOVE = YES;
				CLANG_WARN_UNGUARDED_AVAILABILITY = YES_AGGRESSIVE;
				CLANG_WARN_UNREACHABLE_CODE = YES;
				CLANG_WARN__DUPLICATE_METHOD_MATCH = YES;
				CODE_SIGN_IDENTITY = "iPhone Developer";
				COPY_PHASE_STRIP = NO;
				DEBUG_INFORMATION_FORMAT = dwarf;
				ENABLE_STRICT_OBJC_MSGSEND = YES;
				ENABLE_TESTABILITY = YES;
				GCC_C_LANGUAGE_STANDARD = gnu11;
				GCC_DYNAMIC_NO_PIC = NO;
				GCC_NO_COMMON_BLOCKS = YES;
				GCC_OPTIMIZATION_LEVEL = 0;
				GCC_PREPROCESSOR_DEFINITIONS = (
					"DEBUG=1",
					"$(inherited)",
				);
				GCC_WARN_64_TO_32_BIT_CONVERSION = YES;
				GCC_WARN_ABOUT_RETURN_TYPE = YES_ERROR;
				GCC_WARN_UNDECLARED_SELECTOR = YES;
				GCC_WARN_UNINITIALIZED_AUTOS = YES_AGGRESSIVE;
				GCC_WARN_UNUSED_FUNCTION = YES;
				GCC_WARN_UNUSED_VARIABLE = YES;
				IPHONEOS_DEPLOYMENT_TARGET = 11.2;
				MTL_ENABLE_DEBUG_INFO = YES;
				ONLY_ACTIVE_ARCH = YES;
				SDKROOT = iphoneos;
				SWIFT_ACTIVE_COMPILATION_CONDITIONS = DEBUG;
				SWIFT_OPTIMIZATION_LEVEL = "-Onone";
			};
			name = Debug;
		};
		8BDA6A052018DA540083BB0E /* Release */ = {
			isa = XCBuildConfiguration;
			buildSettings = {
				ALWAYS_SEARCH_USER_PATHS = NO;
				CLANG_ANALYZER_NONNULL = YES;
				CLANG_ANALYZER_NUMBER_OBJECT_CONVERSION = YES_AGGRESSIVE;
				CLANG_CXX_LANGUAGE_STANDARD = "gnu++14";
				CLANG_CXX_LIBRARY = "libc++";
				CLANG_ENABLE_MODULES = YES;
				CLANG_ENABLE_OBJC_ARC = YES;
				CLANG_WARN_BLOCK_CAPTURE_AUTORELEASING = YES;
				CLANG_WARN_BOOL_CONVERSION = YES;
				CLANG_WARN_COMMA = YES;
				CLANG_WARN_CONSTANT_CONVERSION = YES;
				CLANG_WARN_DIRECT_OBJC_ISA_USAGE = YES_ERROR;
				CLANG_WARN_DOCUMENTATION_COMMENTS = YES;
				CLANG_WARN_EMPTY_BODY = YES;
				CLANG_WARN_ENUM_CONVERSION = YES;
				CLANG_WARN_INFINITE_RECURSION = YES;
				CLANG_WARN_INT_CONVERSION = YES;
				CLANG_WARN_NON_LITERAL_NULL_CONVERSION = YES;
				CLANG_WARN_OBJC_LITERAL_CONVERSION = YES;
				CLANG_WARN_OBJC_ROOT_CLASS = YES_ERROR;
				CLANG_WARN_RANGE_LOOP_ANALYSIS = YES;
				CLANG_WARN_STRICT_PROTOTYPES = YES;
				CLANG_WARN_SUSPICIOUS_MOVE = YES;
				CLANG_WARN_UNGUARDED_AVAILABILITY = YES_AGGRESSIVE;
				CLANG_WARN_UNREACHABLE_CODE = YES;
				CLANG_WARN__DUPLICATE_METHOD_MATCH = YES;
				CODE_SIGN_IDENTITY = "iPhone Developer";
				COPY_PHASE_STRIP = NO;
				DEBUG_INFORMATION_FORMAT = "dwarf-with-dsym";
				ENABLE_NS_ASSERTIONS = NO;
				ENABLE_STRICT_OBJC_MSGSEND = YES;
				GCC_C_LANGUAGE_STANDARD = gnu11;
				GCC_NO_COMMON_BLOCKS = YES;
				GCC_WARN_64_TO_32_BIT_CONVERSION = YES;
				GCC_WARN_ABOUT_RETURN_TYPE = YES_ERROR;
				GCC_WARN_UNDECLARED_SELECTOR = YES;
				GCC_WARN_UNINITIALIZED_AUTOS = YES_AGGRESSIVE;
				GCC_WARN_UNUSED_FUNCTION = YES;
				GCC_WARN_UNUSED_VARIABLE = YES;
				IPHONEOS_DEPLOYMENT_TARGET = 11.2;
				MTL_ENABLE_DEBUG_INFO = NO;
				SDKROOT = iphoneos;
				SWIFT_OPTIMIZATION_LEVEL = "-Owholemodule";
				VALIDATE_PRODUCT = YES;
			};
			name = Release;
		};
		8BDA6A072018DA540083BB0E /* Debug */ = {
			isa = XCBuildConfiguration;
			buildSettings = {
				ASSETCATALOG_COMPILER_APPICON_NAME = AppIcon;
				CODE_SIGN_STYLE = Automatic;
				DEVELOPMENT_TEAM = UBZS5QM339;
				INFOPLIST_FILE = "13-5/Info.plist";
				LD_RUNPATH_SEARCH_PATHS = "$(inherited) @executable_path/Frameworks";
				PRODUCT_BUNDLE_IDENTIFIER = "com.example.-3-5";
				PRODUCT_NAME = "$(TARGET_NAME)";
				SWIFT_VERSION = 4.0;
				TARGETED_DEVICE_FAMILY = "1,2";
			};
			name = Debug;
		};
		8BDA6A082018DA540083BB0E /* Release */ = {
			isa = XCBuildConfiguration;
			buildSettings = {
				ASSETCATALOG_COMPILER_APPICON_NAME = AppIcon;
				CODE_SIGN_STYLE = Automatic;
				DEVELOPMENT_TEAM = UBZS5QM339;
				INFOPLIST_FILE = "13-5/Info.plist";
				LD_RUNPATH_SEARCH_PATHS = "$(inherited) @executable_path/Frameworks";
				PRODUCT_BUNDLE_IDENTIFIER = "com.example.-3-5";
				PRODUCT_NAME = "$(TARGET_NAME)";
				SWIFT_VERSION = 4.0;
				TARGETED_DEVICE_FAMILY = "1,2";
			};
			name = Release;
		};
		8BDA6A0A2018DA540083BB0E /* Debug */ = {
			isa = XCBuildConfiguration;
			buildSettings = {
				ALWAYS_EMBED_SWIFT_STANDARD_LIBRARIES = YES;
				BUNDLE_LOADER = "$(TEST_HOST)";
				CODE_SIGN_STYLE = Automatic;
				DEVELOPMENT_TEAM = UBZS5QM339;
				INFOPLIST_FILE = "13-5Tests/Info.plist";
				LD_RUNPATH_SEARCH_PATHS = "$(inherited) @executable_path/Frameworks @loader_path/Frameworks";
				PRODUCT_BUNDLE_IDENTIFIER = "com.example.-3-5Tests";
				PRODUCT_NAME = "$(TARGET_NAME)";
				SWIFT_VERSION = 4.0;
				TARGETED_DEVICE_FAMILY = "1,2";
				TEST_HOST = "$(BUILT_PRODUCTS_DIR)/13-5.app/13-5";
			};
			name = Debug;
		};
		8BDA6A0B2018DA540083BB0E /* Release */ = {
			isa = XCBuildConfiguration;
			buildSettings = {
				ALWAYS_EMBED_SWIFT_STANDARD_LIBRARIES = YES;
				BUNDLE_LOADER = "$(TEST_HOST)";
				CODE_SIGN_STYLE = Automatic;
				DEVELOPMENT_TEAM = UBZS5QM339;
				INFOPLIST_FILE = "13-5Tests/Info.plist";
				LD_RUNPATH_SEARCH_PATHS = "$(inherited) @executable_path/Frameworks @loader_path/Frameworks";
				PRODUCT_BUNDLE_IDENTIFIER = "com.example.-3-5Tests";
				PRODUCT_NAME = "$(TARGET_NAME)";
				SWIFT_VERSION = 4.0;
				TARGETED_DEVICE_FAMILY = "1,2";
				TEST_HOST = "$(BUILT_PRODUCTS_DIR)/13-5.app/13-5";
			};
			name = Release;
		};
		8BDA6A0D2018DA540083BB0E /* Debug */ = {
			isa = XCBuildConfiguration;
			buildSettings = {
				ALWAYS_EMBED_SWIFT_STANDARD_LIBRARIES = YES;
				CODE_SIGN_STYLE = Automatic;
				DEVELOPMENT_TEAM = UBZS5QM339;
				INFOPLIST_FILE = "13-5UITests/Info.plist";
				LD_RUNPATH_SEARCH_PATHS = "$(inherited) @executable_path/Frameworks @loader_path/Frameworks";
				PRODUCT_BUNDLE_IDENTIFIER = "com.example.-3-5UITests";
				PRODUCT_NAME = "$(TARGET_NAME)";
				SWIFT_VERSION = 4.0;
				TARGETED_DEVICE_FAMILY = "1,2";
				TEST_TARGET_NAME = "13-5";
			};
			name = Debug;
		};
		8BDA6A0E2018DA540083BB0E /* Release */ = {
			isa = XCBuildConfiguration;
			buildSettings = {
				ALWAYS_EMBED_SWIFT_STANDARD_LIBRARIES = YES;
				CODE_SIGN_STYLE = Automatic;
				DEVELOPMENT_TEAM = UBZS5QM339;
				INFOPLIST_FILE = "13-5UITests/Info.plist";
				LD_RUNPATH_SEARCH_PATHS = "$(inherited) @executable_path/Frameworks @loader_path/Frameworks";
				PRODUCT_BUNDLE_IDENTIFIER = "com.example.-3-5UITests";
				PRODUCT_NAME = "$(TARGET_NAME)";
				SWIFT_VERSION = 4.0;
				TARGETED_DEVICE_FAMILY = "1,2";
				TEST_TARGET_NAME = "13-5";
			};
			name = Release;
		};
/* End XCBuildConfiguration section */

/* Begin XCConfigurationList section */
		8BDA69D92018DA530083BB0E /* Build configuration list for PBXProject "13-5" */ = {
			isa = XCConfigurationList;
			buildConfigurations = (
				8BDA6A042018DA540083BB0E /* Debug */,
				8BDA6A052018DA540083BB0E /* Release */,
			);
			defaultConfigurationIsVisible = 0;
			defaultConfigurationName = Release;
		};
		8BDA6A062018DA540083BB0E /* Build configuration list for PBXNativeTarget "13-5" */ = {
			isa = XCConfigurationList;
			buildConfigurations = (
				8BDA6A072018DA540083BB0E /* Debug */,
				8BDA6A082018DA540083BB0E /* Release */,
			);
			defaultConfigurationIsVisible = 0;
			defaultConfigurationName = Release;
		};
		8BDA6A092018DA540083BB0E /* Build configuration list for PBXNativeTarget "13-5Tests" */ = {
			isa = XCConfigurationList;
			buildConfigurations = (
				8BDA6A0A2018DA540083BB0E /* Debug */,
				8BDA6A0B2018DA540083BB0E /* Release */,
			);
			defaultConfigurationIsVisible = 0;
			defaultConfigurationName = Release;
		};
		8BDA6A0C2018DA540083BB0E /* Build configuration list for PBXNativeTarget "13-5UITests" */ = {
			isa = XCConfigurationList;
			buildConfigurations = (
				8BDA6A0D2018DA540083BB0E /* Debug */,
				8BDA6A0E2018DA540083BB0E /* Release */,
			);
			defaultConfigurationIsVisible = 0;
			defaultConfigurationName = Release;
		};
/* End XCConfigurationList section */
	};
	rootObject = 8BDA69D62018DA530083BB0E /* Project object */;
}
