// !$*UTF8*$!
{
	archiveVersion = 1;
	classes = {
	};
	objectVersion = 48;
	objects = {

/* Begin PBXBuildFile section */
		8BBE255F2020B4DA009E7945 /* AppDelegate.swift in Sources */ = {isa = PBXBuildFile; fileRef = 8BBE255E2020B4DA009E7945 /* AppDelegate.swift */; };
		8BBE25612020B4DA009E7945 /* ViewController.swift in Sources */ = {isa = PBXBuildFile; fileRef = 8BBE25602020B4DA009E7945 /* ViewController.swift */; };
		8BBE25642020B4DA009E7945 /* Main.storyboard in Resources */ = {isa = PBXBuildFile; fileRef = 8BBE25622020B4DA009E7945 /* Main.storyboard */; };
		8BBE25662020B4DA009E7945 /* Assets.xcassets in Resources */ = {isa = PBXBuildFile; fileRef = 8BBE25652020B4DA009E7945 /* Assets.xcassets */; };
		8BBE25692020B4DA009E7945 /* LaunchScreen.storyboard in Resources */ = {isa = PBXBuildFile; fileRef = 8BBE25672020B4DA009E7945 /* LaunchScreen.storyboard */; };
		8BBE25742020B4DA009E7945 /* _4_5Tests.swift in Sources */ = {isa = PBXBuildFile; fileRef = 8BBE25732020B4DA009E7945 /* _4_5Tests.swift */; };
		8BBE257F2020B4DA009E7945 /* _4_5UITests.swift in Sources */ = {isa = PBXBuildFile; fileRef = 8BBE257E2020B4DA009E7945 /* _4_5UITests.swift */; };
		8BBE258D2020B8C7009E7945 /* WebListTableTableViewController.swift in Sources */ = {isa = PBXBuildFile; fileRef = 8BBE258C2020B8C7009E7945 /* WebListTableTableViewController.swift */; };
		8BBE258F2022A583009E7945 /* nc_weblist.swift in Sources */ = {isa = PBXBuildFile; fileRef = 8BBE258E2022A583009E7945 /* nc_weblist.swift */; };
/* End PBXBuildFile section */

/* Begin PBXContainerItemProxy section */
		8BBE25702020B4DA009E7945 /* PBXContainerItemProxy */ = {
			isa = PBXContainerItemProxy;
			containerPortal = 8BBE25532020B4D9009E7945 /* Project object */;
			proxyType = 1;
			remoteGlobalIDString = 8BBE255A2020B4DA009E7945;
			remoteInfo = "14-5";
		};
		8BBE257B2020B4DA009E7945 /* PBXContainerItemProxy */ = {
			isa = PBXContainerItemProxy;
			containerPortal = 8BBE25532020B4D9009E7945 /* Project object */;
			proxyType = 1;
			remoteGlobalIDString = 8BBE255A2020B4DA009E7945;
			remoteInfo = "14-5";
		};
/* End PBXContainerItemProxy section */

/* Begin PBXFileReference section */
		8BBE255B2020B4DA009E7945 /* 14-5.app */ = {isa = PBXFileReference; explicitFileType = wrapper.application; includeInIndex = 0; path = "14-5.app"; sourceTree = BUILT_PRODUCTS_DIR; };
		8BBE255E2020B4DA009E7945 /* AppDelegate.swift */ = {isa = PBXFileReference; lastKnownFileType = sourcecode.swift; path = AppDelegate.swift; sourceTree = "<group>"; };
		8BBE25602020B4DA009E7945 /* ViewController.swift */ = {isa = PBXFileReference; lastKnownFileType = sourcecode.swift; path = ViewController.swift; sourceTree = "<group>"; };
		8BBE25632020B4DA009E7945 /* Base */ = {isa = PBXFileReference; lastKnownFileType = file.storyboard; name = Base; path = Base.lproj/Main.storyboard; sourceTree = "<group>"; };
		8BBE25652020B4DA009E7945 /* Assets.xcassets */ = {isa = PBXFileReference; lastKnownFileType = folder.assetcatalog; path = Assets.xcassets; sourceTree = "<group>"; };
		8BBE25682020B4DA009E7945 /* Base */ = {isa = PBXFileReference; lastKnownFileType = file.storyboard; name = Base; path = Base.lproj/LaunchScreen.storyboard; sourceTree = "<group>"; };
		8BBE256A2020B4DA009E7945 /* Info.plist */ = {isa = PBXFileReference; lastKnownFileType = text.plist.xml; path = Info.plist; sourceTree = "<group>"; };
		8BBE256F2020B4DA009E7945 /* 14-5Tests.xctest */ = {isa = PBXFileReference; explicitFileType = wrapper.cfbundle; includeInIndex = 0; path = "14-5Tests.xctest"; sourceTree = BUILT_PRODUCTS_DIR; };
		8BBE25732020B4DA009E7945 /* _4_5Tests.swift */ = {isa = PBXFileReference; lastKnownFileType = sourcecode.swift; path = _4_5Tests.swift; sourceTree = "<group>"; };
		8BBE25752020B4DA009E7945 /* Info.plist */ = {isa = PBXFileReference; lastKnownFileType = text.plist.xml; path = Info.plist; sourceTree = "<group>"; };
		8BBE257A2020B4DA009E7945 /* 14-5UITests.xctest */ = {isa = PBXFileReference; explicitFileType = wrapper.cfbundle; includeInIndex = 0; path = "14-5UITests.xctest"; sourceTree = BUILT_PRODUCTS_DIR; };
		8BBE257E2020B4DA009E7945 /* _4_5UITests.swift */ = {isa = PBXFileReference; lastKnownFileType = sourcecode.swift; path = _4_5UITests.swift; sourceTree = "<group>"; };
		8BBE25802020B4DA009E7945 /* Info.plist */ = {isa = PBXFileReference; lastKnownFileType = text.plist.xml; path = Info.plist; sourceTree = "<group>"; };
		8BBE258C2020B8C7009E7945 /* WebListTableTableViewController.swift */ = {isa = PBXFileReference; lastKnownFileType = sourcecode.swift; path = WebListTableTableViewController.swift; sourceTree = "<group>"; };
		8BBE258E2022A583009E7945 /* nc_weblist.swift */ = {isa = PBXFileReference; lastKnownFileType = sourcecode.swift; path = nc_weblist.swift; sourceTree = "<group>"; };
/* End PBXFileReference section */

/* Begin PBXFrameworksBuildPhase section */
		8BBE25582020B4DA009E7945 /* Frameworks */ = {
			isa = PBXFrameworksBuildPhase;
			buildActionMask = 2147483647;
			files = (
			);
			runOnlyForDeploymentPostprocessing = 0;
		};
		8BBE256C2020B4DA009E7945 /* Frameworks */ = {
			isa = PBXFrameworksBuildPhase;
			buildActionMask = 2147483647;
			files = (
			);
			runOnlyForDeploymentPostprocessing = 0;
		};
		8BBE25772020B4DA009E7945 /* Frameworks */ = {
			isa = PBXFrameworksBuildPhase;
			buildActionMask = 2147483647;
			files = (
			);
			runOnlyForDeploymentPostprocessing = 0;
		};
/* End PBXFrameworksBuildPhase section */

/* Begin PBXGroup section */
		8BBE25522020B4D9009E7945 = {
			isa = PBXGroup;
			children = (
				8BBE255D2020B4DA009E7945 /* 14-5 */,
				8BBE25722020B4DA009E7945 /* 14-5Tests */,
				8BBE257D2020B4DA009E7945 /* 14-5UITests */,
				8BBE255C2020B4DA009E7945 /* Products */,
			);
			sourceTree = "<group>";
		};
		8BBE255C2020B4DA009E7945 /* Products */ = {
			isa = PBXGroup;
			children = (
				8BBE255B2020B4DA009E7945 /* 14-5.app */,
				8BBE256F2020B4DA009E7945 /* 14-5Tests.xctest */,
				8BBE257A2020B4DA009E7945 /* 14-5UITests.xctest */,
			);
			name = Products;
			sourceTree = "<group>";
		};
		8BBE255D2020B4DA009E7945 /* 14-5 */ = {
			isa = PBXGroup;
			children = (
				8BBE255E2020B4DA009E7945 /* AppDelegate.swift */,
				8BBE25602020B4DA009E7945 /* ViewController.swift */,
				8BBE25622020B4DA009E7945 /* Main.storyboard */,
				8BBE258C2020B8C7009E7945 /* WebListTableTableViewController.swift */,
				8BBE258E2022A583009E7945 /* nc_weblist.swift */,
				8BBE25652020B4DA009E7945 /* Assets.xcassets */,
				8BBE25672020B4DA009E7945 /* LaunchScreen.storyboard */,
				8BBE256A2020B4DA009E7945 /* Info.plist */,
			);
			path = "14-5";
			sourceTree = "<group>";
		};
		8BBE25722020B4DA009E7945 /* 14-5Tests */ = {
			isa = PBXGroup;
			children = (
				8BBE25732020B4DA009E7945 /* _4_5Tests.swift */,
				8BBE25752020B4DA009E7945 /* Info.plist */,
			);
			path = "14-5Tests";
			sourceTree = "<group>";
		};
		8BBE257D2020B4DA009E7945 /* 14-5UITests */ = {
			isa = PBXGroup;
			children = (
				8BBE257E2020B4DA009E7945 /* _4_5UITests.swift */,
				8BBE25802020B4DA009E7945 /* Info.plist */,
			);
			path = "14-5UITests";
			sourceTree = "<group>";
		};
/* End PBXGroup section */

/* Begin PBXNativeTarget section */
		8BBE255A2020B4DA009E7945 /* 14-5 */ = {
			isa = PBXNativeTarget;
			buildConfigurationList = 8BBE25832020B4DA009E7945 /* Build configuration list for PBXNativeTarget "14-5" */;
			buildPhases = (
				8BBE25572020B4DA009E7945 /* Sources */,
				8BBE25582020B4DA009E7945 /* Frameworks */,
				8BBE25592020B4DA009E7945 /* Resources */,
			);
			buildRules = (
			);
			dependencies = (
			);
			name = "14-5";
			productName = "14-5";
			productReference = 8BBE255B2020B4DA009E7945 /* 14-5.app */;
			productType = "com.apple.product-type.application";
		};
		8BBE256E2020B4DA009E7945 /* 14-5Tests */ = {
			isa = PBXNativeTarget;
			buildConfigurationList = 8BBE25862020B4DA009E7945 /* Build configuration list for PBXNativeTarget "14-5Tests" */;
			buildPhases = (
				8BBE256B2020B4DA009E7945 /* Sources */,
				8BBE256C2020B4DA009E7945 /* Frameworks */,
				8BBE256D2020B4DA009E7945 /* Resources */,
			);
			buildRules = (
			);
			dependencies = (
				8BBE25712020B4DA009E7945 /* PBXTargetDependency */,
			);
			name = "14-5Tests";
			productName = "14-5Tests";
			productReference = 8BBE256F2020B4DA009E7945 /* 14-5Tests.xctest */;
			productType = "com.apple.product-type.bundle.unit-test";
		};
		8BBE25792020B4DA009E7945 /* 14-5UITests */ = {
			isa = PBXNativeTarget;
			buildConfigurationList = 8BBE25892020B4DA009E7945 /* Build configuration list for PBXNativeTarget "14-5UITests" */;
			buildPhases = (
				8BBE25762020B4DA009E7945 /* Sources */,
				8BBE25772020B4DA009E7945 /* Frameworks */,
				8BBE25782020B4DA009E7945 /* Resources */,
			);
			buildRules = (
			);
			dependencies = (
				8BBE257C2020B4DA009E7945 /* PBXTargetDependency */,
			);
			name = "14-5UITests";
			productName = "14-5UITests";
			productReference = 8BBE257A2020B4DA009E7945 /* 14-5UITests.xctest */;
			productType = "com.apple.product-type.bundle.ui-testing";
		};
/* End PBXNativeTarget section */

/* Begin PBXProject section */
		8BBE25532020B4D9009E7945 /* Project object */ = {
			isa = PBXProject;
			attributes = {
				LastSwiftUpdateCheck = 0920;
				LastUpgradeCheck = 0920;
				ORGANIZATIONNAME = syuu;
				TargetAttributes = {
					8BBE255A2020B4DA009E7945 = {
						CreatedOnToolsVersion = 9.2;
						ProvisioningStyle = Automatic;
					};
					8BBE256E2020B4DA009E7945 = {
						CreatedOnToolsVersion = 9.2;
						ProvisioningStyle = Automatic;
						TestTargetID = 8BBE255A2020B4DA009E7945;
					};
					8BBE25792020B4DA009E7945 = {
						CreatedOnToolsVersion = 9.2;
						ProvisioningStyle = Automatic;
						TestTargetID = 8BBE255A2020B4DA009E7945;
					};
				};
			};
			buildConfigurationList = 8BBE25562020B4DA009E7945 /* Build configuration list for PBXProject "14-5" */;
			compatibilityVersion = "Xcode 8.0";
			developmentRegion = en;
			hasScannedForEncodings = 0;
			knownRegions = (
				en,
				Base,
			);
			mainGroup = 8BBE25522020B4D9009E7945;
			productRefGroup = 8BBE255C2020B4DA009E7945 /* Products */;
			projectDirPath = "";
			projectRoot = "";
			targets = (
				8BBE255A2020B4DA009E7945 /* 14-5 */,
				8BBE256E2020B4DA009E7945 /* 14-5Tests */,
				8BBE25792020B4DA009E7945 /* 14-5UITests */,
			);
		};
/* End PBXProject section */

/* Begin PBXResourcesBuildPhase section */
		8BBE25592020B4DA009E7945 /* Resources */ = {
			isa = PBXResourcesBuildPhase;
			buildActionMask = 2147483647;
			files = (
				8BBE25692020B4DA009E7945 /* LaunchScreen.storyboard in Resources */,
				8BBE25662020B4DA009E7945 /* Assets.xcassets in Resources */,
				8BBE25642020B4DA009E7945 /* Main.storyboard in Resources */,
			);
			runOnlyForDeploymentPostprocessing = 0;
		};
		8BBE256D2020B4DA009E7945 /* Resources */ = {
			isa = PBXResourcesBuildPhase;
			buildActionMask = 2147483647;
			files = (
			);
			runOnlyForDeploymentPostprocessing = 0;
		};
		8BBE25782020B4DA009E7945 /* Resources */ = {
			isa = PBXResourcesBuildPhase;
			buildActionMask = 2147483647;
			files = (
			);
			runOnlyForDeploymentPostprocessing = 0;
		};
/* End PBXResourcesBuildPhase section */

/* Begin PBXSourcesBuildPhase section */
		8BBE25572020B4DA009E7945 /* Sources */ = {
			isa = PBXSourcesBuildPhase;
			buildActionMask = 2147483647;
			files = (
				8BBE25612020B4DA009E7945 /* ViewController.swift in Sources */,
				8BBE258F2022A583009E7945 /* nc_weblist.swift in Sources */,
				8BBE255F2020B4DA009E7945 /* AppDelegate.swift in Sources */,
				8BBE258D2020B8C7009E7945 /* WebListTableTableViewController.swift in Sources */,
			);
			runOnlyForDeploymentPostprocessing = 0;
		};
		8BBE256B2020B4DA009E7945 /* Sources */ = {
			isa = PBXSourcesBuildPhase;
			buildActionMask = 2147483647;
			files = (
				8BBE25742020B4DA009E7945 /* _4_5Tests.swift in Sources */,
			);
			runOnlyForDeploymentPostprocessing = 0;
		};
		8BBE25762020B4DA009E7945 /* Sources */ = {
			isa = PBXSourcesBuildPhase;
			buildActionMask = 2147483647;
			files = (
				8BBE257F2020B4DA009E7945 /* _4_5UITests.swift in Sources */,
			);
			runOnlyForDeploymentPostprocessing = 0;
		};
/* End PBXSourcesBuildPhase section */

/* Begin PBXTargetDependency section */
		8BBE25712020B4DA009E7945 /* PBXTargetDependency */ = {
			isa = PBXTargetDependency;
			target = 8BBE255A2020B4DA009E7945 /* 14-5 */;
			targetProxy = 8BBE25702020B4DA009E7945 /* PBXContainerItemProxy */;
		};
		8BBE257C2020B4DA009E7945 /* PBXTargetDependency */ = {
			isa = PBXTargetDependency;
			target = 8BBE255A2020B4DA009E7945 /* 14-5 */;
			targetProxy = 8BBE257B2020B4DA009E7945 /* PBXContainerItemProxy */;
		};
/* End PBXTargetDependency section */

/* Begin PBXVariantGroup section */
		8BBE25622020B4DA009E7945 /* Main.storyboard */ = {
			isa = PBXVariantGroup;
			children = (
				8BBE25632020B4DA009E7945 /* Base */,
			);
			name = Main.storyboard;
			sourceTree = "<group>";
		};
		8BBE25672020B4DA009E7945 /* LaunchScreen.storyboard */ = {
			isa = PBXVariantGroup;
			children = (
				8BBE25682020B4DA009E7945 /* Base */,
			);
			name = LaunchScreen.storyboard;
			sourceTree = "<group>";
		};
/* End PBXVariantGroup section */

/* Begin XCBuildConfiguration section */
		8BBE25812020B4DA009E7945 /* Debug */ = {
			isa = XCBuildConfiguration;
			buildSettings = {
				ALWAYS_SEARCH_USER_PATHS = NO;
				CLANG_ANALYZER_NONNULL = YES;
				CLANG_ANALYZER_NUMBER_OBJECT_CONVERSION = YES_AGGRESSIVE;
				CLANG_CXX_LANGUAGE_STANDARD = "gnu++14";
				CLANG_CXX_LIBRARY = "libc++";
				CLANG_ENABLE_MODULES = YES;
				CLANG_ENABLE_OBJC_ARC = YES;
				CLANG_WARN_BLOCK_CAPTURE_AUTORELEASING = YES;
				CLANG_WARN_BOOL_CONVERSION = YES;
				CLANG_WARN_COMMA = YES;
				CLANG_WARN_CONSTANT_CONVERSION = YES;
				CLANG_WARN_DIRECT_OBJC_ISA_USAGE = YES_ERROR;
				CLANG_WARN_DOCUMENTATION_COMMENTS = YES;
				CLANG_WARN_EMPTY_BODY = YES;
				CLANG_WARN_ENUM_CONVERSION = YES;
				CLANG_WARN_INFINITE_RECURSION = YES;
				CLANG_WARN_INT_CONVERSION = YES;
				CLANG_WARN_NON_LITERAL_NULL_CONVERSION = YES;
				CLANG_WARN_OBJC_LITERAL_CONVERSION = YES;
				CLANG_WARN_OBJC_ROOT_CLASS = YES_ERROR;
				CLANG_WARN_RANGE_LOOP_ANALYSIS = YES;
				CLANG_WARN_STRICT_PROTOTYPES = YES;
				CLANG_WARN_SUSPICIOUS_MOVE = YES;
				CLANG_WARN_UNGUARDED_AVAILABILITY = YES_AGGRESSIVE;
				CLANG_WARN_UNREACHABLE_CODE = YES;
				CLANG_WARN__DUPLICATE_METHOD_MATCH = YES;
				CODE_SIGN_IDENTITY = "iPhone Developer";
				COPY_PHASE_STRIP = NO;
				DEBUG_INFORMATION_FORMAT = dwarf;
				ENABLE_STRICT_OBJC_MSGSEND = YES;
				ENABLE_TESTABILITY = YES;
				GCC_C_LANGUAGE_STANDARD = gnu11;
				GCC_DYNAMIC_NO_PIC = NO;
				GCC_NO_COMMON_BLOCKS = YES;
				GCC_OPTIMIZATION_LEVEL = 0;
				GCC_PREPROCESSOR_DEFINITIONS = (
					"DEBUG=1",
					"$(inherited)",
				);
				GCC_WARN_64_TO_32_BIT_CONVERSION = YES;
				GCC_WARN_ABOUT_RETURN_TYPE = YES_ERROR;
				GCC_WARN_UNDECLARED_SELECTOR = YES;
				GCC_WARN_UNINITIALIZED_AUTOS = YES_AGGRESSIVE;
				GCC_WARN_UNUSED_FUNCTION = YES;
				GCC_WARN_UNUSED_VARIABLE = YES;
				IPHONEOS_DEPLOYMENT_TARGET = 11.2;
				MTL_ENABLE_DEBUG_INFO = YES;
				ONLY_ACTIVE_ARCH = YES;
				SDKROOT = iphoneos;
				SWIFT_ACTIVE_COMPILATION_CONDITIONS = DEBUG;
				SWIFT_OPTIMIZATION_LEVEL = "-Onone";
			};
			name = Debug;
		};
		8BBE25822020B4DA009E7945 /* Release */ = {
			isa = XCBuildConfiguration;
			buildSettings = {
				ALWAYS_SEARCH_USER_PATHS = NO;
				CLANG_ANALYZER_NONNULL = YES;
				CLANG_ANALYZER_NUMBER_OBJECT_CONVERSION = YES_AGGRESSIVE;
				CLANG_CXX_LANGUAGE_STANDARD = "gnu++14";
				CLANG_CXX_LIBRARY = "libc++";
				CLANG_ENABLE_MODULES = YES;
				CLANG_ENABLE_OBJC_ARC = YES;
				CLANG_WARN_BLOCK_CAPTURE_AUTORELEASING = YES;
				CLANG_WARN_BOOL_CONVERSION = YES;
				CLANG_WARN_COMMA = YES;
				CLANG_WARN_CONSTANT_CONVERSION = YES;
				CLANG_WARN_DIRECT_OBJC_ISA_USAGE = YES_ERROR;
				CLANG_WARN_DOCUMENTATION_COMMENTS = YES;
				CLANG_WARN_EMPTY_BODY = YES;
				CLANG_WARN_ENUM_CONVERSION = YES;
				CLANG_WARN_INFINITE_RECURSION = YES;
				CLANG_WARN_INT_CONVERSION = YES;
				CLANG_WARN_NON_LITERAL_NULL_CONVERSION = YES;
				CLANG_WARN_OBJC_LITERAL_CONVERSION = YES;
				CLANG_WARN_OBJC_ROOT_CLASS = YES_ERROR;
				CLANG_WARN_RANGE_LOOP_ANALYSIS = YES;
				CLANG_WARN_STRICT_PROTOTYPES = YES;
				CLANG_WARN_SUSPICIOUS_MOVE = YES;
				CLANG_WARN_UNGUARDED_AVAILABILITY = YES_AGGRESSIVE;
				CLANG_WARN_UNREACHABLE_CODE = YES;
				CLANG_WARN__DUPLICATE_METHOD_MATCH = YES;
				CODE_SIGN_IDENTITY = "iPhone Developer";
				COPY_PHASE_STRIP = NO;
				DEBUG_INFORMATION_FORMAT = "dwarf-with-dsym";
				ENABLE_NS_ASSERTIONS = NO;
				ENABLE_STRICT_OBJC_MSGSEND = YES;
				GCC_C_LANGUAGE_STANDARD = gnu11;
				GCC_NO_COMMON_BLOCKS = YES;
				GCC_WARN_64_TO_32_BIT_CONVERSION = YES;
				GCC_WARN_ABOUT_RETURN_TYPE = YES_ERROR;
				GCC_WARN_UNDECLARED_SELECTOR = YES;
				GCC_WARN_UNINITIALIZED_AUTOS = YES_AGGRESSIVE;
				GCC_WARN_UNUSED_FUNCTION = YES;
				GCC_WARN_UNUSED_VARIABLE = YES;
				IPHONEOS_DEPLOYMENT_TARGET = 11.2;
				MTL_ENABLE_DEBUG_INFO = NO;
				SDKROOT = iphoneos;
				SWIFT_OPTIMIZATION_LEVEL = "-Owholemodule";
				VALIDATE_PRODUCT = YES;
			};
			name = Release;
		};
		8BBE25842020B4DA009E7945 /* Debug */ = {
			isa = XCBuildConfiguration;
			buildSettings = {
				ASSETCATALOG_COMPILER_APPICON_NAME = AppIcon;
				CODE_SIGN_STYLE = Automatic;
				DEVELOPMENT_TEAM = UBZS5QM339;
				INFOPLIST_FILE = "14-5/Info.plist";
				LD_RUNPATH_SEARCH_PATHS = "$(inherited) @executable_path/Frameworks";
				PRODUCT_BUNDLE_IDENTIFIER = "com.example.-4-5";
				PRODUCT_NAME = "$(TARGET_NAME)";
				SWIFT_VERSION = 4.0;
				TARGETED_DEVICE_FAMILY = "1,2";
			};
			name = Debug;
		};
		8BBE25852020B4DA009E7945 /* Release */ = {
			isa = XCBuildConfiguration;
			buildSettings = {
				ASSETCATALOG_COMPILER_APPICON_NAME = AppIcon;
				CODE_SIGN_STYLE = Automatic;
				DEVELOPMENT_TEAM = UBZS5QM339;
				INFOPLIST_FILE = "14-5/Info.plist";
				LD_RUNPATH_SEARCH_PATHS = "$(inherited) @executable_path/Frameworks";
				PRODUCT_BUNDLE_IDENTIFIER = "com.example.-4-5";
				PRODUCT_NAME = "$(TARGET_NAME)";
				SWIFT_VERSION = 4.0;
				TARGETED_DEVICE_FAMILY = "1,2";
			};
			name = Release;
		};
		8BBE25872020B4DA009E7945 /* Debug */ = {
			isa = XCBuildConfiguration;
			buildSettings = {
				ALWAYS_EMBED_SWIFT_STANDARD_LIBRARIES = YES;
				BUNDLE_LOADER = "$(TEST_HOST)";
				CODE_SIGN_STYLE = Automatic;
				DEVELOPMENT_TEAM = UBZS5QM339;
				INFOPLIST_FILE = "14-5Tests/Info.plist";
				LD_RUNPATH_SEARCH_PATHS = "$(inherited) @executable_path/Frameworks @loader_path/Frameworks";
				PRODUCT_BUNDLE_IDENTIFIER = "com.example.-4-5Tests";
				PRODUCT_NAME = "$(TARGET_NAME)";
				SWIFT_VERSION = 4.0;
				TARGETED_DEVICE_FAMILY = "1,2";
				TEST_HOST = "$(BUILT_PRODUCTS_DIR)/14-5.app/14-5";
			};
			name = Debug;
		};
		8BBE25882020B4DA009E7945 /* Release */ = {
			isa = XCBuildConfiguration;
			buildSettings = {
				ALWAYS_EMBED_SWIFT_STANDARD_LIBRARIES = YES;
				BUNDLE_LOADER = "$(TEST_HOST)";
				CODE_SIGN_STYLE = Automatic;
				DEVELOPMENT_TEAM = UBZS5QM339;
				INFOPLIST_FILE = "14-5Tests/Info.plist";
				LD_RUNPATH_SEARCH_PATHS = "$(inherited) @executable_path/Frameworks @loader_path/Frameworks";
				PRODUCT_BUNDLE_IDENTIFIER = "com.example.-4-5Tests";
				PRODUCT_NAME = "$(TARGET_NAME)";
				SWIFT_VERSION = 4.0;
				TARGETED_DEVICE_FAMILY = "1,2";
				TEST_HOST = "$(BUILT_PRODUCTS_DIR)/14-5.app/14-5";
			};
			name = Release;
		};
		8BBE258A2020B4DA009E7945 /* Debug */ = {
			isa = XCBuildConfiguration;
			buildSettings = {
				ALWAYS_EMBED_SWIFT_STANDARD_LIBRARIES = YES;
				CODE_SIGN_STYLE = Automatic;
				DEVELOPMENT_TEAM = UBZS5QM339;
				INFOPLIST_FILE = "14-5UITests/Info.plist";
				LD_RUNPATH_SEARCH_PATHS = "$(inherited) @executable_path/Frameworks @loader_path/Frameworks";
				PRODUCT_BUNDLE_IDENTIFIER = "com.example.-4-5UITests";
				PRODUCT_NAME = "$(TARGET_NAME)";
				SWIFT_VERSION = 4.0;
				TARGETED_DEVICE_FAMILY = "1,2";
				TEST_TARGET_NAME = "14-5";
			};
			name = Debug;
		};
		8BBE258B2020B4DA009E7945 /* Release */ = {
			isa = XCBuildConfiguration;
			buildSettings = {
				ALWAYS_EMBED_SWIFT_STANDARD_LIBRARIES = YES;
				CODE_SIGN_STYLE = Automatic;
				DEVELOPMENT_TEAM = UBZS5QM339;
				INFOPLIST_FILE = "14-5UITests/Info.plist";
				LD_RUNPATH_SEARCH_PATHS = "$(inherited) @executable_path/Frameworks @loader_path/Frameworks";
				PRODUCT_BUNDLE_IDENTIFIER = "com.example.-4-5UITests";
				PRODUCT_NAME = "$(TARGET_NAME)";
				SWIFT_VERSION = 4.0;
				TARGETED_DEVICE_FAMILY = "1,2";
				TEST_TARGET_NAME = "14-5";
			};
			name = Release;
		};
/* End XCBuildConfiguration section */

/* Begin XCConfigurationList section */
		8BBE25562020B4DA009E7945 /* Build configuration list for PBXProject "14-5" */ = {
			isa = XCConfigurationList;
			buildConfigurations = (
				8BBE25812020B4DA009E7945 /* Debug */,
				8BBE25822020B4DA009E7945 /* Release */,
			);
			defaultConfigurationIsVisible = 0;
			defaultConfigurationName = Release;
		};
		8BBE25832020B4DA009E7945 /* Build configuration list for PBXNativeTarget "14-5" */ = {
			isa = XCConfigurationList;
			buildConfigurations = (
				8BBE25842020B4DA009E7945 /* Debug */,
				8BBE25852020B4DA009E7945 /* Release */,
			);
			defaultConfigurationIsVisible = 0;
			defaultConfigurationName = Release;
		};
		8BBE25862020B4DA009E7945 /* Build configuration list for PBXNativeTarget "14-5Tests" */ = {
			isa = XCConfigurationList;
			buildConfigurations = (
				8BBE25872020B4DA009E7945 /* Debug */,
				8BBE25882020B4DA009E7945 /* Release */,
			);
			defaultConfigurationIsVisible = 0;
			defaultConfigurationName = Release;
		};
		8BBE25892020B4DA009E7945 /* Build configuration list for PBXNativeTarget "14-5UITests" */ = {
			isa = XCConfigurationList;
			buildConfigurations = (
				8BBE258A2020B4DA009E7945 /* Debug */,
				8BBE258B2020B4DA009E7945 /* Release */,
			);
			defaultConfigurationIsVisible = 0;
			defaultConfigurationName = Release;
		};
/* End XCConfigurationList section */
	};
	rootObject = 8BBE25532020B4D9009E7945 /* Project object */;
}
